{
  "version": 4,
  "terraform_version": "1.3.8",
  "serial": 92,
  "lineage": "8e81b619-5c8e-5ade-146b-5514c74205e0",
  "outputs": {
    "collector_ip_address": {
      "value": "34.111.58.56",
      "type": "string"
    }
  },
  "resources": [
    {
      "module": "module.iglu.module.iglu_db",
      "mode": "managed",
      "type": "google_sql_database",
      "name": "db",
      "provider": "provider[\"registry.terraform.io/hashicorp/google\"]",
      "instances": [
        {
          "schema_version": 0,
          "attributes": {
            "charset": "UTF8",
            "collation": "en_US.UTF8",
            "id": "projects/spark-10-v5/instances/sp-iglu-db-de6d57d2/databases/iglu",
            "instance": "sp-iglu-db-de6d57d2",
            "name": "iglu",
            "project": "spark-10-v5",
            "self_link": "https://sqladmin.googleapis.com/sql/v1beta4/projects/spark-10-v5/instances/sp-iglu-db-de6d57d2/databases/iglu",
            "timeouts": null
          },
          "sensitive_attributes": [],
          "private": "eyJlMmJmYjczMC1lY2FhLTExZTYtOGY4OC0zNDM2M2JjN2M0YzAiOnsiY3JlYXRlIjo5MDAwMDAwMDAwMDAsImRlbGV0ZSI6NjAwMDAwMDAwMDAwLCJ1cGRhdGUiOjYwMDAwMDAwMDAwMH19",
          "dependencies": [
            "module.iglu.module.iglu_db.google_sql_database_instance.instance",
            "module.iglu.module.iglu_db.random_id.db_name_suffix",
            "module.network.google_compute_network.vpc_network",
            "module.network.google_compute_router.router",
            "module.network.google_compute_router_nat.nat",
            "module.network.google_compute_subnetwork.private",
            "module.network.google_compute_subnetwork.public"
          ],
          "create_before_destroy": true
        }
      ]
    },
    {
      "module": "module.iglu.module.iglu_db",
      "mode": "managed",
      "type": "google_sql_database_instance",
      "name": "instance",
      "provider": "provider[\"registry.terraform.io/hashicorp/google\"]",
      "instances": [
        {
          "schema_version": 0,
          "attributes": {
            "clone": [],
            "connection_name": "spark-10-v5:europe-west3:sp-iglu-db-de6d57d2",
            "database_version": "POSTGRES_9_6",
            "deletion_protection": false,
            "first_ip_address": "35.234.75.1",
            "id": "sp-iglu-db-de6d57d2",
            "ip_address": [
              {
                "ip_address": "35.234.75.1",
                "time_to_retire": "",
                "type": "PRIMARY"
              }
            ],
            "master_instance_name": "",
            "name": "sp-iglu-db-de6d57d2",
            "private_ip_address": "",
            "project": "spark-10-v5",
            "public_ip_address": "35.234.75.1",
            "region": "europe-west3",
            "replica_configuration": [],
            "restore_backup_context": [],
            "root_password": null,
            "self_link": "https://sqladmin.googleapis.com/sql/v1beta4/projects/spark-10-v5/instances/sp-iglu-db-de6d57d2",
            "server_ca_cert": [
              {
                "cert": "-----BEGIN CERTIFICATE-----\nMIIDfzCCAmegAwIBAgIBADANBgkqhkiG9w0BAQsFADB3MS0wKwYDVQQuEyRiMjJm\nNzA4NS05Mzk3LTQ0ZjctYjZlYS0wODY1YTVhZjY2NmUxIzAhBgNVBAMTGkdvb2ds\nZSBDbG91ZCBTUUwgU2VydmVyIENBMRQwEgYDVQQKEwtHb29nbGUsIEluYzELMAkG\nA1UEBhMCVVMwHhcNMjMwMjE2MjIzMTA1WhcNMzMwMjEzMjIzMjA1WjB3MS0wKwYD\nVQQuEyRiMjJmNzA4NS05Mzk3LTQ0ZjctYjZlYS0wODY1YTVhZjY2NmUxIzAhBgNV\nBAMTGkdvb2dsZSBDbG91ZCBTUUwgU2VydmVyIENBMRQwEgYDVQQKEwtHb29nbGUs\nIEluYzELMAkGA1UEBhMCVVMwggEiMA0GCSqGSIb3DQEBAQUAA4IBDwAwggEKAoIB\nAQCcNpQz96E66gk0nvNFgFZF0BrgarMC7yPj1PvwhCMSl3gbCLZzu2HnhhoonYmc\njvAD0FkXwjasOaAP8OemWydZq+B+OwQDp985j6iSZmNXgwuWH2AnLzk/hNKJu1gm\ncQaw7w5rKBfKpFemN23RMl3FAIVgo/sJ/rmGFjb3Lh5irHUDsFxxxuZyG0fuk+84\n3tu+nIoEZJ+wmOAvNYOyOTMuaf6FgYnAz9jzOBWTijljvSwWqQHP8Cr2Bfznnyo/\nAgcZ90X22O9ZxJBB1ii1ovXkbk6EePieWlKg8HPGrxzTVCFnbhb1NOmkLkhrVixq\n9nQZmZmZrF8s4nkUnG8zvf1tAgMBAAGjFjAUMBIGA1UdEwEB/wQIMAYBAf8CAQAw\nDQYJKoZIhvcNAQELBQADggEBAF/NOnVqrboWjJA6XQsAfFaXonLa50PSkGG5kciZ\nPyjxRY8Lw4O7t5aabmg7xUnADCxWBJ4l1ezHSIkgPxA4B6Wqd/9rnyv5eo2bJgz6\nHIzTsTm2uVpYgp1CQ/47VdguqID1TfDjQzjHB6mc+WGWgMCtvF1yCQuVn4Ktj+ig\n4d1Ci+nlBOdsxqIjJLknJFxZFus4YaWulGd+CeY26kqKYZHi+Z9gpCV7UIwaX+uh\n/8XFTYXftco3jkQlieFVfjofyqceq7VKqCQPS4zx0+tNcJbd9CS3Prv8Smfaj3ML\np1881Xpp3uAJsblsPa55fq/N+Q6VTQ9rwj+k2PfmC9ztRjE=\n-----END CERTIFICATE-----",
                "common_name": "C=US,O=Google\\, Inc,CN=Google Cloud SQL Server CA,dnQualifier=b22f7085-9397-44f7-b6ea-0865a5af666e",
                "create_time": "2023-02-16T22:31:05.497Z",
                "expiration_time": "2033-02-13T22:32:05.497Z",
                "sha1_fingerprint": "35ca8eeefa28cdfe188f429b0a564ef90396c958"
              }
            ],
            "service_account_email_address": "p241253544450-cpy360@gcp-sa-cloud-sql.iam.gserviceaccount.com",
            "settings": [
              {
                "activation_policy": "ALWAYS",
                "authorized_gae_applications": [],
                "availability_type": "REGIONAL",
                "backup_configuration": [
                  {
                    "backup_retention_settings": [
                      {
                        "retained_backups": 7,
                        "retention_unit": "COUNT"
                      }
                    ],
                    "binary_log_enabled": false,
                    "enabled": true,
                    "location": "",
                    "point_in_time_recovery_enabled": false,
                    "start_time": "01:00",
                    "transaction_log_retention_days": 7
                  }
                ],
                "collation": "",
                "crash_safe_replication": false,
                "database_flags": [],
                "disk_autoresize": true,
                "disk_autoresize_limit": 0,
                "disk_size": 10,
                "disk_type": "PD_SSD",
                "insights_config": [],
                "ip_configuration": [
                  {
                    "authorized_networks": [],
                    "ipv4_enabled": true,
                    "private_network": "",
                    "require_ssl": false
                  }
                ],
                "location_preference": [
                  {
                    "follow_gae_application": "",
                    "zone": "europe-west3-b"
                  }
                ],
                "maintenance_window": [],
                "pricing_plan": "PER_USE",
                "replication_type": "SYNCHRONOUS",
                "tier": "db-f1-micro",
                "user_labels": {},
                "version": 4
              }
            ],
            "timeouts": {
              "create": "60m",
              "delete": "60m",
              "update": "30m"
            }
          },
          "sensitive_attributes": [],
          "private": "eyJlMmJmYjczMC1lY2FhLTExZTYtOGY4OC0zNDM2M2JjN2M0YzAiOnsiY3JlYXRlIjozNjAwMDAwMDAwMDAwLCJkZWxldGUiOjM2MDAwMDAwMDAwMDAsInVwZGF0ZSI6MTgwMDAwMDAwMDAwMH19",
          "dependencies": [
            "module.iglu.module.iglu_db.random_id.db_name_suffix",
            "module.network.google_compute_network.vpc_network",
            "module.network.google_compute_router.router",
            "module.network.google_compute_router_nat.nat",
            "module.network.google_compute_subnetwork.private",
            "module.network.google_compute_subnetwork.public"
          ],
          "create_before_destroy": true
        }
      ]
    },
    {
      "module": "module.iglu.module.iglu_db",
      "mode": "managed",
      "type": "google_sql_user",
      "name": "user",
      "provider": "provider[\"registry.terraform.io/hashicorp/google\"]",
      "instances": [
        {
          "schema_version": 1,
          "attributes": {
            "deletion_policy": null,
            "host": "",
            "id": "iglu//sp-iglu-db-de6d57d2",
            "instance": "sp-iglu-db-de6d57d2",
            "name": "iglu",
            "password": "Hell0W0rld!",
            "project": "spark-10-v5",
            "timeouts": null,
            "type": ""
          },
          "sensitive_attributes": [
            [
              {
                "type": "get_attr",
                "value": "password"
              }
            ]
          ],
          "private": "eyJlMmJmYjczMC1lY2FhLTExZTYtOGY4OC0zNDM2M2JjN2M0YzAiOnsiY3JlYXRlIjo2MDAwMDAwMDAwMDAsImRlbGV0ZSI6NjAwMDAwMDAwMDAwLCJ1cGRhdGUiOjYwMDAwMDAwMDAwMH0sInNjaGVtYV92ZXJzaW9uIjoiMSJ9",
          "dependencies": [
            "module.iglu.module.iglu_db.google_sql_database_instance.instance",
            "module.iglu.module.iglu_db.random_id.db_name_suffix",
            "module.network.google_compute_network.vpc_network",
            "module.network.google_compute_router.router",
            "module.network.google_compute_router_nat.nat",
            "module.network.google_compute_subnetwork.private",
            "module.network.google_compute_subnetwork.public"
          ],
          "create_before_destroy": true
        }
      ]
    },
    {
      "module": "module.iglu.module.iglu_db",
      "mode": "managed",
      "type": "random_id",
      "name": "db_name_suffix",
      "provider": "provider[\"registry.terraform.io/hashicorp/random\"]",
      "instances": [
        {
          "schema_version": 0,
          "attributes": {
            "b64_std": "3m1X0g==",
            "b64_url": "3m1X0g",
            "byte_length": 4,
            "dec": "3731707858",
            "hex": "de6d57d2",
            "id": "3m1X0g",
            "keepers": null,
            "prefix": null
          },
          "sensitive_attributes": [],
          "private": "bnVsbA==",
          "dependencies": [
            "module.network.google_compute_network.vpc_network",
            "module.network.google_compute_router.router",
            "module.network.google_compute_router_nat.nat",
            "module.network.google_compute_subnetwork.private",
            "module.network.google_compute_subnetwork.public"
          ],
          "create_before_destroy": true
        }
      ]
    },
    {
      "module": "module.iglu.module.iglu_lb",
      "mode": "managed",
      "type": "google_compute_backend_service",
      "name": "lb_backend",
      "provider": "provider[\"registry.terraform.io/hashicorp/google\"]",
      "instances": [
        {
          "schema_version": 1,
          "attributes": {
            "affinity_cookie_ttl_sec": 0,
            "backend": [
              {
                "balancing_mode": "UTILIZATION",
                "capacity_scaler": 1,
                "description": "",
                "group": "https://www.googleapis.com/compute/v1/projects/spark-10-v5/regions/europe-west3/instanceGroups/sp-iglu-server-grp",
                "max_connections": 0,
                "max_connections_per_endpoint": 0,
                "max_connections_per_instance": 0,
                "max_rate": 0,
                "max_rate_per_endpoint": 0,
                "max_rate_per_instance": 0,
                "max_utilization": 0
              }
            ],
            "cdn_policy": [],
            "circuit_breakers": [],
            "connection_draining_timeout_sec": 300,
            "consistent_hash": [],
            "creation_timestamp": "2023-02-16T14:44:30.146-08:00",
            "custom_request_headers": [],
            "custom_response_headers": [],
            "description": "",
            "enable_cdn": false,
            "fingerprint": "yZuusQ-2M2w=",
            "health_checks": [
              "https://www.googleapis.com/compute/v1/projects/spark-10-v5/global/healthChecks/sp-iglu-server"
            ],
            "iap": [],
            "id": "projects/spark-10-v5/global/backendServices/sp-iglu-lb",
            "load_balancing_scheme": "EXTERNAL",
            "locality_lb_policy": "",
            "log_config": [],
            "name": "sp-iglu-lb",
            "outlier_detection": [],
            "port_name": "http",
            "project": "spark-10-v5",
            "protocol": "HTTP",
            "security_policy": "",
            "self_link": "https://www.googleapis.com/compute/v1/projects/spark-10-v5/global/backendServices/sp-iglu-lb",
            "session_affinity": "NONE",
            "timeout_sec": 60,
            "timeouts": null
          },
          "sensitive_attributes": [],
          "private": "eyJlMmJmYjczMC1lY2FhLTExZTYtOGY4OC0zNDM2M2JjN2M0YzAiOnsiY3JlYXRlIjoyNDAwMDAwMDAwMDAsImRlbGV0ZSI6MjQwMDAwMDAwMDAwLCJ1cGRhdGUiOjI0MDAwMDAwMDAwMH0sInNjaGVtYV92ZXJzaW9uIjoiMSJ9",
          "dependencies": [
            "module.iglu.module.iglu_db.google_sql_database_instance.instance",
            "module.iglu.module.iglu_db.random_id.db_name_suffix",
            "module.iglu.module.iglu_server.data.google_compute_image.ubuntu_20_04",
            "module.iglu.module.iglu_server.google_compute_firewall.ingress",
            "module.iglu.module.iglu_server.google_compute_health_check.hc",
            "module.iglu.module.iglu_server.google_compute_instance_template.tpl",
            "module.iglu.module.iglu_server.google_compute_region_instance_group_manager.grp",
            "module.iglu.module.iglu_server.google_service_account.sa",
            "module.iglu.module.iglu_server.module.telemetry.random_id.auto_generated_id",
            "module.iglu.module.iglu_server.module.telemetry.snowplow_track_self_describing_event.telemetry",
            "module.network.google_compute_network.vpc_network",
            "module.network.google_compute_router.router",
            "module.network.google_compute_router_nat.nat",
            "module.network.google_compute_subnetwork.private",
            "module.network.google_compute_subnetwork.public"
          ],
          "create_before_destroy": true
        }
      ]
    },
    {
      "module": "module.iglu.module.iglu_lb",
      "mode": "managed",
      "type": "google_compute_global_address",
      "name": "ip",
      "provider": "provider[\"registry.terraform.io/hashicorp/google\"]",
      "instances": [
        {
          "schema_version": 0,
          "attributes": {
            "address": "34.149.172.27",
            "address_type": "EXTERNAL",
            "creation_timestamp": "2023-02-16T14:28:37.198-08:00",
            "description": "",
            "id": "projects/spark-10-v5/global/addresses/sp-iglu-lb",
            "ip_version": "",
            "name": "sp-iglu-lb",
            "network": "",
            "prefix_length": 0,
            "project": "spark-10-v5",
            "purpose": "",
            "self_link": "https://www.googleapis.com/compute/v1/projects/spark-10-v5/global/addresses/sp-iglu-lb",
            "timeouts": null
          },
          "sensitive_attributes": [],
          "private": "eyJlMmJmYjczMC1lY2FhLTExZTYtOGY4OC0zNDM2M2JjN2M0YzAiOnsiY3JlYXRlIjoyNDAwMDAwMDAwMDAsImRlbGV0ZSI6MjQwMDAwMDAwMDAwfX0=",
          "dependencies": [
            "module.network.google_compute_network.vpc_network",
            "module.network.google_compute_router.router",
            "module.network.google_compute_router_nat.nat",
            "module.network.google_compute_subnetwork.private",
            "module.network.google_compute_subnetwork.public"
          ],
          "create_before_destroy": true
        }
      ]
    },
    {
      "module": "module.iglu.module.iglu_lb",
      "mode": "managed",
      "type": "google_compute_global_forwarding_rule",
      "name": "lb_http_forwarding_rule",
      "provider": "provider[\"registry.terraform.io/hashicorp/google\"]",
      "instances": [
        {
          "schema_version": 0,
          "attributes": {
            "description": "",
            "id": "projects/spark-10-v5/global/forwardingRules/sp-iglu-lb-http-frontend",
            "ip_address": "34.149.172.27",
            "ip_protocol": "TCP",
            "ip_version": "",
            "label_fingerprint": "42WmSpB8rSM=",
            "labels": {},
            "load_balancing_scheme": "EXTERNAL",
            "metadata_filters": [],
            "name": "sp-iglu-lb-http-frontend",
            "network": "",
            "port_range": "80",
            "project": "spark-10-v5",
            "self_link": "https://www.googleapis.com/compute/v1/projects/spark-10-v5/global/forwardingRules/sp-iglu-lb-http-frontend",
            "target": "https://www.googleapis.com/compute/v1/projects/spark-10-v5/global/targetHttpProxies/sp-iglu-lb-http-proxy",
            "timeouts": null
          },
          "sensitive_attributes": [],
          "private": "eyJlMmJmYjczMC1lY2FhLTExZTYtOGY4OC0zNDM2M2JjN2M0YzAiOnsiY3JlYXRlIjo2MDAwMDAwMDAwMDAsImRlbGV0ZSI6NjAwMDAwMDAwMDAwLCJ1cGRhdGUiOjYwMDAwMDAwMDAwMH19",
          "dependencies": [
            "module.iglu.module.iglu_db.google_sql_database_instance.instance",
            "module.iglu.module.iglu_db.random_id.db_name_suffix",
            "module.iglu.module.iglu_lb.google_compute_backend_service.lb_backend",
            "module.iglu.module.iglu_lb.google_compute_global_address.ip",
            "module.iglu.module.iglu_lb.google_compute_target_http_proxy.lb_target_http_proxy",
            "module.iglu.module.iglu_lb.google_compute_url_map.lb_url_map",
            "module.iglu.module.iglu_server.data.google_compute_image.ubuntu_20_04",
            "module.iglu.module.iglu_server.google_compute_firewall.ingress",
            "module.iglu.module.iglu_server.google_compute_health_check.hc",
            "module.iglu.module.iglu_server.google_compute_instance_template.tpl",
            "module.iglu.module.iglu_server.google_compute_region_instance_group_manager.grp",
            "module.iglu.module.iglu_server.google_service_account.sa",
            "module.iglu.module.iglu_server.module.telemetry.random_id.auto_generated_id",
            "module.iglu.module.iglu_server.module.telemetry.snowplow_track_self_describing_event.telemetry",
            "module.network.google_compute_network.vpc_network",
            "module.network.google_compute_router.router",
            "module.network.google_compute_router_nat.nat",
            "module.network.google_compute_subnetwork.private",
            "module.network.google_compute_subnetwork.public"
          ],
          "create_before_destroy": true
        }
      ]
    },
    {
      "module": "module.iglu.module.iglu_lb",
      "mode": "managed",
      "type": "google_compute_target_http_proxy",
      "name": "lb_target_http_proxy",
      "provider": "provider[\"registry.terraform.io/hashicorp/google\"]",
      "instances": [
        {
          "schema_version": 0,
          "attributes": {
            "creation_timestamp": "2023-02-16T14:45:13.709-08:00",
            "description": "",
            "id": "projects/spark-10-v5/global/targetHttpProxies/sp-iglu-lb-http-proxy",
            "name": "sp-iglu-lb-http-proxy",
            "project": "spark-10-v5",
            "proxy_bind": false,
            "proxy_id": 6633627925864451862,
            "self_link": "https://www.googleapis.com/compute/v1/projects/spark-10-v5/global/targetHttpProxies/sp-iglu-lb-http-proxy",
            "timeouts": null,
            "url_map": "https://www.googleapis.com/compute/v1/projects/spark-10-v5/global/urlMaps/sp-iglu-lb"
          },
          "sensitive_attributes": [],
          "private": "eyJlMmJmYjczMC1lY2FhLTExZTYtOGY4OC0zNDM2M2JjN2M0YzAiOnsiY3JlYXRlIjoyNDAwMDAwMDAwMDAsImRlbGV0ZSI6MjQwMDAwMDAwMDAwLCJ1cGRhdGUiOjI0MDAwMDAwMDAwMH19",
          "dependencies": [
            "module.iglu.module.iglu_db.google_sql_database_instance.instance",
            "module.iglu.module.iglu_db.random_id.db_name_suffix",
            "module.iglu.module.iglu_lb.google_compute_backend_service.lb_backend",
            "module.iglu.module.iglu_lb.google_compute_url_map.lb_url_map",
            "module.iglu.module.iglu_server.data.google_compute_image.ubuntu_20_04",
            "module.iglu.module.iglu_server.google_compute_firewall.ingress",
            "module.iglu.module.iglu_server.google_compute_health_check.hc",
            "module.iglu.module.iglu_server.google_compute_instance_template.tpl",
            "module.iglu.module.iglu_server.google_compute_region_instance_group_manager.grp",
            "module.iglu.module.iglu_server.google_service_account.sa",
            "module.iglu.module.iglu_server.module.telemetry.random_id.auto_generated_id",
            "module.iglu.module.iglu_server.module.telemetry.snowplow_track_self_describing_event.telemetry",
            "module.network.google_compute_network.vpc_network",
            "module.network.google_compute_router.router",
            "module.network.google_compute_router_nat.nat",
            "module.network.google_compute_subnetwork.private",
            "module.network.google_compute_subnetwork.public"
          ],
          "create_before_destroy": true
        }
      ]
    },
    {
      "module": "module.iglu.module.iglu_lb",
      "mode": "managed",
      "type": "google_compute_url_map",
      "name": "lb_url_map",
      "provider": "provider[\"registry.terraform.io/hashicorp/google\"]",
      "instances": [
        {
          "schema_version": 0,
          "attributes": {
            "creation_timestamp": "2023-02-16T14:45:02.024-08:00",
            "default_route_action": [],
            "default_service": "https://www.googleapis.com/compute/v1/projects/spark-10-v5/global/backendServices/sp-iglu-lb",
            "default_url_redirect": [],
            "description": "",
            "fingerprint": "jj6AXGlwT_8=",
            "header_action": [],
            "host_rule": [],
            "id": "projects/spark-10-v5/global/urlMaps/sp-iglu-lb",
            "map_id": 6327597255322963713,
            "name": "sp-iglu-lb",
            "path_matcher": [],
            "project": "spark-10-v5",
            "self_link": "https://www.googleapis.com/compute/v1/projects/spark-10-v5/global/urlMaps/sp-iglu-lb",
            "test": [],
            "timeouts": null
          },
          "sensitive_attributes": [],
          "private": "eyJlMmJmYjczMC1lY2FhLTExZTYtOGY4OC0zNDM2M2JjN2M0YzAiOnsiY3JlYXRlIjoyNDAwMDAwMDAwMDAsImRlbGV0ZSI6MjQwMDAwMDAwMDAwLCJ1cGRhdGUiOjI0MDAwMDAwMDAwMH19",
          "dependencies": [
            "module.iglu.module.iglu_db.google_sql_database_instance.instance",
            "module.iglu.module.iglu_db.random_id.db_name_suffix",
            "module.iglu.module.iglu_lb.google_compute_backend_service.lb_backend",
            "module.iglu.module.iglu_server.data.google_compute_image.ubuntu_20_04",
            "module.iglu.module.iglu_server.google_compute_firewall.ingress",
            "module.iglu.module.iglu_server.google_compute_health_check.hc",
            "module.iglu.module.iglu_server.google_compute_instance_template.tpl",
            "module.iglu.module.iglu_server.google_compute_region_instance_group_manager.grp",
            "module.iglu.module.iglu_server.google_service_account.sa",
            "module.iglu.module.iglu_server.module.telemetry.random_id.auto_generated_id",
            "module.iglu.module.iglu_server.module.telemetry.snowplow_track_self_describing_event.telemetry",
            "module.network.google_compute_network.vpc_network",
            "module.network.google_compute_router.router",
            "module.network.google_compute_router_nat.nat",
            "module.network.google_compute_subnetwork.private",
            "module.network.google_compute_subnetwork.public"
          ],
          "create_before_destroy": true
        }
      ]
    },
    {
      "module": "module.iglu.module.iglu_server",
      "mode": "managed",
      "type": "google_compute_firewall",
      "name": "egress",
      "provider": "provider[\"registry.terraform.io/hashicorp/google\"]",
      "instances": [
        {
          "schema_version": 1,
          "attributes": {
            "allow": [
              {
                "ports": [
                  "123"
                ],
                "protocol": "udp"
              },
              {
                "ports": [
                  "80",
                  "443",
                  "5432"
                ],
                "protocol": "tcp"
              }
            ],
            "creation_timestamp": "2023-02-16T14:28:37.195-08:00",
            "deny": [],
            "description": "",
            "destination_ranges": [
              "0.0.0.0/0"
            ],
            "direction": "EGRESS",
            "disabled": false,
            "enable_logging": null,
            "id": "projects/spark-10-v5/global/firewalls/sp-iglu-server-traffic-out",
            "log_config": [],
            "name": "sp-iglu-server-traffic-out",
            "network": "https://www.googleapis.com/compute/v1/projects/spark-10-v5/global/networks/terraform-network",
            "priority": 1000,
            "project": "spark-10-v5",
            "self_link": "https://www.googleapis.com/compute/v1/projects/spark-10-v5/global/firewalls/sp-iglu-server-traffic-out",
            "source_ranges": [],
            "source_service_accounts": [],
            "source_tags": [],
            "target_service_accounts": [],
            "target_tags": [
              "sp-iglu-server"
            ],
            "timeouts": null
          },
          "sensitive_attributes": [],
          "private": "eyJlMmJmYjczMC1lY2FhLTExZTYtOGY4OC0zNDM2M2JjN2M0YzAiOnsiY3JlYXRlIjoyNDAwMDAwMDAwMDAsImRlbGV0ZSI6MjQwMDAwMDAwMDAwLCJ1cGRhdGUiOjI0MDAwMDAwMDAwMH0sInNjaGVtYV92ZXJzaW9uIjoiMSJ9",
          "dependencies": [
            "module.network.google_compute_network.vpc_network",
            "module.network.google_compute_router.router",
            "module.network.google_compute_router_nat.nat",
            "module.network.google_compute_subnetwork.private",
            "module.network.google_compute_subnetwork.public"
          ],
          "create_before_destroy": true
        }
      ]
    },
    {
      "module": "module.iglu.module.iglu_server",
      "mode": "managed",
      "type": "google_compute_firewall",
      "name": "ingress",
      "provider": "provider[\"registry.terraform.io/hashicorp/google\"]",
      "instances": [
        {
          "schema_version": 1,
          "attributes": {
            "allow": [
              {
                "ports": [
                  "8080"
                ],
                "protocol": "tcp"
              }
            ],
            "creation_timestamp": "2023-02-16T14:28:37.343-08:00",
            "deny": [],
            "description": "",
            "destination_ranges": [],
            "direction": "INGRESS",
            "disabled": false,
            "enable_logging": null,
            "id": "projects/spark-10-v5/global/firewalls/sp-iglu-server-traffic-in",
            "log_config": [],
            "name": "sp-iglu-server-traffic-in",
            "network": "https://www.googleapis.com/compute/v1/projects/spark-10-v5/global/networks/terraform-network",
            "priority": 1000,
            "project": "spark-10-v5",
            "self_link": "https://www.googleapis.com/compute/v1/projects/spark-10-v5/global/firewalls/sp-iglu-server-traffic-in",
            "source_ranges": [
              "130.211.0.0/22",
              "35.191.0.0/16"
            ],
            "source_service_accounts": [],
            "source_tags": [],
            "target_service_accounts": [],
            "target_tags": [
              "sp-iglu-server"
            ],
            "timeouts": null
          },
          "sensitive_attributes": [],
          "private": "eyJlMmJmYjczMC1lY2FhLTExZTYtOGY4OC0zNDM2M2JjN2M0YzAiOnsiY3JlYXRlIjoyNDAwMDAwMDAwMDAsImRlbGV0ZSI6MjQwMDAwMDAwMDAwLCJ1cGRhdGUiOjI0MDAwMDAwMDAwMH0sInNjaGVtYV92ZXJzaW9uIjoiMSJ9",
          "dependencies": [
            "module.network.google_compute_network.vpc_network",
            "module.network.google_compute_router.router",
            "module.network.google_compute_router_nat.nat",
            "module.network.google_compute_subnetwork.private",
            "module.network.google_compute_subnetwork.public"
          ],
          "create_before_destroy": true
        }
      ]
    },
    {
      "module": "module.iglu.module.iglu_server",
      "mode": "managed",
      "type": "google_compute_firewall",
      "name": "ingress_ssh",
      "provider": "provider[\"registry.terraform.io/hashicorp/google\"]",
      "instances": [
        {
          "schema_version": 1,
          "attributes": {
            "allow": [
              {
                "ports": [
                  "22"
                ],
                "protocol": "tcp"
              }
            ],
            "creation_timestamp": "2023-02-16T14:28:37.222-08:00",
            "deny": [],
            "description": "",
            "destination_ranges": [],
            "direction": "INGRESS",
            "disabled": false,
            "enable_logging": null,
            "id": "projects/spark-10-v5/global/firewalls/sp-iglu-server-ssh-in",
            "log_config": [],
            "name": "sp-iglu-server-ssh-in",
            "network": "https://www.googleapis.com/compute/v1/projects/spark-10-v5/global/networks/terraform-network",
            "priority": 1000,
            "project": "spark-10-v5",
            "self_link": "https://www.googleapis.com/compute/v1/projects/spark-10-v5/global/firewalls/sp-iglu-server-ssh-in",
            "source_ranges": [
              "165.225.241.67/32",
              "80.113.68.61/32"
            ],
            "source_service_accounts": [],
            "source_tags": [],
            "target_service_accounts": [],
            "target_tags": [
              "sp-iglu-server"
            ],
            "timeouts": null
          },
          "sensitive_attributes": [],
          "private": "eyJlMmJmYjczMC1lY2FhLTExZTYtOGY4OC0zNDM2M2JjN2M0YzAiOnsiY3JlYXRlIjoyNDAwMDAwMDAwMDAsImRlbGV0ZSI6MjQwMDAwMDAwMDAwLCJ1cGRhdGUiOjI0MDAwMDAwMDAwMH0sInNjaGVtYV92ZXJzaW9uIjoiMSJ9",
          "dependencies": [
            "module.network.google_compute_network.vpc_network",
            "module.network.google_compute_router.router",
            "module.network.google_compute_router_nat.nat",
            "module.network.google_compute_subnetwork.private",
            "module.network.google_compute_subnetwork.public"
          ],
          "create_before_destroy": true
        }
      ]
    },
    {
      "module": "module.iglu.module.iglu_server",
      "mode": "managed",
      "type": "google_compute_health_check",
      "name": "hc",
      "provider": "provider[\"registry.terraform.io/hashicorp/google\"]",
      "instances": [
        {
          "schema_version": 0,
          "attributes": {
            "check_interval_sec": 5,
            "creation_timestamp": "2023-02-16T14:28:37.189-08:00",
            "description": "",
            "grpc_health_check": [],
            "healthy_threshold": 2,
            "http2_health_check": [],
            "http_health_check": [
              {
                "host": "",
                "port": 8080,
                "port_name": "",
                "port_specification": "",
                "proxy_header": "NONE",
                "request_path": "/api/meta/health",
                "response": ""
              }
            ],
            "https_health_check": [],
            "id": "projects/spark-10-v5/global/healthChecks/sp-iglu-server",
            "log_config": [
              {
                "enable": false
              }
            ],
            "name": "sp-iglu-server",
            "project": "spark-10-v5",
            "self_link": "https://www.googleapis.com/compute/v1/projects/spark-10-v5/global/healthChecks/sp-iglu-server",
            "ssl_health_check": [],
            "tcp_health_check": [],
            "timeout_sec": 5,
            "timeouts": null,
            "type": "HTTP",
            "unhealthy_threshold": 10
          },
          "sensitive_attributes": [],
          "private": "eyJlMmJmYjczMC1lY2FhLTExZTYtOGY4OC0zNDM2M2JjN2M0YzAiOnsiY3JlYXRlIjoyNDAwMDAwMDAwMDAsImRlbGV0ZSI6MjQwMDAwMDAwMDAwLCJ1cGRhdGUiOjI0MDAwMDAwMDAwMH19",
          "dependencies": [
            "module.network.google_compute_network.vpc_network",
            "module.network.google_compute_router.router",
            "module.network.google_compute_router_nat.nat",
            "module.network.google_compute_subnetwork.private",
            "module.network.google_compute_subnetwork.public"
          ],
          "create_before_destroy": true
        }
      ]
    },
    {
      "module": "module.iglu.module.iglu_server",
      "mode": "managed",
      "type": "google_compute_instance_template",
      "name": "tpl",
      "provider": "provider[\"registry.terraform.io/hashicorp/google\"]",
      "instances": [
        {
          "schema_version": 1,
          "attributes": {
            "advanced_machine_features": [],
            "can_ip_forward": false,
            "confidential_instance_config": [],
            "description": "This template is used to create Iglu Server instances",
            "disk": [
              {
                "auto_delete": true,
                "boot": true,
                "device_name": "persistent-disk-0",
                "disk_encryption_key": [],
                "disk_name": "",
                "disk_size_gb": 10,
                "disk_type": "pd-standard",
                "interface": "SCSI",
                "labels": {},
                "mode": "READ_WRITE",
                "resource_policies": [],
                "source": "",
                "source_image": "projects/ubuntu-os-cloud/global/images/ubuntu-2004-focal-v20230213",
                "type": "PERSISTENT"
              }
            ],
            "enable_display": null,
            "guest_accelerator": [],
            "id": "projects/spark-10-v5/global/instanceTemplates/sp-iglu-server-20230216224128335400000001",
            "instance_description": "sp-iglu-server",
            "labels": {
              "app_name": "iglu-server",
              "app_version": "0-8-7",
              "module_name": "iglu-server-ce",
              "module_version": "0-3-2",
              "name": "sp-iglu-server"
            },
            "machine_type": "e2-small",
            "metadata": {
              "block-project-ssh-keys": "true",
              "ssh-keys": "    RGD4594QPT:ssh-rsa AAAAB3NzaC1yc2EAAAADAQABAAACAQC5+Uctxp2Q8xeUTztKpIW3XqMWnmTyHjFZkbmeoQcCTLKtZJ+CLROlutqZWEy19Z1Map2tfXbo3cIghVKDrr7rXV6zM9dgmCQBPvNZivu7H3BpN8qR4h/BSSi4YsSE04+QOApp+OT+D9ToNwtUUPdzisbdgSaeYtZTj8UISsoOCUyNSxrzaJB8ye6+DLkEP5GMsl+VnMxe3VXzMHPioqPl0HDSibRzok8hm0Y8jQOB6r5tkmM4Gs8Zr1hfSIZZFvCA2kP2iS+pyzBslneGNszEepsfIseT+Kybq4RvXBpPg/tZZ/dJhtYcFx+wqQWzP8RHVGmSrwRrcxzgmHaIBbr5Qeh7azhDkPEcRYERVC1b13TPSK77vc19VN+QFAfPG+7PoJ0IsWWQ3ez7CtFKA+sO0SHq9mz89gAq1G7WIm+lPSwDzsValv2osgDn1ehnX5SY4X1B7pjult0qDfpeHMOFfKPeMH6CqNS1awALheWV0qsN7Tn8+5uCmNpLGDIg15jdfV5dpZ0IGhH/lhn9De1sWI4wQcTNCaMmWzb+y7Z8b6tsyz8ZB0wB/2FJCHIyvUpMwFmGyoc4ziPWopb1JNchLem4GogbmFehHyLguc17P8dKKTFxLrIe4X5MYe+j2VjA7gZK6teVFWPqxjWT8xWUp3UkhvEmNV+rwkLp2rQY6w== angelo.rampersad@RGD4594QPT\n"
            },
            "metadata_fingerprint": "POs6bAFjXTg=",
            "metadata_startup_script": "#!/bin/bash\nset -e -x\n\n# -----------------------------------------------------------------------------\n#  BASE INSTALL\n# -----------------------------------------------------------------------------\n\nreadonly CONFIG_DIR=/opt/snowplow/config\n\nfunction install_base_packages() {\n  sudo apt install wget curl unzip -y\n}\n\nfunction install_docker_ce() {\n  sudo apt install docker.io -y\n  sudo systemctl enable --now docker\n}\n\nsudo apt update -y\n\ninstall_base_packages\ninstall_docker_ce\n\nsudo mkdir -p ${CONFIG_DIR}\nsudo cat \u003c\u003c EOF \u003e ${CONFIG_DIR}/iglu-server.hocon\n{\n  \"repoServer\": {\n    \"interface\": \"0.0.0.0\"\n    \"port\": 8080\n    \"threadPool\": \"cached\"\n    \"maxConnections\": 2048\n  }\n  \"database\": {\n    \"type\": \"postgres\"\n    \"host\": \"127.0.0.1\"\n    \"port\": 5432\n    \"dbname\": \"iglu\"\n    \"username\": \"iglu\"\n    \"password\": \"Hell0W0rld!\"\n    \"driver\": \"org.postgresql.Driver\"\n    pool: {\n      \"type\": \"hikari\"\n      \"maximumPoolSize\": 5\n      connectionPool: {\n        \"type\": \"fixed\"\n        \"size\": 4\n      }\n      \"transactionPool\": \"cached\"\n    }\n  }\n  \"debug\": false\n  \"patchesAllowed\": true\n  \"superApiKey\": \"79f19b6d-88f2-4a94-8f58-7e1e0d5cf65b\"\n}\n\nEOF\n\n# Setup the proxy service\nsudo docker run \\\n  -d \\\n  --name cloud-sql-proxy \\\n  --restart always \\\n  --network host \\\n  --log-driver gcplogs \\\n  gcr.io/cloudsql-docker/gce-proxy:1.31.2 \\\n  /cloud_sql_proxy -instances=spark-10-v5:europe-west3:sp-iglu-db-de6d57d2=tcp:127.0.0.1:5432\nsleep 5\n\n# Run the server setup\nset +e\nsudo docker run \\\n  --name iglu-server-setup \\\n  --network host \\\n  --log-driver gcplogs \\\n  -v ${CONFIG_DIR}:/snowplow/config \\\n  -e 'JAVA_OPTS=-Dorg.slf4j.simpleLogger.defaultLogLevel=info' \\\n  snowplow/iglu-server:0.8.7 \\\n  setup --config /snowplow/config/iglu-server.hocon\nset -e\n\n# Launch the server\nsudo docker run \\\n  -d \\\n  --name iglu-server \\\n  --restart always \\\n  --network host \\\n  --log-driver gcplogs \\\n  -v ${CONFIG_DIR}:/snowplow/config \\\n  -p 8080:8080 \\\n  -e 'JAVA_OPTS=-Dorg.slf4j.simpleLogger.defaultLogLevel=info' \\\n  snowplow/iglu-server:0.8.7 \\\n  --config /snowplow/config/iglu-server.hocon\n\n\n",
            "min_cpu_platform": "",
            "name": "sp-iglu-server-20230216224128335400000001",
            "name_prefix": "sp-iglu-server-",
            "network_interface": [
              {
                "access_config": [],
                "alias_ip_range": [],
                "ipv6_access_config": [],
                "ipv6_access_type": "",
                "name": "nic0",
                "network": "https://www.googleapis.com/compute/v1/projects/spark-10-v5/global/networks/terraform-network",
                "network_ip": "",
                "nic_type": "",
                "stack_type": "",
                "subnetwork": "https://www.googleapis.com/compute/v1/projects/spark-10-v5/regions/europe-west3/subnetworks/terraform-private",
                "subnetwork_project": "spark-10-v5"
              }
            ],
            "project": "spark-10-v5",
            "region": "europe-west3",
            "reservation_affinity": [],
            "scheduling": [
              {
                "automatic_restart": true,
                "min_node_cpus": 0,
                "node_affinities": [],
                "on_host_maintenance": "MIGRATE",
                "preemptible": false
              }
            ],
            "self_link": "https://www.googleapis.com/compute/beta/projects/spark-10-v5/global/instanceTemplates/sp-iglu-server-20230216224128335400000001",
            "service_account": [
              {
                "email": "sp-iglu-server@spark-10-v5.iam.gserviceaccount.com",
                "scopes": [
                  "https://www.googleapis.com/auth/cloud-platform"
                ]
              }
            ],
            "shielded_instance_config": [],
            "tags": [
              "sp-iglu-server"
            ],
            "tags_fingerprint": "",
            "timeouts": null
          },
          "sensitive_attributes": [
            [
              {
                "type": "get_attr",
                "value": "metadata_startup_script"
              }
            ]
          ],
          "private": "eyJlMmJmYjczMC1lY2FhLTExZTYtOGY4OC0zNDM2M2JjN2M0YzAiOnsiY3JlYXRlIjoyNDAwMDAwMDAwMDAsImRlbGV0ZSI6MjQwMDAwMDAwMDAwfSwic2NoZW1hX3ZlcnNpb24iOiIxIn0=",
          "dependencies": [
            "module.iglu.module.iglu_db.google_sql_database_instance.instance",
            "module.iglu.module.iglu_db.random_id.db_name_suffix",
            "module.iglu.module.iglu_server.data.google_compute_image.ubuntu_20_04",
            "module.iglu.module.iglu_server.google_service_account.sa",
            "module.iglu.module.iglu_server.module.telemetry.random_id.auto_generated_id",
            "module.iglu.module.iglu_server.module.telemetry.snowplow_track_self_describing_event.telemetry",
            "module.network.google_compute_network.vpc_network",
            "module.network.google_compute_router.router",
            "module.network.google_compute_router_nat.nat",
            "module.network.google_compute_subnetwork.private",
            "module.network.google_compute_subnetwork.public"
          ],
          "create_before_destroy": true
        }
      ]
    },
    {
      "module": "module.iglu.module.iglu_server",
      "mode": "managed",
      "type": "google_compute_region_instance_group_manager",
      "name": "grp",
      "provider": "provider[\"registry.terraform.io/hashicorp/google\"]",
      "instances": [
        {
          "schema_version": 0,
          "attributes": {
            "auto_healing_policies": [
              {
                "health_check": "https://www.googleapis.com/compute/beta/projects/spark-10-v5/global/healthChecks/sp-iglu-server",
                "initial_delay_sec": 300
              }
            ],
            "base_instance_name": "sp-iglu-server",
            "description": "",
            "distribution_policy_target_shape": "EVEN",
            "distribution_policy_zones": [
              "europe-west3-a",
              "europe-west3-b",
              "europe-west3-c"
            ],
            "fingerprint": "U4G9ljsf3Ro=",
            "id": "projects/spark-10-v5/regions/europe-west3/instanceGroupManagers/sp-iglu-server-grp",
            "instance_group": "https://www.googleapis.com/compute/v1/projects/spark-10-v5/regions/europe-west3/instanceGroups/sp-iglu-server-grp",
            "name": "sp-iglu-server-grp",
            "named_port": [
              {
                "name": "http",
                "port": 8080
              }
            ],
            "project": "spark-10-v5",
            "region": "europe-west3",
            "self_link": "https://www.googleapis.com/compute/v1/projects/spark-10-v5/regions/europe-west3/instanceGroupManagers/sp-iglu-server-grp",
            "stateful_disk": [],
            "status": [
              {
                "is_stable": true,
                "stateful": [
                  {
                    "has_stateful_config": false,
                    "per_instance_configs": [
                      {
                        "all_effective": true
                      }
                    ]
                  }
                ],
                "version_target": [
                  {
                    "is_reached": true
                  }
                ]
              }
            ],
            "target_pools": [],
            "target_size": 1,
            "timeouts": {
              "create": "20m",
              "delete": "30m",
              "update": "20m"
            },
            "update_policy": [
              {
                "instance_redistribution_type": "PROACTIVE",
                "max_surge_fixed": 0,
                "max_surge_percent": 0,
                "max_unavailable_fixed": 3,
                "max_unavailable_percent": 0,
                "min_ready_sec": 0,
                "minimal_action": "REPLACE",
                "replacement_method": "SUBSTITUTE",
                "type": "PROACTIVE"
              }
            ],
            "version": [
              {
                "instance_template": "https://www.googleapis.com/compute/v1/projects/spark-10-v5/global/instanceTemplates/sp-iglu-server-20230216224128335400000001",
                "name": "iglu-server-0.8.7",
                "target_size": []
              }
            ],
            "wait_for_instances": true,
            "wait_for_instances_status": "STABLE"
          },
          "sensitive_attributes": [],
          "private": "eyJlMmJmYjczMC1lY2FhLTExZTYtOGY4OC0zNDM2M2JjN2M0YzAiOnsiY3JlYXRlIjoxMjAwMDAwMDAwMDAwLCJkZWxldGUiOjE4MDAwMDAwMDAwMDAsInVwZGF0ZSI6MTIwMDAwMDAwMDAwMH19",
          "dependencies": [
            "module.iglu.module.iglu_db.google_sql_database_instance.instance",
            "module.iglu.module.iglu_db.random_id.db_name_suffix",
            "module.iglu.module.iglu_server.data.google_compute_image.ubuntu_20_04",
            "module.iglu.module.iglu_server.google_compute_firewall.ingress",
            "module.iglu.module.iglu_server.google_compute_health_check.hc",
            "module.iglu.module.iglu_server.google_compute_instance_template.tpl",
            "module.iglu.module.iglu_server.google_service_account.sa",
            "module.iglu.module.iglu_server.module.telemetry.random_id.auto_generated_id",
            "module.iglu.module.iglu_server.module.telemetry.snowplow_track_self_describing_event.telemetry",
            "module.network.google_compute_network.vpc_network",
            "module.network.google_compute_router.router",
            "module.network.google_compute_router_nat.nat",
            "module.network.google_compute_subnetwork.private",
            "module.network.google_compute_subnetwork.public"
          ],
          "create_before_destroy": true
        }
      ]
    },
    {
      "module": "module.iglu.module.iglu_server",
      "mode": "managed",
      "type": "google_project_iam_member",
      "name": "sa_cloud_sql_client",
      "provider": "provider[\"registry.terraform.io/hashicorp/google\"]",
      "instances": [
        {
          "schema_version": 0,
          "attributes": {
            "condition": [],
            "etag": "BwX02PZHNIo=",
            "id": "spark-10-v5/roles/cloudsql.client/serviceAccount:sp-iglu-server@spark-10-v5.iam.gserviceaccount.com",
            "member": "serviceAccount:sp-iglu-server@spark-10-v5.iam.gserviceaccount.com",
            "project": "spark-10-v5",
            "role": "roles/cloudsql.client"
          },
          "sensitive_attributes": [],
          "private": "bnVsbA==",
          "dependencies": [
            "module.iglu.module.iglu_server.google_service_account.sa",
            "module.network.google_compute_network.vpc_network",
            "module.network.google_compute_router.router",
            "module.network.google_compute_router_nat.nat",
            "module.network.google_compute_subnetwork.private",
            "module.network.google_compute_subnetwork.public"
          ],
          "create_before_destroy": true
        }
      ]
    },
    {
      "module": "module.iglu.module.iglu_server",
      "mode": "managed",
      "type": "google_project_iam_member",
      "name": "sa_logging_log_writer",
      "provider": "provider[\"registry.terraform.io/hashicorp/google\"]",
      "instances": [
        {
          "schema_version": 0,
          "attributes": {
            "condition": [],
            "etag": "BwX02PZHNIo=",
            "id": "spark-10-v5/roles/logging.logWriter/serviceAccount:sp-iglu-server@spark-10-v5.iam.gserviceaccount.com",
            "member": "serviceAccount:sp-iglu-server@spark-10-v5.iam.gserviceaccount.com",
            "project": "spark-10-v5",
            "role": "roles/logging.logWriter"
          },
          "sensitive_attributes": [],
          "private": "bnVsbA==",
          "dependencies": [
            "module.iglu.module.iglu_server.google_service_account.sa",
            "module.network.google_compute_network.vpc_network",
            "module.network.google_compute_router.router",
            "module.network.google_compute_router_nat.nat",
            "module.network.google_compute_subnetwork.private",
            "module.network.google_compute_subnetwork.public"
          ],
          "create_before_destroy": true
        }
      ]
    },
    {
      "module": "module.iglu.module.iglu_server",
      "mode": "managed",
      "type": "google_service_account",
      "name": "sa",
      "provider": "provider[\"registry.terraform.io/hashicorp/google\"]",
      "instances": [
        {
          "schema_version": 0,
          "attributes": {
            "account_id": "sp-iglu-server",
            "description": "",
            "disabled": false,
            "display_name": "Snowplow Iglu Server service account - sp-iglu-server",
            "email": "sp-iglu-server@spark-10-v5.iam.gserviceaccount.com",
            "id": "projects/spark-10-v5/serviceAccounts/sp-iglu-server@spark-10-v5.iam.gserviceaccount.com",
            "name": "projects/spark-10-v5/serviceAccounts/sp-iglu-server@spark-10-v5.iam.gserviceaccount.com",
            "project": "spark-10-v5",
            "timeouts": null,
            "unique_id": "108029161304862650283"
          },
          "sensitive_attributes": [],
          "private": "eyJlMmJmYjczMC1lY2FhLTExZTYtOGY4OC0zNDM2M2JjN2M0YzAiOnsiY3JlYXRlIjozMDAwMDAwMDAwMDB9fQ==",
          "dependencies": [
            "module.network.google_compute_network.vpc_network",
            "module.network.google_compute_router.router",
            "module.network.google_compute_router_nat.nat",
            "module.network.google_compute_subnetwork.private",
            "module.network.google_compute_subnetwork.public"
          ],
          "create_before_destroy": true
        }
      ]
    },
    {
      "module": "module.network",
      "mode": "managed",
      "type": "google_compute_network",
      "name": "vpc_network",
      "provider": "provider[\"registry.terraform.io/hashicorp/google\"]",
      "instances": [
        {
          "schema_version": 0,
          "attributes": {
            "auto_create_subnetworks": false,
            "delete_default_routes_on_create": false,
            "description": "",
            "gateway_ipv4": "",
            "id": "projects/spark-10-v5/global/networks/terraform-network",
            "mtu": 0,
            "name": "terraform-network",
            "project": "spark-10-v5",
            "routing_mode": "REGIONAL",
            "self_link": "https://www.googleapis.com/compute/v1/projects/spark-10-v5/global/networks/terraform-network",
            "timeouts": null
          },
          "sensitive_attributes": [],
          "private": "eyJlMmJmYjczMC1lY2FhLTExZTYtOGY4OC0zNDM2M2JjN2M0YzAiOnsiY3JlYXRlIjoyNDAwMDAwMDAwMDAsImRlbGV0ZSI6MjQwMDAwMDAwMDAwLCJ1cGRhdGUiOjI0MDAwMDAwMDAwMH19",
          "create_before_destroy": true
        }
      ]
    },
    {
      "module": "module.network",
      "mode": "managed",
      "type": "google_compute_router",
      "name": "router",
      "provider": "provider[\"registry.terraform.io/hashicorp/google\"]",
      "instances": [
        {
          "schema_version": 0,
          "attributes": {
            "bgp": [
              {
                "advertise_mode": "CUSTOM",
                "advertised_groups": [],
                "advertised_ip_ranges": [],
                "asn": 64514
              }
            ],
            "creation_timestamp": "2023-02-16T14:28:04.626-08:00",
            "description": "",
            "id": "projects/spark-10-v5/regions/europe-west3/routers/router",
            "name": "router",
            "network": "https://www.googleapis.com/compute/v1/projects/spark-10-v5/global/networks/terraform-network",
            "project": "spark-10-v5",
            "region": "europe-west3",
            "self_link": "https://www.googleapis.com/compute/v1/projects/spark-10-v5/regions/europe-west3/routers/router",
            "timeouts": null
          },
          "sensitive_attributes": [],
          "private": "eyJlMmJmYjczMC1lY2FhLTExZTYtOGY4OC0zNDM2M2JjN2M0YzAiOnsiY3JlYXRlIjoyNDAwMDAwMDAwMDAsImRlbGV0ZSI6MjQwMDAwMDAwMDAwLCJ1cGRhdGUiOjI0MDAwMDAwMDAwMH19",
          "dependencies": [
            "module.network.google_compute_network.vpc_network"
          ],
          "create_before_destroy": true
        }
      ]
    },
    {
      "module": "module.network",
      "mode": "managed",
      "type": "google_compute_router_nat",
      "name": "nat",
      "provider": "provider[\"registry.terraform.io/hashicorp/google\"]",
      "instances": [
        {
          "schema_version": 0,
          "attributes": {
            "drain_nat_ips": [],
            "enable_endpoint_independent_mapping": true,
            "icmp_idle_timeout_sec": 30,
            "id": "spark-10-v5/europe-west3/router/nat",
            "log_config": [],
            "min_ports_per_vm": 0,
            "name": "nat",
            "nat_ip_allocate_option": "AUTO_ONLY",
            "nat_ips": [],
            "project": "spark-10-v5",
            "region": "europe-west3",
            "router": "router",
            "source_subnetwork_ip_ranges_to_nat": "LIST_OF_SUBNETWORKS",
            "subnetwork": [
              {
                "name": "https://www.googleapis.com/compute/v1/projects/spark-10-v5/regions/europe-west3/subnetworks/terraform-private",
                "secondary_ip_range_names": [],
                "source_ip_ranges_to_nat": [
                  "ALL_IP_RANGES"
                ]
              }
            ],
            "tcp_established_idle_timeout_sec": 1200,
            "tcp_transitory_idle_timeout_sec": 30,
            "timeouts": null,
            "udp_idle_timeout_sec": 30
          },
          "sensitive_attributes": [],
          "private": "eyJlMmJmYjczMC1lY2FhLTExZTYtOGY4OC0zNDM2M2JjN2M0YzAiOnsiY3JlYXRlIjo2MDAwMDAwMDAwMDAsImRlbGV0ZSI6NjAwMDAwMDAwMDAwLCJ1cGRhdGUiOjYwMDAwMDAwMDAwMH19",
          "dependencies": [
            "module.network.google_compute_network.vpc_network",
            "module.network.google_compute_router.router",
            "module.network.google_compute_subnetwork.private"
          ],
          "create_before_destroy": true
        }
      ]
    },
    {
      "module": "module.network",
      "mode": "managed",
      "type": "google_compute_subnetwork",
      "name": "private",
      "provider": "provider[\"registry.terraform.io/hashicorp/google\"]",
      "instances": [
        {
          "schema_version": 0,
          "attributes": {
            "creation_timestamp": "2023-02-16T14:28:05.208-08:00",
            "description": "",
            "external_ipv6_prefix": "",
            "fingerprint": null,
            "gateway_address": "10.0.1.1",
            "id": "projects/spark-10-v5/regions/europe-west3/subnetworks/terraform-private",
            "ip_cidr_range": "10.0.1.0/24",
            "ipv6_access_type": "",
            "ipv6_cidr_range": "",
            "log_config": [],
            "name": "terraform-private",
            "network": "https://www.googleapis.com/compute/v1/projects/spark-10-v5/global/networks/terraform-network",
            "private_ip_google_access": false,
            "private_ipv6_google_access": "DISABLE_GOOGLE_ACCESS",
            "project": "spark-10-v5",
            "purpose": "PRIVATE",
            "region": "europe-west3",
            "role": "",
            "secondary_ip_range": [],
            "self_link": "https://www.googleapis.com/compute/v1/projects/spark-10-v5/regions/europe-west3/subnetworks/terraform-private",
            "stack_type": "IPV4_ONLY",
            "timeouts": null
          },
          "sensitive_attributes": [],
          "private": "eyJlMmJmYjczMC1lY2FhLTExZTYtOGY4OC0zNDM2M2JjN2M0YzAiOnsiY3JlYXRlIjozNjAwMDAwMDAwMDAsImRlbGV0ZSI6MzYwMDAwMDAwMDAwLCJ1cGRhdGUiOjM2MDAwMDAwMDAwMH19",
          "dependencies": [
            "module.network.google_compute_network.vpc_network"
          ],
          "create_before_destroy": true
        }
      ]
    },
    {
      "module": "module.network",
      "mode": "managed",
      "type": "google_compute_subnetwork",
      "name": "public",
      "provider": "provider[\"registry.terraform.io/hashicorp/google\"]",
      "instances": [
        {
          "schema_version": 0,
          "attributes": {
            "creation_timestamp": "2023-02-16T14:28:06.401-08:00",
            "description": "",
            "external_ipv6_prefix": "",
            "fingerprint": null,
            "gateway_address": "10.0.0.1",
            "id": "projects/spark-10-v5/regions/europe-west3/subnetworks/terraform-public",
            "ip_cidr_range": "10.0.0.0/24",
            "ipv6_access_type": "",
            "ipv6_cidr_range": "",
            "log_config": [],
            "name": "terraform-public",
            "network": "https://www.googleapis.com/compute/v1/projects/spark-10-v5/global/networks/terraform-network",
            "private_ip_google_access": false,
            "private_ipv6_google_access": "DISABLE_GOOGLE_ACCESS",
            "project": "spark-10-v5",
            "purpose": "PRIVATE",
            "region": "europe-west3",
            "role": "",
            "secondary_ip_range": [],
            "self_link": "https://www.googleapis.com/compute/v1/projects/spark-10-v5/regions/europe-west3/subnetworks/terraform-public",
            "stack_type": "IPV4_ONLY",
            "timeouts": null
          },
          "sensitive_attributes": [],
          "private": "eyJlMmJmYjczMC1lY2FhLTExZTYtOGY4OC0zNDM2M2JjN2M0YzAiOnsiY3JlYXRlIjozNjAwMDAwMDAwMDAsImRlbGV0ZSI6MzYwMDAwMDAwMDAwLCJ1cGRhdGUiOjM2MDAwMDAwMDAwMH19",
          "dependencies": [
            "module.network.google_compute_network.vpc_network"
          ],
          "create_before_destroy": true
        }
      ]
    },
    {
      "module": "module.pipeline",
      "mode": "managed",
      "type": "google_bigquery_dataset",
      "name": "bigquery_db",
      "provider": "provider[\"registry.terraform.io/hashicorp/google\"]",
      "instances": [
        {
          "index_key": 0,
          "schema_version": 0,
          "attributes": {
            "access": [
              {
                "domain": "",
                "group_by_email": "",
                "role": "OWNER",
                "special_group": "",
                "user_by_email": "snowplow-admin@spark-10-v5.iam.gserviceaccount.com",
                "view": []
              },
              {
                "domain": "",
                "group_by_email": "",
                "role": "OWNER",
                "special_group": "projectOwners",
                "user_by_email": "",
                "view": []
              },
              {
                "domain": "",
                "group_by_email": "",
                "role": "READER",
                "special_group": "projectReaders",
                "user_by_email": "",
                "view": []
              },
              {
                "domain": "",
                "group_by_email": "",
                "role": "WRITER",
                "special_group": "",
                "user_by_email": "sp-bq-loader-server@spark-10-v5.iam.gserviceaccount.com",
                "view": []
              },
              {
                "domain": "",
                "group_by_email": "",
                "role": "WRITER",
                "special_group": "projectWriters",
                "user_by_email": "",
                "view": []
              }
            ],
            "creation_time": 1676587536712,
            "dataset_id": "sp_pipeline_db",
            "default_encryption_configuration": [],
            "default_partition_expiration_ms": 0,
            "default_table_expiration_ms": 0,
            "delete_contents_on_destroy": false,
            "description": "",
            "etag": "I5clkEzhbBncCDnZDTkF6g==",
            "friendly_name": "",
            "id": "projects/spark-10-v5/datasets/sp_pipeline_db",
            "labels": {},
            "last_modified_time": 1676587563415,
            "location": "europe-west3",
            "project": "spark-10-v5",
            "self_link": "https://bigquery.googleapis.com/bigquery/v2/projects/spark-10-v5/datasets/sp_pipeline_db",
            "timeouts": null
          },
          "sensitive_attributes": [],
          "private": "eyJlMmJmYjczMC1lY2FhLTExZTYtOGY4OC0zNDM2M2JjN2M0YzAiOnsiY3JlYXRlIjoyNDAwMDAwMDAwMDAsImRlbGV0ZSI6MjQwMDAwMDAwMDAwLCJ1cGRhdGUiOjI0MDAwMDAwMDAwMH19",
          "dependencies": [
            "module.iglu.module.iglu_db.google_sql_database.db",
            "module.iglu.module.iglu_db.google_sql_database_instance.instance",
            "module.iglu.module.iglu_db.google_sql_user.user",
            "module.iglu.module.iglu_db.random_id.db_name_suffix",
            "module.iglu.module.iglu_lb.google_compute_backend_service.lb_backend",
            "module.iglu.module.iglu_lb.google_compute_global_address.ip",
            "module.iglu.module.iglu_lb.google_compute_global_forwarding_rule.lb_http_forwarding_rule",
            "module.iglu.module.iglu_lb.google_compute_global_forwarding_rule.lb_https_forwarding_rule",
            "module.iglu.module.iglu_lb.google_compute_ssl_policy.lb_target_https_ssl_policy",
            "module.iglu.module.iglu_lb.google_compute_target_http_proxy.lb_target_http_proxy",
            "module.iglu.module.iglu_lb.google_compute_target_https_proxy.lb_target_https_proxy",
            "module.iglu.module.iglu_lb.google_compute_url_map.lb_url_map",
            "module.iglu.module.iglu_server.data.google_compute_image.ubuntu_20_04",
            "module.iglu.module.iglu_server.google_compute_firewall.egress",
            "module.iglu.module.iglu_server.google_compute_firewall.ingress",
            "module.iglu.module.iglu_server.google_compute_firewall.ingress_ssh",
            "module.iglu.module.iglu_server.google_compute_health_check.hc",
            "module.iglu.module.iglu_server.google_compute_instance_template.tpl",
            "module.iglu.module.iglu_server.google_compute_region_instance_group_manager.grp",
            "module.iglu.module.iglu_server.google_project_iam_member.sa_cloud_sql_client",
            "module.iglu.module.iglu_server.google_project_iam_member.sa_logging_log_writer",
            "module.iglu.module.iglu_server.google_service_account.sa",
            "module.iglu.module.iglu_server.module.telemetry.random_id.auto_generated_id",
            "module.iglu.module.iglu_server.module.telemetry.snowplow_track_self_describing_event.telemetry",
            "module.network.google_compute_network.vpc_network",
            "module.network.google_compute_router.router",
            "module.network.google_compute_router_nat.nat",
            "module.network.google_compute_subnetwork.private",
            "module.network.google_compute_subnetwork.public"
          ],
          "create_before_destroy": true
        }
      ]
    },
    {
      "module": "module.pipeline",
      "mode": "managed",
      "type": "google_storage_bucket",
      "name": "bq_loader_dead_letter_bucket",
      "provider": "provider[\"registry.terraform.io/hashicorp/google\"]",
      "instances": [
        {
          "index_key": 0,
          "schema_version": 0,
          "attributes": {
            "bucket_policy_only": false,
            "cors": [],
            "default_event_based_hold": false,
            "encryption": [],
            "force_destroy": true,
            "id": "sp-bq-loader-dead-letter-spark-10-v5",
            "labels": {},
            "lifecycle_rule": [],
            "location": "EUROPE-WEST3",
            "logging": [],
            "name": "sp-bq-loader-dead-letter-spark-10-v5",
            "project": "spark-10-v5",
            "requester_pays": false,
            "retention_policy": [],
            "self_link": "https://www.googleapis.com/storage/v1/b/sp-bq-loader-dead-letter-spark-10-v5",
            "storage_class": "STANDARD",
            "uniform_bucket_level_access": false,
            "url": "gs://sp-bq-loader-dead-letter-spark-10-v5",
            "versioning": [],
            "website": []
          },
          "sensitive_attributes": [],
          "private": "bnVsbA==",
          "dependencies": [
            "module.iglu.module.iglu_db.google_sql_database.db",
            "module.iglu.module.iglu_db.google_sql_database_instance.instance",
            "module.iglu.module.iglu_db.google_sql_user.user",
            "module.iglu.module.iglu_db.random_id.db_name_suffix",
            "module.iglu.module.iglu_lb.google_compute_backend_service.lb_backend",
            "module.iglu.module.iglu_lb.google_compute_global_address.ip",
            "module.iglu.module.iglu_lb.google_compute_global_forwarding_rule.lb_http_forwarding_rule",
            "module.iglu.module.iglu_lb.google_compute_global_forwarding_rule.lb_https_forwarding_rule",
            "module.iglu.module.iglu_lb.google_compute_ssl_policy.lb_target_https_ssl_policy",
            "module.iglu.module.iglu_lb.google_compute_target_http_proxy.lb_target_http_proxy",
            "module.iglu.module.iglu_lb.google_compute_target_https_proxy.lb_target_https_proxy",
            "module.iglu.module.iglu_lb.google_compute_url_map.lb_url_map",
            "module.iglu.module.iglu_server.data.google_compute_image.ubuntu_20_04",
            "module.iglu.module.iglu_server.google_compute_firewall.egress",
            "module.iglu.module.iglu_server.google_compute_firewall.ingress",
            "module.iglu.module.iglu_server.google_compute_firewall.ingress_ssh",
            "module.iglu.module.iglu_server.google_compute_health_check.hc",
            "module.iglu.module.iglu_server.google_compute_instance_template.tpl",
            "module.iglu.module.iglu_server.google_compute_region_instance_group_manager.grp",
            "module.iglu.module.iglu_server.google_project_iam_member.sa_cloud_sql_client",
            "module.iglu.module.iglu_server.google_project_iam_member.sa_logging_log_writer",
            "module.iglu.module.iglu_server.google_service_account.sa",
            "module.iglu.module.iglu_server.module.telemetry.random_id.auto_generated_id",
            "module.iglu.module.iglu_server.module.telemetry.snowplow_track_self_describing_event.telemetry",
            "module.network.google_compute_network.vpc_network",
            "module.network.google_compute_router.router",
            "module.network.google_compute_router_nat.nat",
            "module.network.google_compute_subnetwork.private",
            "module.network.google_compute_subnetwork.public"
          ],
          "create_before_destroy": true
        }
      ]
    },
    {
      "module": "module.pipeline.module.bad_1_topic",
      "mode": "managed",
      "type": "google_pubsub_topic",
      "name": "topic",
      "provider": "provider[\"registry.terraform.io/hashicorp/google\"]",
      "instances": [
        {
          "schema_version": 0,
          "attributes": {
            "id": "projects/spark-10-v5/topics/sp-bad-1-topic",
            "kms_key_name": "",
            "labels": {},
            "message_storage_policy": [],
            "name": "sp-bad-1-topic",
            "project": "spark-10-v5",
            "schema_settings": [],
            "timeouts": null
          },
          "sensitive_attributes": [],
          "private": "eyJlMmJmYjczMC1lY2FhLTExZTYtOGY4OC0zNDM2M2JjN2M0YzAiOnsiY3JlYXRlIjozNjAwMDAwMDAwMDAsImRlbGV0ZSI6MjQwMDAwMDAwMDAwLCJ1cGRhdGUiOjM2MDAwMDAwMDAwMH19",
          "dependencies": [
            "module.iglu.module.iglu_db.google_sql_database.db",
            "module.iglu.module.iglu_db.google_sql_database_instance.instance",
            "module.iglu.module.iglu_db.google_sql_user.user",
            "module.iglu.module.iglu_db.random_id.db_name_suffix",
            "module.iglu.module.iglu_lb.google_compute_backend_service.lb_backend",
            "module.iglu.module.iglu_lb.google_compute_global_address.ip",
            "module.iglu.module.iglu_lb.google_compute_global_forwarding_rule.lb_http_forwarding_rule",
            "module.iglu.module.iglu_lb.google_compute_global_forwarding_rule.lb_https_forwarding_rule",
            "module.iglu.module.iglu_lb.google_compute_ssl_policy.lb_target_https_ssl_policy",
            "module.iglu.module.iglu_lb.google_compute_target_http_proxy.lb_target_http_proxy",
            "module.iglu.module.iglu_lb.google_compute_target_https_proxy.lb_target_https_proxy",
            "module.iglu.module.iglu_lb.google_compute_url_map.lb_url_map",
            "module.iglu.module.iglu_server.data.google_compute_image.ubuntu_20_04",
            "module.iglu.module.iglu_server.google_compute_firewall.egress",
            "module.iglu.module.iglu_server.google_compute_firewall.ingress",
            "module.iglu.module.iglu_server.google_compute_firewall.ingress_ssh",
            "module.iglu.module.iglu_server.google_compute_health_check.hc",
            "module.iglu.module.iglu_server.google_compute_instance_template.tpl",
            "module.iglu.module.iglu_server.google_compute_region_instance_group_manager.grp",
            "module.iglu.module.iglu_server.google_project_iam_member.sa_cloud_sql_client",
            "module.iglu.module.iglu_server.google_project_iam_member.sa_logging_log_writer",
            "module.iglu.module.iglu_server.google_service_account.sa",
            "module.iglu.module.iglu_server.module.telemetry.random_id.auto_generated_id",
            "module.iglu.module.iglu_server.module.telemetry.snowplow_track_self_describing_event.telemetry",
            "module.network.google_compute_network.vpc_network",
            "module.network.google_compute_router.router",
            "module.network.google_compute_router_nat.nat",
            "module.network.google_compute_subnetwork.private",
            "module.network.google_compute_subnetwork.public"
          ],
          "create_before_destroy": true
        }
      ]
    },
    {
      "module": "module.pipeline.module.bad_rows_topic[0]",
      "mode": "managed",
      "type": "google_pubsub_topic",
      "name": "topic",
      "provider": "provider[\"registry.terraform.io/hashicorp/google\"]",
      "instances": [
        {
          "schema_version": 0,
          "attributes": {
            "id": "projects/spark-10-v5/topics/sp-bq-bad-rows-topic",
            "kms_key_name": "",
            "labels": {},
            "message_storage_policy": [],
            "name": "sp-bq-bad-rows-topic",
            "project": "spark-10-v5",
            "schema_settings": [],
            "timeouts": null
          },
          "sensitive_attributes": [],
          "private": "eyJlMmJmYjczMC1lY2FhLTExZTYtOGY4OC0zNDM2M2JjN2M0YzAiOnsiY3JlYXRlIjozNjAwMDAwMDAwMDAsImRlbGV0ZSI6MjQwMDAwMDAwMDAwLCJ1cGRhdGUiOjM2MDAwMDAwMDAwMH19",
          "dependencies": [
            "module.iglu.module.iglu_db.google_sql_database.db",
            "module.iglu.module.iglu_db.google_sql_database_instance.instance",
            "module.iglu.module.iglu_db.google_sql_user.user",
            "module.iglu.module.iglu_db.random_id.db_name_suffix",
            "module.iglu.module.iglu_lb.google_compute_backend_service.lb_backend",
            "module.iglu.module.iglu_lb.google_compute_global_address.ip",
            "module.iglu.module.iglu_lb.google_compute_global_forwarding_rule.lb_http_forwarding_rule",
            "module.iglu.module.iglu_lb.google_compute_global_forwarding_rule.lb_https_forwarding_rule",
            "module.iglu.module.iglu_lb.google_compute_ssl_policy.lb_target_https_ssl_policy",
            "module.iglu.module.iglu_lb.google_compute_target_http_proxy.lb_target_http_proxy",
            "module.iglu.module.iglu_lb.google_compute_target_https_proxy.lb_target_https_proxy",
            "module.iglu.module.iglu_lb.google_compute_url_map.lb_url_map",
            "module.iglu.module.iglu_server.data.google_compute_image.ubuntu_20_04",
            "module.iglu.module.iglu_server.google_compute_firewall.egress",
            "module.iglu.module.iglu_server.google_compute_firewall.ingress",
            "module.iglu.module.iglu_server.google_compute_firewall.ingress_ssh",
            "module.iglu.module.iglu_server.google_compute_health_check.hc",
            "module.iglu.module.iglu_server.google_compute_instance_template.tpl",
            "module.iglu.module.iglu_server.google_compute_region_instance_group_manager.grp",
            "module.iglu.module.iglu_server.google_project_iam_member.sa_cloud_sql_client",
            "module.iglu.module.iglu_server.google_project_iam_member.sa_logging_log_writer",
            "module.iglu.module.iglu_server.google_service_account.sa",
            "module.iglu.module.iglu_server.module.telemetry.random_id.auto_generated_id",
            "module.iglu.module.iglu_server.module.telemetry.snowplow_track_self_describing_event.telemetry",
            "module.network.google_compute_network.vpc_network",
            "module.network.google_compute_router.router",
            "module.network.google_compute_router_nat.nat",
            "module.network.google_compute_subnetwork.private",
            "module.network.google_compute_subnetwork.public"
          ],
          "create_before_destroy": true
        }
      ]
    },
    {
      "module": "module.pipeline.module.bigquery_loader[0]",
      "mode": "managed",
      "type": "google_compute_firewall",
      "name": "egress",
      "provider": "provider[\"registry.terraform.io/hashicorp/google\"]",
      "instances": [
        {
          "schema_version": 1,
          "attributes": {
            "allow": [
              {
                "ports": [
                  "123"
                ],
                "protocol": "udp"
              },
              {
                "ports": [
                  "80",
                  "443"
                ],
                "protocol": "tcp"
              }
            ],
            "creation_timestamp": "2023-02-16T14:45:38.214-08:00",
            "deny": [],
            "description": "",
            "destination_ranges": [
              "0.0.0.0/0"
            ],
            "direction": "EGRESS",
            "disabled": false,
            "enable_logging": null,
            "id": "projects/spark-10-v5/global/firewalls/sp-bq-loader-server-traffic-out",
            "log_config": [],
            "name": "sp-bq-loader-server-traffic-out",
            "network": "https://www.googleapis.com/compute/v1/projects/spark-10-v5/global/networks/terraform-network",
            "priority": 1000,
            "project": "spark-10-v5",
            "self_link": "https://www.googleapis.com/compute/v1/projects/spark-10-v5/global/firewalls/sp-bq-loader-server-traffic-out",
            "source_ranges": [],
            "source_service_accounts": [],
            "source_tags": [],
            "target_service_accounts": [],
            "target_tags": [
              "sp-bq-loader-server"
            ],
            "timeouts": null
          },
          "sensitive_attributes": [],
          "private": "eyJlMmJmYjczMC1lY2FhLTExZTYtOGY4OC0zNDM2M2JjN2M0YzAiOnsiY3JlYXRlIjoyNDAwMDAwMDAwMDAsImRlbGV0ZSI6MjQwMDAwMDAwMDAwLCJ1cGRhdGUiOjI0MDAwMDAwMDAwMH0sInNjaGVtYV92ZXJzaW9uIjoiMSJ9",
          "dependencies": [
            "module.iglu.module.iglu_db.google_sql_database.db",
            "module.iglu.module.iglu_db.google_sql_database_instance.instance",
            "module.iglu.module.iglu_db.google_sql_user.user",
            "module.iglu.module.iglu_db.random_id.db_name_suffix",
            "module.iglu.module.iglu_lb.google_compute_backend_service.lb_backend",
            "module.iglu.module.iglu_lb.google_compute_global_address.ip",
            "module.iglu.module.iglu_lb.google_compute_global_forwarding_rule.lb_http_forwarding_rule",
            "module.iglu.module.iglu_lb.google_compute_global_forwarding_rule.lb_https_forwarding_rule",
            "module.iglu.module.iglu_lb.google_compute_ssl_policy.lb_target_https_ssl_policy",
            "module.iglu.module.iglu_lb.google_compute_target_http_proxy.lb_target_http_proxy",
            "module.iglu.module.iglu_lb.google_compute_target_https_proxy.lb_target_https_proxy",
            "module.iglu.module.iglu_lb.google_compute_url_map.lb_url_map",
            "module.iglu.module.iglu_server.data.google_compute_image.ubuntu_20_04",
            "module.iglu.module.iglu_server.google_compute_firewall.egress",
            "module.iglu.module.iglu_server.google_compute_firewall.ingress",
            "module.iglu.module.iglu_server.google_compute_firewall.ingress_ssh",
            "module.iglu.module.iglu_server.google_compute_health_check.hc",
            "module.iglu.module.iglu_server.google_compute_instance_template.tpl",
            "module.iglu.module.iglu_server.google_compute_region_instance_group_manager.grp",
            "module.iglu.module.iglu_server.google_project_iam_member.sa_cloud_sql_client",
            "module.iglu.module.iglu_server.google_project_iam_member.sa_logging_log_writer",
            "module.iglu.module.iglu_server.google_service_account.sa",
            "module.iglu.module.iglu_server.module.telemetry.random_id.auto_generated_id",
            "module.iglu.module.iglu_server.module.telemetry.snowplow_track_self_describing_event.telemetry",
            "module.network.google_compute_network.vpc_network",
            "module.network.google_compute_router.router",
            "module.network.google_compute_router_nat.nat",
            "module.network.google_compute_subnetwork.private",
            "module.network.google_compute_subnetwork.public"
          ]
        }
      ]
    },
    {
      "module": "module.pipeline.module.bigquery_loader[0]",
      "mode": "managed",
      "type": "google_compute_firewall",
      "name": "ingress_ssh",
      "provider": "provider[\"registry.terraform.io/hashicorp/google\"]",
      "instances": [
        {
          "schema_version": 1,
          "attributes": {
            "allow": [
              {
                "ports": [
                  "22"
                ],
                "protocol": "tcp"
              }
            ],
            "creation_timestamp": "2023-02-16T14:45:38.120-08:00",
            "deny": [],
            "description": "",
            "destination_ranges": [],
            "direction": "INGRESS",
            "disabled": false,
            "enable_logging": null,
            "id": "projects/spark-10-v5/global/firewalls/sp-bq-loader-server-ssh-in",
            "log_config": [],
            "name": "sp-bq-loader-server-ssh-in",
            "network": "https://www.googleapis.com/compute/v1/projects/spark-10-v5/global/networks/terraform-network",
            "priority": 1000,
            "project": "spark-10-v5",
            "self_link": "https://www.googleapis.com/compute/v1/projects/spark-10-v5/global/firewalls/sp-bq-loader-server-ssh-in",
            "source_ranges": [
              "165.225.241.67/32",
              "80.113.68.61/32"
            ],
            "source_service_accounts": [],
            "source_tags": [],
            "target_service_accounts": [],
            "target_tags": [
              "sp-bq-loader-server"
            ],
            "timeouts": null
          },
          "sensitive_attributes": [],
          "private": "eyJlMmJmYjczMC1lY2FhLTExZTYtOGY4OC0zNDM2M2JjN2M0YzAiOnsiY3JlYXRlIjoyNDAwMDAwMDAwMDAsImRlbGV0ZSI6MjQwMDAwMDAwMDAwLCJ1cGRhdGUiOjI0MDAwMDAwMDAwMH0sInNjaGVtYV92ZXJzaW9uIjoiMSJ9",
          "dependencies": [
            "module.iglu.module.iglu_db.google_sql_database.db",
            "module.iglu.module.iglu_db.google_sql_database_instance.instance",
            "module.iglu.module.iglu_db.google_sql_user.user",
            "module.iglu.module.iglu_db.random_id.db_name_suffix",
            "module.iglu.module.iglu_lb.google_compute_backend_service.lb_backend",
            "module.iglu.module.iglu_lb.google_compute_global_address.ip",
            "module.iglu.module.iglu_lb.google_compute_global_forwarding_rule.lb_http_forwarding_rule",
            "module.iglu.module.iglu_lb.google_compute_global_forwarding_rule.lb_https_forwarding_rule",
            "module.iglu.module.iglu_lb.google_compute_ssl_policy.lb_target_https_ssl_policy",
            "module.iglu.module.iglu_lb.google_compute_target_http_proxy.lb_target_http_proxy",
            "module.iglu.module.iglu_lb.google_compute_target_https_proxy.lb_target_https_proxy",
            "module.iglu.module.iglu_lb.google_compute_url_map.lb_url_map",
            "module.iglu.module.iglu_server.data.google_compute_image.ubuntu_20_04",
            "module.iglu.module.iglu_server.google_compute_firewall.egress",
            "module.iglu.module.iglu_server.google_compute_firewall.ingress",
            "module.iglu.module.iglu_server.google_compute_firewall.ingress_ssh",
            "module.iglu.module.iglu_server.google_compute_health_check.hc",
            "module.iglu.module.iglu_server.google_compute_instance_template.tpl",
            "module.iglu.module.iglu_server.google_compute_region_instance_group_manager.grp",
            "module.iglu.module.iglu_server.google_project_iam_member.sa_cloud_sql_client",
            "module.iglu.module.iglu_server.google_project_iam_member.sa_logging_log_writer",
            "module.iglu.module.iglu_server.google_service_account.sa",
            "module.iglu.module.iglu_server.module.telemetry.random_id.auto_generated_id",
            "module.iglu.module.iglu_server.module.telemetry.snowplow_track_self_describing_event.telemetry",
            "module.network.google_compute_network.vpc_network",
            "module.network.google_compute_router.router",
            "module.network.google_compute_router_nat.nat",
            "module.network.google_compute_subnetwork.private",
            "module.network.google_compute_subnetwork.public"
          ]
        }
      ]
    },
    {
      "module": "module.pipeline.module.bigquery_loader[0]",
      "mode": "managed",
      "type": "google_compute_instance_template",
      "name": "tpl",
      "provider": "provider[\"registry.terraform.io/hashicorp/google\"]",
      "instances": [
        {
          "index_key": "mutator",
          "schema_version": 1,
          "attributes": {
            "advanced_machine_features": [],
            "can_ip_forward": false,
            "confidential_instance_config": [],
            "description": "This template is used to create bigquery loader mutator instances",
            "disk": [
              {
                "auto_delete": true,
                "boot": true,
                "device_name": "persistent-disk-0",
                "disk_encryption_key": [],
                "disk_name": "",
                "disk_size_gb": 10,
                "disk_type": "pd-standard",
                "interface": "SCSI",
                "labels": {},
                "mode": "READ_WRITE",
                "resource_policies": [],
                "source": "",
                "source_image": "projects/ubuntu-os-cloud/global/images/ubuntu-2004-focal-v20230213",
                "type": "PERSISTENT"
              }
            ],
            "enable_display": null,
            "guest_accelerator": [],
            "id": "projects/spark-10-v5/global/instanceTemplates/sp-bq-loader-server-mutator-20230216224614155600000004",
            "instance_description": "sp-bq-loader-server-mutator",
            "labels": {
              "app_name": "snowplow-bigquery-loader",
              "app_project_name": "mutator",
              "app_version": "1-5-2",
              "module_name": "bigquery-loader-pubsub-ce",
              "module_version": "0-1-0",
              "name": "sp-bq-loader-server"
            },
            "machine_type": "e2-small",
            "metadata": {
              "block-project-ssh-keys": "true",
              "ssh-keys": "    RGD4594QPT:ssh-rsa AAAAB3NzaC1yc2EAAAADAQABAAACAQC5+Uctxp2Q8xeUTztKpIW3XqMWnmTyHjFZkbmeoQcCTLKtZJ+CLROlutqZWEy19Z1Map2tfXbo3cIghVKDrr7rXV6zM9dgmCQBPvNZivu7H3BpN8qR4h/BSSi4YsSE04+QOApp+OT+D9ToNwtUUPdzisbdgSaeYtZTj8UISsoOCUyNSxrzaJB8ye6+DLkEP5GMsl+VnMxe3VXzMHPioqPl0HDSibRzok8hm0Y8jQOB6r5tkmM4Gs8Zr1hfSIZZFvCA2kP2iS+pyzBslneGNszEepsfIseT+Kybq4RvXBpPg/tZZ/dJhtYcFx+wqQWzP8RHVGmSrwRrcxzgmHaIBbr5Qeh7azhDkPEcRYERVC1b13TPSK77vc19VN+QFAfPG+7PoJ0IsWWQ3ez7CtFKA+sO0SHq9mz89gAq1G7WIm+lPSwDzsValv2osgDn1ehnX5SY4X1B7pjult0qDfpeHMOFfKPeMH6CqNS1awALheWV0qsN7Tn8+5uCmNpLGDIg15jdfV5dpZ0IGhH/lhn9De1sWI4wQcTNCaMmWzb+y7Z8b6tsyz8ZB0wB/2FJCHIyvUpMwFmGyoc4ziPWopb1JNchLem4GogbmFehHyLguc17P8dKKTFxLrIe4X5MYe+j2VjA7gZK6teVFWPqxjWT8xWUp3UkhvEmNV+rwkLp2rQY6w== angelo.rampersad@RGD4594QPT\n"
            },
            "metadata_fingerprint": "H8_H6QLCBHY=",
            "metadata_startup_script": "#!/bin/bash\nset -e -x\n\n# -----------------------------------------------------------------------------\n#  BASE INSTALL\n# -----------------------------------------------------------------------------\n\nfunction install_base_packages() {\n  sudo apt install wget curl unzip -y\n}\n\nfunction install_docker_ce() {\n  sudo apt install docker.io -y\n  sudo systemctl enable --now docker\n}\n\nsudo apt update -y\n\ninstall_base_packages\ninstall_docker_ce\n\n# 1. Bootstrap BigQuery table with required tables\nset +e\nsudo docker run \\\n  --name mutator-create \\\n  --network host \\\n  --log-driver gcplogs \\\n  snowplow/snowplow-bigquery-mutator:1.5.2 \\\n  create \\\n  --requirePartitionFilter \\\n  --partitionColumn=collector_tstamp \\\n  --config ewogICJwcm9qZWN0SWQiOiBzcGFyay0xMC12NQoKICAibG9hZGVyIjogewogICAgImlucHV0IjogewogICAgICAic3Vic2NyaXB0aW9uIjogc3AtYnEtbG9hZGVyLXNlcnZlci1pbnB1dAogICAgfQogICAgIm91dHB1dCI6IHsKICAgICAgImdvb2QiOiB7CiAgICAgICAgImRhdGFzZXRJZCI6IHNwX3BpcGVsaW5lX2RiCiAgICAgICAgInRhYmxlSWQiOiBldmVudHMKICAgICAgfQogICAgICAiYmFkIjogewogICAgICAgICJ0b3BpYyI6IHNwLWJxLWJhZC1yb3dzLXRvcGljCiAgICAgIH0KICAgICAgInR5cGVzIjogewogICAgICAgICJ0b3BpYyI6IHNwLWJxLWxvYWRlci1zZXJ2ZXItdHlwZXMtdG9waWMKICAgICAgfQogICAgICAiZmFpbGVkSW5zZXJ0cyI6IHsKICAgICAgICAidG9waWMiOiBzcC1icS1sb2FkZXItc2VydmVyLWZhaWxlZC1pbnNlcnRzLXRvcGljCiAgICAgIH0KICAgIH0KICB9CgogICJtdXRhdG9yIjogewogICAgImlucHV0IjogewogICAgICAic3Vic2NyaXB0aW9uIjogc3AtYnEtbG9hZGVyLXNlcnZlci10eXBlcwogICAgfQogICAgIm91dHB1dCI6IHsKICAgICAgImdvb2QiOiAke2xvYWRlci5vdXRwdXQuZ29vZH0KICAgIH0KICB9CgogICJyZXBlYXRlciI6IHsKICAgICJpbnB1dCI6IHsKICAgICAgInN1YnNjcmlwdGlvbiI6IHNwLWJxLWxvYWRlci1zZXJ2ZXItZmFpbGVkLWluc2VydHMKICAgIH0KICAgICJvdXRwdXQiOiB7CiAgICAgICJnb29kIjogJHtsb2FkZXIub3V0cHV0Lmdvb2R9CiAgICAgICJkZWFkTGV0dGVycyI6IHsKICAgICAgICAiYnVja2V0IjogImdzOi8vc3AtYnEtbG9hZGVyLWRlYWQtbGV0dGVyLXNwYXJrLTEwLXY1IgogICAgICB9CiAgICB9CiAgfQp9Cg== \\\n  --resolver ewogICJzY2hlbWEiOiAiaWdsdTpjb20uc25vd3Bsb3dhbmFseXRpY3MuaWdsdS9yZXNvbHZlci1jb25maWcvanNvbnNjaGVtYS8xLTAtMiIsCiAgImRhdGEiOiB7CiAgICAiY2FjaGVTaXplIjogNTAwLAogICAgImNhY2hlVHRsIjogNjAwLAogICAgInJlcG9zaXRvcmllcyI6IFt7ImNvbm5lY3Rpb24iOnsiaHR0cCI6eyJ1cmkiOiJodHRwOi8vaWdsdWNlbnRyYWwuY29tIn19LCJuYW1lIjoiSWdsdSBDZW50cmFsIiwicHJpb3JpdHkiOjEwLCJ2ZW5kb3JQcmVmaXhlcyI6W119LHsiY29ubmVjdGlvbiI6eyJodHRwIjp7InVyaSI6Imh0dHA6Ly9taXJyb3IwMS5pZ2x1Y2VudHJhbC5jb20ifX0sIm5hbWUiOiJJZ2x1IENlbnRyYWwgLSBNaXJyb3IgMDEiLCJwcmlvcml0eSI6MjAsInZlbmRvclByZWZpeGVzIjpbXX0seyJjb25uZWN0aW9uIjp7Imh0dHAiOnsiYXBpa2V5IjoiNzlmMTliNmQtODhmMi00YTk0LThmNTgtN2UxZTBkNWNmNjViIiwidXJpIjoiaHR0cDovLzM0LjE0OS4xNzIuMjcvYXBpIn19LCJuYW1lIjoiSWdsdSBTZXJ2ZXIiLCJwcmlvcml0eSI6MCwidmVuZG9yUHJlZml4ZXMiOltdfV0KICB9Cn0K\nset -e\n\n# 2. Listen for changes and mutate BigQuery table accordingly\nsudo docker run \\\n  -d \\\n  --name mutator-listen \\\n  --restart always \\\n  --network host \\\n  --log-driver gcplogs \\\n  snowplow/snowplow-bigquery-mutator:1.5.2 \\\n  listen \\\n  --config ewogICJwcm9qZWN0SWQiOiBzcGFyay0xMC12NQoKICAibG9hZGVyIjogewogICAgImlucHV0IjogewogICAgICAic3Vic2NyaXB0aW9uIjogc3AtYnEtbG9hZGVyLXNlcnZlci1pbnB1dAogICAgfQogICAgIm91dHB1dCI6IHsKICAgICAgImdvb2QiOiB7CiAgICAgICAgImRhdGFzZXRJZCI6IHNwX3BpcGVsaW5lX2RiCiAgICAgICAgInRhYmxlSWQiOiBldmVudHMKICAgICAgfQogICAgICAiYmFkIjogewogICAgICAgICJ0b3BpYyI6IHNwLWJxLWJhZC1yb3dzLXRvcGljCiAgICAgIH0KICAgICAgInR5cGVzIjogewogICAgICAgICJ0b3BpYyI6IHNwLWJxLWxvYWRlci1zZXJ2ZXItdHlwZXMtdG9waWMKICAgICAgfQogICAgICAiZmFpbGVkSW5zZXJ0cyI6IHsKICAgICAgICAidG9waWMiOiBzcC1icS1sb2FkZXItc2VydmVyLWZhaWxlZC1pbnNlcnRzLXRvcGljCiAgICAgIH0KICAgIH0KICB9CgogICJtdXRhdG9yIjogewogICAgImlucHV0IjogewogICAgICAic3Vic2NyaXB0aW9uIjogc3AtYnEtbG9hZGVyLXNlcnZlci10eXBlcwogICAgfQogICAgIm91dHB1dCI6IHsKICAgICAgImdvb2QiOiAke2xvYWRlci5vdXRwdXQuZ29vZH0KICAgIH0KICB9CgogICJyZXBlYXRlciI6IHsKICAgICJpbnB1dCI6IHsKICAgICAgInN1YnNjcmlwdGlvbiI6IHNwLWJxLWxvYWRlci1zZXJ2ZXItZmFpbGVkLWluc2VydHMKICAgIH0KICAgICJvdXRwdXQiOiB7CiAgICAgICJnb29kIjogJHtsb2FkZXIub3V0cHV0Lmdvb2R9CiAgICAgICJkZWFkTGV0dGVycyI6IHsKICAgICAgICAiYnVja2V0IjogImdzOi8vc3AtYnEtbG9hZGVyLWRlYWQtbGV0dGVyLXNwYXJrLTEwLXY1IgogICAgICB9CiAgICB9CiAgfQp9Cg== \\\n  --resolver ewogICJzY2hlbWEiOiAiaWdsdTpjb20uc25vd3Bsb3dhbmFseXRpY3MuaWdsdS9yZXNvbHZlci1jb25maWcvanNvbnNjaGVtYS8xLTAtMiIsCiAgImRhdGEiOiB7CiAgICAiY2FjaGVTaXplIjogNTAwLAogICAgImNhY2hlVHRsIjogNjAwLAogICAgInJlcG9zaXRvcmllcyI6IFt7ImNvbm5lY3Rpb24iOnsiaHR0cCI6eyJ1cmkiOiJodHRwOi8vaWdsdWNlbnRyYWwuY29tIn19LCJuYW1lIjoiSWdsdSBDZW50cmFsIiwicHJpb3JpdHkiOjEwLCJ2ZW5kb3JQcmVmaXhlcyI6W119LHsiY29ubmVjdGlvbiI6eyJodHRwIjp7InVyaSI6Imh0dHA6Ly9taXJyb3IwMS5pZ2x1Y2VudHJhbC5jb20ifX0sIm5hbWUiOiJJZ2x1IENlbnRyYWwgLSBNaXJyb3IgMDEiLCJwcmlvcml0eSI6MjAsInZlbmRvclByZWZpeGVzIjpbXX0seyJjb25uZWN0aW9uIjp7Imh0dHAiOnsiYXBpa2V5IjoiNzlmMTliNmQtODhmMi00YTk0LThmNTgtN2UxZTBkNWNmNjViIiwidXJpIjoiaHR0cDovLzM0LjE0OS4xNzIuMjcvYXBpIn19LCJuYW1lIjoiSWdsdSBTZXJ2ZXIiLCJwcmlvcml0eSI6MCwidmVuZG9yUHJlZml4ZXMiOltdfV0KICB9Cn0K\n\n\n",
            "min_cpu_platform": "",
            "name": "sp-bq-loader-server-mutator-20230216224614155600000004",
            "name_prefix": "sp-bq-loader-server-mutator-",
            "network_interface": [
              {
                "access_config": [
                  {
                    "nat_ip": "",
                    "network_tier": "PREMIUM",
                    "public_ptr_domain_name": ""
                  }
                ],
                "alias_ip_range": [],
                "ipv6_access_config": [],
                "ipv6_access_type": "",
                "name": "nic0",
                "network": "https://www.googleapis.com/compute/v1/projects/spark-10-v5/global/networks/terraform-network",
                "network_ip": "",
                "nic_type": "",
                "stack_type": "",
                "subnetwork": "https://www.googleapis.com/compute/v1/projects/spark-10-v5/regions/europe-west3/subnetworks/terraform-private",
                "subnetwork_project": "spark-10-v5"
              }
            ],
            "project": "spark-10-v5",
            "region": "europe-west3",
            "reservation_affinity": [],
            "scheduling": [
              {
                "automatic_restart": true,
                "min_node_cpus": 0,
                "node_affinities": [],
                "on_host_maintenance": "MIGRATE",
                "preemptible": false
              }
            ],
            "self_link": "https://www.googleapis.com/compute/beta/projects/spark-10-v5/global/instanceTemplates/sp-bq-loader-server-mutator-20230216224614155600000004",
            "service_account": [
              {
                "email": "sp-bq-loader-server@spark-10-v5.iam.gserviceaccount.com",
                "scopes": [
                  "https://www.googleapis.com/auth/cloud-platform"
                ]
              }
            ],
            "shielded_instance_config": [],
            "tags": [
              "sp-bq-loader-server-mutator"
            ],
            "tags_fingerprint": "",
            "timeouts": null
          },
          "sensitive_attributes": [
            [
              {
                "type": "get_attr",
                "value": "metadata_startup_script"
              }
            ]
          ],
          "private": "eyJlMmJmYjczMC1lY2FhLTExZTYtOGY4OC0zNDM2M2JjN2M0YzAiOnsiY3JlYXRlIjoyNDAwMDAwMDAwMDAsImRlbGV0ZSI6MjQwMDAwMDAwMDAwfSwic2NoZW1hX3ZlcnNpb24iOiIxIn0=",
          "dependencies": [
            "module.iglu.module.iglu_db.google_sql_database.db",
            "module.iglu.module.iglu_db.google_sql_database_instance.instance",
            "module.iglu.module.iglu_db.google_sql_user.user",
            "module.iglu.module.iglu_db.random_id.db_name_suffix",
            "module.iglu.module.iglu_lb.google_compute_backend_service.lb_backend",
            "module.iglu.module.iglu_lb.google_compute_global_address.ip",
            "module.iglu.module.iglu_lb.google_compute_global_forwarding_rule.lb_http_forwarding_rule",
            "module.iglu.module.iglu_lb.google_compute_global_forwarding_rule.lb_https_forwarding_rule",
            "module.iglu.module.iglu_lb.google_compute_ssl_policy.lb_target_https_ssl_policy",
            "module.iglu.module.iglu_lb.google_compute_target_http_proxy.lb_target_http_proxy",
            "module.iglu.module.iglu_lb.google_compute_target_https_proxy.lb_target_https_proxy",
            "module.iglu.module.iglu_lb.google_compute_url_map.lb_url_map",
            "module.iglu.module.iglu_server.data.google_compute_image.ubuntu_20_04",
            "module.iglu.module.iglu_server.google_compute_firewall.egress",
            "module.iglu.module.iglu_server.google_compute_firewall.ingress",
            "module.iglu.module.iglu_server.google_compute_firewall.ingress_ssh",
            "module.iglu.module.iglu_server.google_compute_health_check.hc",
            "module.iglu.module.iglu_server.google_compute_instance_template.tpl",
            "module.iglu.module.iglu_server.google_compute_region_instance_group_manager.grp",
            "module.iglu.module.iglu_server.google_project_iam_member.sa_cloud_sql_client",
            "module.iglu.module.iglu_server.google_project_iam_member.sa_logging_log_writer",
            "module.iglu.module.iglu_server.google_service_account.sa",
            "module.iglu.module.iglu_server.module.telemetry.random_id.auto_generated_id",
            "module.iglu.module.iglu_server.module.telemetry.snowplow_track_self_describing_event.telemetry",
            "module.network.google_compute_network.vpc_network",
            "module.network.google_compute_router.router",
            "module.network.google_compute_router_nat.nat",
            "module.network.google_compute_subnetwork.private",
            "module.network.google_compute_subnetwork.public",
            "module.pipeline.google_bigquery_dataset.bigquery_db",
            "module.pipeline.google_storage_bucket.bq_loader_dead_letter_bucket",
            "module.pipeline.module.bad_rows_topic.google_pubsub_topic.topic",
            "module.pipeline.module.bigquery_loader.data.google_compute_image.ubuntu_20_04",
            "module.pipeline.module.bigquery_loader.google_pubsub_subscription.failed_inserts",
            "module.pipeline.module.bigquery_loader.google_pubsub_subscription.input",
            "module.pipeline.module.bigquery_loader.google_pubsub_subscription.types",
            "module.pipeline.module.bigquery_loader.google_pubsub_topic.failed_inserts",
            "module.pipeline.module.bigquery_loader.google_pubsub_topic.types",
            "module.pipeline.module.bigquery_loader.google_service_account.sa",
            "module.pipeline.module.bigquery_loader.module.telemetry.random_id.auto_generated_id",
            "module.pipeline.module.bigquery_loader.module.telemetry.snowplow_track_self_describing_event.telemetry",
            "module.pipeline.module.enriched_topic.google_pubsub_topic.topic"
          ],
          "create_before_destroy": true
        },
        {
          "index_key": "repeater",
          "schema_version": 1,
          "attributes": {
            "advanced_machine_features": [],
            "can_ip_forward": false,
            "confidential_instance_config": [],
            "description": "This template is used to create bigquery loader repeater instances",
            "disk": [
              {
                "auto_delete": true,
                "boot": true,
                "device_name": "persistent-disk-0",
                "disk_encryption_key": [],
                "disk_name": "",
                "disk_size_gb": 10,
                "disk_type": "pd-standard",
                "interface": "SCSI",
                "labels": {},
                "mode": "READ_WRITE",
                "resource_policies": [],
                "source": "",
                "source_image": "projects/ubuntu-os-cloud/global/images/ubuntu-2004-focal-v20230213",
                "type": "PERSISTENT"
              }
            ],
            "enable_display": null,
            "guest_accelerator": [],
            "id": "projects/spark-10-v5/global/instanceTemplates/sp-bq-loader-server-repeater-20230216224614155700000006",
            "instance_description": "sp-bq-loader-server-repeater",
            "labels": {
              "app_name": "snowplow-bigquery-loader",
              "app_project_name": "repeater",
              "app_version": "1-5-2",
              "module_name": "bigquery-loader-pubsub-ce",
              "module_version": "0-1-0",
              "name": "sp-bq-loader-server"
            },
            "machine_type": "e2-small",
            "metadata": {
              "block-project-ssh-keys": "true",
              "ssh-keys": "    RGD4594QPT:ssh-rsa AAAAB3NzaC1yc2EAAAADAQABAAACAQC5+Uctxp2Q8xeUTztKpIW3XqMWnmTyHjFZkbmeoQcCTLKtZJ+CLROlutqZWEy19Z1Map2tfXbo3cIghVKDrr7rXV6zM9dgmCQBPvNZivu7H3BpN8qR4h/BSSi4YsSE04+QOApp+OT+D9ToNwtUUPdzisbdgSaeYtZTj8UISsoOCUyNSxrzaJB8ye6+DLkEP5GMsl+VnMxe3VXzMHPioqPl0HDSibRzok8hm0Y8jQOB6r5tkmM4Gs8Zr1hfSIZZFvCA2kP2iS+pyzBslneGNszEepsfIseT+Kybq4RvXBpPg/tZZ/dJhtYcFx+wqQWzP8RHVGmSrwRrcxzgmHaIBbr5Qeh7azhDkPEcRYERVC1b13TPSK77vc19VN+QFAfPG+7PoJ0IsWWQ3ez7CtFKA+sO0SHq9mz89gAq1G7WIm+lPSwDzsValv2osgDn1ehnX5SY4X1B7pjult0qDfpeHMOFfKPeMH6CqNS1awALheWV0qsN7Tn8+5uCmNpLGDIg15jdfV5dpZ0IGhH/lhn9De1sWI4wQcTNCaMmWzb+y7Z8b6tsyz8ZB0wB/2FJCHIyvUpMwFmGyoc4ziPWopb1JNchLem4GogbmFehHyLguc17P8dKKTFxLrIe4X5MYe+j2VjA7gZK6teVFWPqxjWT8xWUp3UkhvEmNV+rwkLp2rQY6w== angelo.rampersad@RGD4594QPT\n"
            },
            "metadata_fingerprint": "2g8Gq3CM_Tk=",
            "metadata_startup_script": "#!/bin/bash\nset -e -x\n\n# -----------------------------------------------------------------------------\n#  BASE INSTALL\n# -----------------------------------------------------------------------------\n\nfunction install_base_packages() {\n  sudo apt install wget curl unzip -y\n}\n\nfunction install_docker_ce() {\n  sudo apt install docker.io -y\n  sudo systemctl enable --now docker\n}\n\nsudo apt update -y\n\ninstall_base_packages\ninstall_docker_ce\n\nsudo docker run \\\n  -d \\\n  --name repeater \\\n  --restart always \\\n  --network host \\\n  --log-driver gcplogs \\\n  snowplow/snowplow-bigquery-repeater:1.5.2 \\\n  --config ewogICJwcm9qZWN0SWQiOiBzcGFyay0xMC12NQoKICAibG9hZGVyIjogewogICAgImlucHV0IjogewogICAgICAic3Vic2NyaXB0aW9uIjogc3AtYnEtbG9hZGVyLXNlcnZlci1pbnB1dAogICAgfQogICAgIm91dHB1dCI6IHsKICAgICAgImdvb2QiOiB7CiAgICAgICAgImRhdGFzZXRJZCI6IHNwX3BpcGVsaW5lX2RiCiAgICAgICAgInRhYmxlSWQiOiBldmVudHMKICAgICAgfQogICAgICAiYmFkIjogewogICAgICAgICJ0b3BpYyI6IHNwLWJxLWJhZC1yb3dzLXRvcGljCiAgICAgIH0KICAgICAgInR5cGVzIjogewogICAgICAgICJ0b3BpYyI6IHNwLWJxLWxvYWRlci1zZXJ2ZXItdHlwZXMtdG9waWMKICAgICAgfQogICAgICAiZmFpbGVkSW5zZXJ0cyI6IHsKICAgICAgICAidG9waWMiOiBzcC1icS1sb2FkZXItc2VydmVyLWZhaWxlZC1pbnNlcnRzLXRvcGljCiAgICAgIH0KICAgIH0KICB9CgogICJtdXRhdG9yIjogewogICAgImlucHV0IjogewogICAgICAic3Vic2NyaXB0aW9uIjogc3AtYnEtbG9hZGVyLXNlcnZlci10eXBlcwogICAgfQogICAgIm91dHB1dCI6IHsKICAgICAgImdvb2QiOiAke2xvYWRlci5vdXRwdXQuZ29vZH0KICAgIH0KICB9CgogICJyZXBlYXRlciI6IHsKICAgICJpbnB1dCI6IHsKICAgICAgInN1YnNjcmlwdGlvbiI6IHNwLWJxLWxvYWRlci1zZXJ2ZXItZmFpbGVkLWluc2VydHMKICAgIH0KICAgICJvdXRwdXQiOiB7CiAgICAgICJnb29kIjogJHtsb2FkZXIub3V0cHV0Lmdvb2R9CiAgICAgICJkZWFkTGV0dGVycyI6IHsKICAgICAgICAiYnVja2V0IjogImdzOi8vc3AtYnEtbG9hZGVyLWRlYWQtbGV0dGVyLXNwYXJrLTEwLXY1IgogICAgICB9CiAgICB9CiAgfQp9Cg== \\\n  --resolver ewogICJzY2hlbWEiOiAiaWdsdTpjb20uc25vd3Bsb3dhbmFseXRpY3MuaWdsdS9yZXNvbHZlci1jb25maWcvanNvbnNjaGVtYS8xLTAtMiIsCiAgImRhdGEiOiB7CiAgICAiY2FjaGVTaXplIjogNTAwLAogICAgImNhY2hlVHRsIjogNjAwLAogICAgInJlcG9zaXRvcmllcyI6IFt7ImNvbm5lY3Rpb24iOnsiaHR0cCI6eyJ1cmkiOiJodHRwOi8vaWdsdWNlbnRyYWwuY29tIn19LCJuYW1lIjoiSWdsdSBDZW50cmFsIiwicHJpb3JpdHkiOjEwLCJ2ZW5kb3JQcmVmaXhlcyI6W119LHsiY29ubmVjdGlvbiI6eyJodHRwIjp7InVyaSI6Imh0dHA6Ly9taXJyb3IwMS5pZ2x1Y2VudHJhbC5jb20ifX0sIm5hbWUiOiJJZ2x1IENlbnRyYWwgLSBNaXJyb3IgMDEiLCJwcmlvcml0eSI6MjAsInZlbmRvclByZWZpeGVzIjpbXX0seyJjb25uZWN0aW9uIjp7Imh0dHAiOnsiYXBpa2V5IjoiNzlmMTliNmQtODhmMi00YTk0LThmNTgtN2UxZTBkNWNmNjViIiwidXJpIjoiaHR0cDovLzM0LjE0OS4xNzIuMjcvYXBpIn19LCJuYW1lIjoiSWdsdSBTZXJ2ZXIiLCJwcmlvcml0eSI6MCwidmVuZG9yUHJlZml4ZXMiOltdfV0KICB9Cn0K \\\n  --bufferSize=20 \\\n  --timeout=20 \\\n  --backoffPeriod=900\n\n\n",
            "min_cpu_platform": "",
            "name": "sp-bq-loader-server-repeater-20230216224614155700000006",
            "name_prefix": "sp-bq-loader-server-repeater-",
            "network_interface": [
              {
                "access_config": [
                  {
                    "nat_ip": "",
                    "network_tier": "PREMIUM",
                    "public_ptr_domain_name": ""
                  }
                ],
                "alias_ip_range": [],
                "ipv6_access_config": [],
                "ipv6_access_type": "",
                "name": "nic0",
                "network": "https://www.googleapis.com/compute/v1/projects/spark-10-v5/global/networks/terraform-network",
                "network_ip": "",
                "nic_type": "",
                "stack_type": "",
                "subnetwork": "https://www.googleapis.com/compute/v1/projects/spark-10-v5/regions/europe-west3/subnetworks/terraform-private",
                "subnetwork_project": "spark-10-v5"
              }
            ],
            "project": "spark-10-v5",
            "region": "europe-west3",
            "reservation_affinity": [],
            "scheduling": [
              {
                "automatic_restart": true,
                "min_node_cpus": 0,
                "node_affinities": [],
                "on_host_maintenance": "MIGRATE",
                "preemptible": false
              }
            ],
            "self_link": "https://www.googleapis.com/compute/beta/projects/spark-10-v5/global/instanceTemplates/sp-bq-loader-server-repeater-20230216224614155700000006",
            "service_account": [
              {
                "email": "sp-bq-loader-server@spark-10-v5.iam.gserviceaccount.com",
                "scopes": [
                  "https://www.googleapis.com/auth/cloud-platform"
                ]
              }
            ],
            "shielded_instance_config": [],
            "tags": [
              "sp-bq-loader-server-repeater"
            ],
            "tags_fingerprint": "",
            "timeouts": null
          },
          "sensitive_attributes": [
            [
              {
                "type": "get_attr",
                "value": "metadata_startup_script"
              }
            ]
          ],
          "private": "eyJlMmJmYjczMC1lY2FhLTExZTYtOGY4OC0zNDM2M2JjN2M0YzAiOnsiY3JlYXRlIjoyNDAwMDAwMDAwMDAsImRlbGV0ZSI6MjQwMDAwMDAwMDAwfSwic2NoZW1hX3ZlcnNpb24iOiIxIn0=",
          "dependencies": [
            "module.iglu.module.iglu_db.google_sql_database.db",
            "module.iglu.module.iglu_db.google_sql_database_instance.instance",
            "module.iglu.module.iglu_db.google_sql_user.user",
            "module.iglu.module.iglu_db.random_id.db_name_suffix",
            "module.iglu.module.iglu_lb.google_compute_backend_service.lb_backend",
            "module.iglu.module.iglu_lb.google_compute_global_address.ip",
            "module.iglu.module.iglu_lb.google_compute_global_forwarding_rule.lb_http_forwarding_rule",
            "module.iglu.module.iglu_lb.google_compute_global_forwarding_rule.lb_https_forwarding_rule",
            "module.iglu.module.iglu_lb.google_compute_ssl_policy.lb_target_https_ssl_policy",
            "module.iglu.module.iglu_lb.google_compute_target_http_proxy.lb_target_http_proxy",
            "module.iglu.module.iglu_lb.google_compute_target_https_proxy.lb_target_https_proxy",
            "module.iglu.module.iglu_lb.google_compute_url_map.lb_url_map",
            "module.iglu.module.iglu_server.data.google_compute_image.ubuntu_20_04",
            "module.iglu.module.iglu_server.google_compute_firewall.egress",
            "module.iglu.module.iglu_server.google_compute_firewall.ingress",
            "module.iglu.module.iglu_server.google_compute_firewall.ingress_ssh",
            "module.iglu.module.iglu_server.google_compute_health_check.hc",
            "module.iglu.module.iglu_server.google_compute_instance_template.tpl",
            "module.iglu.module.iglu_server.google_compute_region_instance_group_manager.grp",
            "module.iglu.module.iglu_server.google_project_iam_member.sa_cloud_sql_client",
            "module.iglu.module.iglu_server.google_project_iam_member.sa_logging_log_writer",
            "module.iglu.module.iglu_server.google_service_account.sa",
            "module.iglu.module.iglu_server.module.telemetry.random_id.auto_generated_id",
            "module.iglu.module.iglu_server.module.telemetry.snowplow_track_self_describing_event.telemetry",
            "module.network.google_compute_network.vpc_network",
            "module.network.google_compute_router.router",
            "module.network.google_compute_router_nat.nat",
            "module.network.google_compute_subnetwork.private",
            "module.network.google_compute_subnetwork.public",
            "module.pipeline.google_bigquery_dataset.bigquery_db",
            "module.pipeline.google_storage_bucket.bq_loader_dead_letter_bucket",
            "module.pipeline.module.bad_rows_topic.google_pubsub_topic.topic",
            "module.pipeline.module.bigquery_loader.data.google_compute_image.ubuntu_20_04",
            "module.pipeline.module.bigquery_loader.google_pubsub_subscription.failed_inserts",
            "module.pipeline.module.bigquery_loader.google_pubsub_subscription.input",
            "module.pipeline.module.bigquery_loader.google_pubsub_subscription.types",
            "module.pipeline.module.bigquery_loader.google_pubsub_topic.failed_inserts",
            "module.pipeline.module.bigquery_loader.google_pubsub_topic.types",
            "module.pipeline.module.bigquery_loader.google_service_account.sa",
            "module.pipeline.module.bigquery_loader.module.telemetry.random_id.auto_generated_id",
            "module.pipeline.module.bigquery_loader.module.telemetry.snowplow_track_self_describing_event.telemetry",
            "module.pipeline.module.enriched_topic.google_pubsub_topic.topic"
          ],
          "create_before_destroy": true
        },
        {
          "index_key": "streamloader",
          "schema_version": 1,
          "attributes": {
            "advanced_machine_features": [],
            "can_ip_forward": false,
            "confidential_instance_config": [],
            "description": "This template is used to create bigquery loader streamloader instances",
            "disk": [
              {
                "auto_delete": true,
                "boot": true,
                "device_name": "persistent-disk-0",
                "disk_encryption_key": [],
                "disk_name": "",
                "disk_size_gb": 10,
                "disk_type": "pd-standard",
                "interface": "SCSI",
                "labels": {},
                "mode": "READ_WRITE",
                "resource_policies": [],
                "source": "",
                "source_image": "projects/ubuntu-os-cloud/global/images/ubuntu-2004-focal-v20230213",
                "type": "PERSISTENT"
              }
            ],
            "enable_display": null,
            "guest_accelerator": [],
            "id": "projects/spark-10-v5/global/instanceTemplates/sp-bq-loader-server-streamloader-20230216224614155600000005",
            "instance_description": "sp-bq-loader-server-streamloader",
            "labels": {
              "app_name": "snowplow-bigquery-loader",
              "app_project_name": "streamloader",
              "app_version": "1-5-2",
              "module_name": "bigquery-loader-pubsub-ce",
              "module_version": "0-1-0",
              "name": "sp-bq-loader-server"
            },
            "machine_type": "e2-small",
            "metadata": {
              "block-project-ssh-keys": "true",
              "ssh-keys": "    RGD4594QPT:ssh-rsa AAAAB3NzaC1yc2EAAAADAQABAAACAQC5+Uctxp2Q8xeUTztKpIW3XqMWnmTyHjFZkbmeoQcCTLKtZJ+CLROlutqZWEy19Z1Map2tfXbo3cIghVKDrr7rXV6zM9dgmCQBPvNZivu7H3BpN8qR4h/BSSi4YsSE04+QOApp+OT+D9ToNwtUUPdzisbdgSaeYtZTj8UISsoOCUyNSxrzaJB8ye6+DLkEP5GMsl+VnMxe3VXzMHPioqPl0HDSibRzok8hm0Y8jQOB6r5tkmM4Gs8Zr1hfSIZZFvCA2kP2iS+pyzBslneGNszEepsfIseT+Kybq4RvXBpPg/tZZ/dJhtYcFx+wqQWzP8RHVGmSrwRrcxzgmHaIBbr5Qeh7azhDkPEcRYERVC1b13TPSK77vc19VN+QFAfPG+7PoJ0IsWWQ3ez7CtFKA+sO0SHq9mz89gAq1G7WIm+lPSwDzsValv2osgDn1ehnX5SY4X1B7pjult0qDfpeHMOFfKPeMH6CqNS1awALheWV0qsN7Tn8+5uCmNpLGDIg15jdfV5dpZ0IGhH/lhn9De1sWI4wQcTNCaMmWzb+y7Z8b6tsyz8ZB0wB/2FJCHIyvUpMwFmGyoc4ziPWopb1JNchLem4GogbmFehHyLguc17P8dKKTFxLrIe4X5MYe+j2VjA7gZK6teVFWPqxjWT8xWUp3UkhvEmNV+rwkLp2rQY6w== angelo.rampersad@RGD4594QPT\n"
            },
            "metadata_fingerprint": "ZONomrnxIEA=",
            "metadata_startup_script": "#!/bin/bash\nset -e -x\n\n# -----------------------------------------------------------------------------\n#  BASE INSTALL\n# -----------------------------------------------------------------------------\n\nfunction install_base_packages() {\n  sudo apt install wget curl unzip -y\n}\n\nfunction install_docker_ce() {\n  sudo apt install docker.io -y\n  sudo systemctl enable --now docker\n}\n\nsudo apt update -y\n\ninstall_base_packages\ninstall_docker_ce\n\nsudo docker run \\\n  -d \\\n  --name streamloader \\\n  --restart always \\\n  --network host \\\n  --log-driver gcplogs \\\n  snowplow/snowplow-bigquery-streamloader:1.5.2 \\\n  --config ewogICJwcm9qZWN0SWQiOiBzcGFyay0xMC12NQoKICAibG9hZGVyIjogewogICAgImlucHV0IjogewogICAgICAic3Vic2NyaXB0aW9uIjogc3AtYnEtbG9hZGVyLXNlcnZlci1pbnB1dAogICAgfQogICAgIm91dHB1dCI6IHsKICAgICAgImdvb2QiOiB7CiAgICAgICAgImRhdGFzZXRJZCI6IHNwX3BpcGVsaW5lX2RiCiAgICAgICAgInRhYmxlSWQiOiBldmVudHMKICAgICAgfQogICAgICAiYmFkIjogewogICAgICAgICJ0b3BpYyI6IHNwLWJxLWJhZC1yb3dzLXRvcGljCiAgICAgIH0KICAgICAgInR5cGVzIjogewogICAgICAgICJ0b3BpYyI6IHNwLWJxLWxvYWRlci1zZXJ2ZXItdHlwZXMtdG9waWMKICAgICAgfQogICAgICAiZmFpbGVkSW5zZXJ0cyI6IHsKICAgICAgICAidG9waWMiOiBzcC1icS1sb2FkZXItc2VydmVyLWZhaWxlZC1pbnNlcnRzLXRvcGljCiAgICAgIH0KICAgIH0KICB9CgogICJtdXRhdG9yIjogewogICAgImlucHV0IjogewogICAgICAic3Vic2NyaXB0aW9uIjogc3AtYnEtbG9hZGVyLXNlcnZlci10eXBlcwogICAgfQogICAgIm91dHB1dCI6IHsKICAgICAgImdvb2QiOiAke2xvYWRlci5vdXRwdXQuZ29vZH0KICAgIH0KICB9CgogICJyZXBlYXRlciI6IHsKICAgICJpbnB1dCI6IHsKICAgICAgInN1YnNjcmlwdGlvbiI6IHNwLWJxLWxvYWRlci1zZXJ2ZXItZmFpbGVkLWluc2VydHMKICAgIH0KICAgICJvdXRwdXQiOiB7CiAgICAgICJnb29kIjogJHtsb2FkZXIub3V0cHV0Lmdvb2R9CiAgICAgICJkZWFkTGV0dGVycyI6IHsKICAgICAgICAiYnVja2V0IjogImdzOi8vc3AtYnEtbG9hZGVyLWRlYWQtbGV0dGVyLXNwYXJrLTEwLXY1IgogICAgICB9CiAgICB9CiAgfQp9Cg== \\\n  --resolver ewogICJzY2hlbWEiOiAiaWdsdTpjb20uc25vd3Bsb3dhbmFseXRpY3MuaWdsdS9yZXNvbHZlci1jb25maWcvanNvbnNjaGVtYS8xLTAtMiIsCiAgImRhdGEiOiB7CiAgICAiY2FjaGVTaXplIjogNTAwLAogICAgImNhY2hlVHRsIjogNjAwLAogICAgInJlcG9zaXRvcmllcyI6IFt7ImNvbm5lY3Rpb24iOnsiaHR0cCI6eyJ1cmkiOiJodHRwOi8vaWdsdWNlbnRyYWwuY29tIn19LCJuYW1lIjoiSWdsdSBDZW50cmFsIiwicHJpb3JpdHkiOjEwLCJ2ZW5kb3JQcmVmaXhlcyI6W119LHsiY29ubmVjdGlvbiI6eyJodHRwIjp7InVyaSI6Imh0dHA6Ly9taXJyb3IwMS5pZ2x1Y2VudHJhbC5jb20ifX0sIm5hbWUiOiJJZ2x1IENlbnRyYWwgLSBNaXJyb3IgMDEiLCJwcmlvcml0eSI6MjAsInZlbmRvclByZWZpeGVzIjpbXX0seyJjb25uZWN0aW9uIjp7Imh0dHAiOnsiYXBpa2V5IjoiNzlmMTliNmQtODhmMi00YTk0LThmNTgtN2UxZTBkNWNmNjViIiwidXJpIjoiaHR0cDovLzM0LjE0OS4xNzIuMjcvYXBpIn19LCJuYW1lIjoiSWdsdSBTZXJ2ZXIiLCJwcmlvcml0eSI6MCwidmVuZG9yUHJlZml4ZXMiOltdfV0KICB9Cn0K\n\n\n",
            "min_cpu_platform": "",
            "name": "sp-bq-loader-server-streamloader-20230216224614155600000005",
            "name_prefix": "sp-bq-loader-server-streamloader-",
            "network_interface": [
              {
                "access_config": [
                  {
                    "nat_ip": "",
                    "network_tier": "PREMIUM",
                    "public_ptr_domain_name": ""
                  }
                ],
                "alias_ip_range": [],
                "ipv6_access_config": [],
                "ipv6_access_type": "",
                "name": "nic0",
                "network": "https://www.googleapis.com/compute/v1/projects/spark-10-v5/global/networks/terraform-network",
                "network_ip": "",
                "nic_type": "",
                "stack_type": "",
                "subnetwork": "https://www.googleapis.com/compute/v1/projects/spark-10-v5/regions/europe-west3/subnetworks/terraform-private",
                "subnetwork_project": "spark-10-v5"
              }
            ],
            "project": "spark-10-v5",
            "region": "europe-west3",
            "reservation_affinity": [],
            "scheduling": [
              {
                "automatic_restart": true,
                "min_node_cpus": 0,
                "node_affinities": [],
                "on_host_maintenance": "MIGRATE",
                "preemptible": false
              }
            ],
            "self_link": "https://www.googleapis.com/compute/beta/projects/spark-10-v5/global/instanceTemplates/sp-bq-loader-server-streamloader-20230216224614155600000005",
            "service_account": [
              {
                "email": "sp-bq-loader-server@spark-10-v5.iam.gserviceaccount.com",
                "scopes": [
                  "https://www.googleapis.com/auth/cloud-platform"
                ]
              }
            ],
            "shielded_instance_config": [],
            "tags": [
              "sp-bq-loader-server-streamloader"
            ],
            "tags_fingerprint": "",
            "timeouts": null
          },
          "sensitive_attributes": [
            [
              {
                "type": "get_attr",
                "value": "metadata_startup_script"
              }
            ]
          ],
          "private": "eyJlMmJmYjczMC1lY2FhLTExZTYtOGY4OC0zNDM2M2JjN2M0YzAiOnsiY3JlYXRlIjoyNDAwMDAwMDAwMDAsImRlbGV0ZSI6MjQwMDAwMDAwMDAwfSwic2NoZW1hX3ZlcnNpb24iOiIxIn0=",
          "dependencies": [
            "module.iglu.module.iglu_db.google_sql_database.db",
            "module.iglu.module.iglu_db.google_sql_database_instance.instance",
            "module.iglu.module.iglu_db.google_sql_user.user",
            "module.iglu.module.iglu_db.random_id.db_name_suffix",
            "module.iglu.module.iglu_lb.google_compute_backend_service.lb_backend",
            "module.iglu.module.iglu_lb.google_compute_global_address.ip",
            "module.iglu.module.iglu_lb.google_compute_global_forwarding_rule.lb_http_forwarding_rule",
            "module.iglu.module.iglu_lb.google_compute_global_forwarding_rule.lb_https_forwarding_rule",
            "module.iglu.module.iglu_lb.google_compute_ssl_policy.lb_target_https_ssl_policy",
            "module.iglu.module.iglu_lb.google_compute_target_http_proxy.lb_target_http_proxy",
            "module.iglu.module.iglu_lb.google_compute_target_https_proxy.lb_target_https_proxy",
            "module.iglu.module.iglu_lb.google_compute_url_map.lb_url_map",
            "module.iglu.module.iglu_server.data.google_compute_image.ubuntu_20_04",
            "module.iglu.module.iglu_server.google_compute_firewall.egress",
            "module.iglu.module.iglu_server.google_compute_firewall.ingress",
            "module.iglu.module.iglu_server.google_compute_firewall.ingress_ssh",
            "module.iglu.module.iglu_server.google_compute_health_check.hc",
            "module.iglu.module.iglu_server.google_compute_instance_template.tpl",
            "module.iglu.module.iglu_server.google_compute_region_instance_group_manager.grp",
            "module.iglu.module.iglu_server.google_project_iam_member.sa_cloud_sql_client",
            "module.iglu.module.iglu_server.google_project_iam_member.sa_logging_log_writer",
            "module.iglu.module.iglu_server.google_service_account.sa",
            "module.iglu.module.iglu_server.module.telemetry.random_id.auto_generated_id",
            "module.iglu.module.iglu_server.module.telemetry.snowplow_track_self_describing_event.telemetry",
            "module.network.google_compute_network.vpc_network",
            "module.network.google_compute_router.router",
            "module.network.google_compute_router_nat.nat",
            "module.network.google_compute_subnetwork.private",
            "module.network.google_compute_subnetwork.public",
            "module.pipeline.google_bigquery_dataset.bigquery_db",
            "module.pipeline.google_storage_bucket.bq_loader_dead_letter_bucket",
            "module.pipeline.module.bad_rows_topic.google_pubsub_topic.topic",
            "module.pipeline.module.bigquery_loader.data.google_compute_image.ubuntu_20_04",
            "module.pipeline.module.bigquery_loader.google_pubsub_subscription.failed_inserts",
            "module.pipeline.module.bigquery_loader.google_pubsub_subscription.input",
            "module.pipeline.module.bigquery_loader.google_pubsub_subscription.types",
            "module.pipeline.module.bigquery_loader.google_pubsub_topic.failed_inserts",
            "module.pipeline.module.bigquery_loader.google_pubsub_topic.types",
            "module.pipeline.module.bigquery_loader.google_service_account.sa",
            "module.pipeline.module.bigquery_loader.module.telemetry.random_id.auto_generated_id",
            "module.pipeline.module.bigquery_loader.module.telemetry.snowplow_track_self_describing_event.telemetry",
            "module.pipeline.module.enriched_topic.google_pubsub_topic.topic"
          ],
          "create_before_destroy": true
        }
      ]
    },
    {
      "module": "module.pipeline.module.bigquery_loader[0]",
      "mode": "managed",
      "type": "google_compute_region_instance_group_manager",
      "name": "grp",
      "provider": "provider[\"registry.terraform.io/hashicorp/google\"]",
      "instances": [
        {
          "index_key": "mutator",
          "schema_version": 0,
          "attributes": {
            "auto_healing_policies": [],
            "base_instance_name": "sp-bq-loader-server-mutator",
            "description": "",
            "distribution_policy_target_shape": "EVEN",
            "distribution_policy_zones": [
              "europe-west3-a",
              "europe-west3-b",
              "europe-west3-c"
            ],
            "fingerprint": "D7z5jOZUMps=",
            "id": "projects/spark-10-v5/regions/europe-west3/instanceGroupManagers/sp-bq-loader-server-mutator-grp",
            "instance_group": "https://www.googleapis.com/compute/v1/projects/spark-10-v5/regions/europe-west3/instanceGroups/sp-bq-loader-server-mutator-grp",
            "name": "sp-bq-loader-server-mutator-grp",
            "named_port": [],
            "project": "spark-10-v5",
            "region": "europe-west3",
            "self_link": "https://www.googleapis.com/compute/v1/projects/spark-10-v5/regions/europe-west3/instanceGroupManagers/sp-bq-loader-server-mutator-grp",
            "stateful_disk": [],
            "status": [
              {
                "is_stable": true,
                "stateful": [
                  {
                    "has_stateful_config": false,
                    "per_instance_configs": [
                      {
                        "all_effective": true
                      }
                    ]
                  }
                ],
                "version_target": [
                  {
                    "is_reached": true
                  }
                ]
              }
            ],
            "target_pools": [],
            "target_size": 1,
            "timeouts": {
              "create": "20m",
              "delete": "30m",
              "update": "20m"
            },
            "update_policy": [
              {
                "instance_redistribution_type": "PROACTIVE",
                "max_surge_fixed": 0,
                "max_surge_percent": 0,
                "max_unavailable_fixed": 3,
                "max_unavailable_percent": 0,
                "min_ready_sec": 0,
                "minimal_action": "REPLACE",
                "replacement_method": "SUBSTITUTE",
                "type": "PROACTIVE"
              }
            ],
            "version": [
              {
                "instance_template": "https://www.googleapis.com/compute/v1/projects/spark-10-v5/global/instanceTemplates/sp-bq-loader-server-mutator-20230216224614155600000004",
                "name": "snowplow-bigquery-loader-mutator-1.5.2",
                "target_size": []
              }
            ],
            "wait_for_instances": true,
            "wait_for_instances_status": "STABLE"
          },
          "sensitive_attributes": [],
          "private": "eyJlMmJmYjczMC1lY2FhLTExZTYtOGY4OC0zNDM2M2JjN2M0YzAiOnsiY3JlYXRlIjoxMjAwMDAwMDAwMDAwLCJkZWxldGUiOjE4MDAwMDAwMDAwMDAsInVwZGF0ZSI6MTIwMDAwMDAwMDAwMH19",
          "dependencies": [
            "module.iglu.module.iglu_db.google_sql_database.db",
            "module.iglu.module.iglu_db.google_sql_database_instance.instance",
            "module.iglu.module.iglu_db.google_sql_user.user",
            "module.iglu.module.iglu_db.random_id.db_name_suffix",
            "module.iglu.module.iglu_lb.google_compute_backend_service.lb_backend",
            "module.iglu.module.iglu_lb.google_compute_global_address.ip",
            "module.iglu.module.iglu_lb.google_compute_global_forwarding_rule.lb_http_forwarding_rule",
            "module.iglu.module.iglu_lb.google_compute_global_forwarding_rule.lb_https_forwarding_rule",
            "module.iglu.module.iglu_lb.google_compute_ssl_policy.lb_target_https_ssl_policy",
            "module.iglu.module.iglu_lb.google_compute_target_http_proxy.lb_target_http_proxy",
            "module.iglu.module.iglu_lb.google_compute_target_https_proxy.lb_target_https_proxy",
            "module.iglu.module.iglu_lb.google_compute_url_map.lb_url_map",
            "module.iglu.module.iglu_server.data.google_compute_image.ubuntu_20_04",
            "module.iglu.module.iglu_server.google_compute_firewall.egress",
            "module.iglu.module.iglu_server.google_compute_firewall.ingress",
            "module.iglu.module.iglu_server.google_compute_firewall.ingress_ssh",
            "module.iglu.module.iglu_server.google_compute_health_check.hc",
            "module.iglu.module.iglu_server.google_compute_instance_template.tpl",
            "module.iglu.module.iglu_server.google_compute_region_instance_group_manager.grp",
            "module.iglu.module.iglu_server.google_project_iam_member.sa_cloud_sql_client",
            "module.iglu.module.iglu_server.google_project_iam_member.sa_logging_log_writer",
            "module.iglu.module.iglu_server.google_service_account.sa",
            "module.iglu.module.iglu_server.module.telemetry.random_id.auto_generated_id",
            "module.iglu.module.iglu_server.module.telemetry.snowplow_track_self_describing_event.telemetry",
            "module.network.google_compute_network.vpc_network",
            "module.network.google_compute_router.router",
            "module.network.google_compute_router_nat.nat",
            "module.network.google_compute_subnetwork.private",
            "module.network.google_compute_subnetwork.public",
            "module.pipeline.google_bigquery_dataset.bigquery_db",
            "module.pipeline.google_storage_bucket.bq_loader_dead_letter_bucket",
            "module.pipeline.module.bad_rows_topic.google_pubsub_topic.topic",
            "module.pipeline.module.bigquery_loader.data.google_compute_image.ubuntu_20_04",
            "module.pipeline.module.bigquery_loader.google_compute_instance_template.tpl",
            "module.pipeline.module.bigquery_loader.google_pubsub_subscription.failed_inserts",
            "module.pipeline.module.bigquery_loader.google_pubsub_subscription.input",
            "module.pipeline.module.bigquery_loader.google_pubsub_subscription.types",
            "module.pipeline.module.bigquery_loader.google_pubsub_topic.failed_inserts",
            "module.pipeline.module.bigquery_loader.google_pubsub_topic.types",
            "module.pipeline.module.bigquery_loader.google_service_account.sa",
            "module.pipeline.module.bigquery_loader.module.telemetry.random_id.auto_generated_id",
            "module.pipeline.module.bigquery_loader.module.telemetry.snowplow_track_self_describing_event.telemetry",
            "module.pipeline.module.enriched_topic.google_pubsub_topic.topic"
          ]
        },
        {
          "index_key": "repeater",
          "schema_version": 0,
          "attributes": {
            "auto_healing_policies": [],
            "base_instance_name": "sp-bq-loader-server-repeater",
            "description": "",
            "distribution_policy_target_shape": "EVEN",
            "distribution_policy_zones": [
              "europe-west3-a",
              "europe-west3-b",
              "europe-west3-c"
            ],
            "fingerprint": "9ojycjJOpKA=",
            "id": "projects/spark-10-v5/regions/europe-west3/instanceGroupManagers/sp-bq-loader-server-repeater-grp",
            "instance_group": "https://www.googleapis.com/compute/v1/projects/spark-10-v5/regions/europe-west3/instanceGroups/sp-bq-loader-server-repeater-grp",
            "name": "sp-bq-loader-server-repeater-grp",
            "named_port": [],
            "project": "spark-10-v5",
            "region": "europe-west3",
            "self_link": "https://www.googleapis.com/compute/v1/projects/spark-10-v5/regions/europe-west3/instanceGroupManagers/sp-bq-loader-server-repeater-grp",
            "stateful_disk": [],
            "status": [
              {
                "is_stable": true,
                "stateful": [
                  {
                    "has_stateful_config": false,
                    "per_instance_configs": [
                      {
                        "all_effective": true
                      }
                    ]
                  }
                ],
                "version_target": [
                  {
                    "is_reached": true
                  }
                ]
              }
            ],
            "target_pools": [],
            "target_size": 1,
            "timeouts": {
              "create": "20m",
              "delete": "30m",
              "update": "20m"
            },
            "update_policy": [
              {
                "instance_redistribution_type": "PROACTIVE",
                "max_surge_fixed": 0,
                "max_surge_percent": 0,
                "max_unavailable_fixed": 3,
                "max_unavailable_percent": 0,
                "min_ready_sec": 0,
                "minimal_action": "REPLACE",
                "replacement_method": "SUBSTITUTE",
                "type": "PROACTIVE"
              }
            ],
            "version": [
              {
                "instance_template": "https://www.googleapis.com/compute/v1/projects/spark-10-v5/global/instanceTemplates/sp-bq-loader-server-repeater-20230216224614155700000006",
                "name": "snowplow-bigquery-loader-repeater-1.5.2",
                "target_size": []
              }
            ],
            "wait_for_instances": true,
            "wait_for_instances_status": "STABLE"
          },
          "sensitive_attributes": [],
          "private": "eyJlMmJmYjczMC1lY2FhLTExZTYtOGY4OC0zNDM2M2JjN2M0YzAiOnsiY3JlYXRlIjoxMjAwMDAwMDAwMDAwLCJkZWxldGUiOjE4MDAwMDAwMDAwMDAsInVwZGF0ZSI6MTIwMDAwMDAwMDAwMH19",
          "dependencies": [
            "module.iglu.module.iglu_db.google_sql_database.db",
            "module.iglu.module.iglu_db.google_sql_database_instance.instance",
            "module.iglu.module.iglu_db.google_sql_user.user",
            "module.iglu.module.iglu_db.random_id.db_name_suffix",
            "module.iglu.module.iglu_lb.google_compute_backend_service.lb_backend",
            "module.iglu.module.iglu_lb.google_compute_global_address.ip",
            "module.iglu.module.iglu_lb.google_compute_global_forwarding_rule.lb_http_forwarding_rule",
            "module.iglu.module.iglu_lb.google_compute_global_forwarding_rule.lb_https_forwarding_rule",
            "module.iglu.module.iglu_lb.google_compute_ssl_policy.lb_target_https_ssl_policy",
            "module.iglu.module.iglu_lb.google_compute_target_http_proxy.lb_target_http_proxy",
            "module.iglu.module.iglu_lb.google_compute_target_https_proxy.lb_target_https_proxy",
            "module.iglu.module.iglu_lb.google_compute_url_map.lb_url_map",
            "module.iglu.module.iglu_server.data.google_compute_image.ubuntu_20_04",
            "module.iglu.module.iglu_server.google_compute_firewall.egress",
            "module.iglu.module.iglu_server.google_compute_firewall.ingress",
            "module.iglu.module.iglu_server.google_compute_firewall.ingress_ssh",
            "module.iglu.module.iglu_server.google_compute_health_check.hc",
            "module.iglu.module.iglu_server.google_compute_instance_template.tpl",
            "module.iglu.module.iglu_server.google_compute_region_instance_group_manager.grp",
            "module.iglu.module.iglu_server.google_project_iam_member.sa_cloud_sql_client",
            "module.iglu.module.iglu_server.google_project_iam_member.sa_logging_log_writer",
            "module.iglu.module.iglu_server.google_service_account.sa",
            "module.iglu.module.iglu_server.module.telemetry.random_id.auto_generated_id",
            "module.iglu.module.iglu_server.module.telemetry.snowplow_track_self_describing_event.telemetry",
            "module.network.google_compute_network.vpc_network",
            "module.network.google_compute_router.router",
            "module.network.google_compute_router_nat.nat",
            "module.network.google_compute_subnetwork.private",
            "module.network.google_compute_subnetwork.public",
            "module.pipeline.google_bigquery_dataset.bigquery_db",
            "module.pipeline.google_storage_bucket.bq_loader_dead_letter_bucket",
            "module.pipeline.module.bad_rows_topic.google_pubsub_topic.topic",
            "module.pipeline.module.bigquery_loader.data.google_compute_image.ubuntu_20_04",
            "module.pipeline.module.bigquery_loader.google_compute_instance_template.tpl",
            "module.pipeline.module.bigquery_loader.google_pubsub_subscription.failed_inserts",
            "module.pipeline.module.bigquery_loader.google_pubsub_subscription.input",
            "module.pipeline.module.bigquery_loader.google_pubsub_subscription.types",
            "module.pipeline.module.bigquery_loader.google_pubsub_topic.failed_inserts",
            "module.pipeline.module.bigquery_loader.google_pubsub_topic.types",
            "module.pipeline.module.bigquery_loader.google_service_account.sa",
            "module.pipeline.module.bigquery_loader.module.telemetry.random_id.auto_generated_id",
            "module.pipeline.module.bigquery_loader.module.telemetry.snowplow_track_self_describing_event.telemetry",
            "module.pipeline.module.enriched_topic.google_pubsub_topic.topic"
          ]
        },
        {
          "index_key": "streamloader",
          "schema_version": 0,
          "attributes": {
            "auto_healing_policies": [],
            "base_instance_name": "sp-bq-loader-server-streamloader",
            "description": "",
            "distribution_policy_target_shape": "EVEN",
            "distribution_policy_zones": [
              "europe-west3-a",
              "europe-west3-b",
              "europe-west3-c"
            ],
            "fingerprint": "zaqURUBW0M0=",
            "id": "projects/spark-10-v5/regions/europe-west3/instanceGroupManagers/sp-bq-loader-server-streamloader-grp",
            "instance_group": "https://www.googleapis.com/compute/v1/projects/spark-10-v5/regions/europe-west3/instanceGroups/sp-bq-loader-server-streamloader-grp",
            "name": "sp-bq-loader-server-streamloader-grp",
            "named_port": [],
            "project": "spark-10-v5",
            "region": "europe-west3",
            "self_link": "https://www.googleapis.com/compute/v1/projects/spark-10-v5/regions/europe-west3/instanceGroupManagers/sp-bq-loader-server-streamloader-grp",
            "stateful_disk": [],
            "status": [
              {
                "is_stable": true,
                "stateful": [
                  {
                    "has_stateful_config": false,
                    "per_instance_configs": [
                      {
                        "all_effective": true
                      }
                    ]
                  }
                ],
                "version_target": [
                  {
                    "is_reached": true
                  }
                ]
              }
            ],
            "target_pools": [],
            "target_size": 1,
            "timeouts": {
              "create": "20m",
              "delete": "30m",
              "update": "20m"
            },
            "update_policy": [
              {
                "instance_redistribution_type": "PROACTIVE",
                "max_surge_fixed": 0,
                "max_surge_percent": 0,
                "max_unavailable_fixed": 3,
                "max_unavailable_percent": 0,
                "min_ready_sec": 0,
                "minimal_action": "REPLACE",
                "replacement_method": "SUBSTITUTE",
                "type": "PROACTIVE"
              }
            ],
            "version": [
              {
                "instance_template": "https://www.googleapis.com/compute/v1/projects/spark-10-v5/global/instanceTemplates/sp-bq-loader-server-streamloader-20230216224614155600000005",
                "name": "snowplow-bigquery-loader-streamloader-1.5.2",
                "target_size": []
              }
            ],
            "wait_for_instances": true,
            "wait_for_instances_status": "STABLE"
          },
          "sensitive_attributes": [],
          "private": "eyJlMmJmYjczMC1lY2FhLTExZTYtOGY4OC0zNDM2M2JjN2M0YzAiOnsiY3JlYXRlIjoxMjAwMDAwMDAwMDAwLCJkZWxldGUiOjE4MDAwMDAwMDAwMDAsInVwZGF0ZSI6MTIwMDAwMDAwMDAwMH19",
          "dependencies": [
            "module.iglu.module.iglu_db.google_sql_database.db",
            "module.iglu.module.iglu_db.google_sql_database_instance.instance",
            "module.iglu.module.iglu_db.google_sql_user.user",
            "module.iglu.module.iglu_db.random_id.db_name_suffix",
            "module.iglu.module.iglu_lb.google_compute_backend_service.lb_backend",
            "module.iglu.module.iglu_lb.google_compute_global_address.ip",
            "module.iglu.module.iglu_lb.google_compute_global_forwarding_rule.lb_http_forwarding_rule",
            "module.iglu.module.iglu_lb.google_compute_global_forwarding_rule.lb_https_forwarding_rule",
            "module.iglu.module.iglu_lb.google_compute_ssl_policy.lb_target_https_ssl_policy",
            "module.iglu.module.iglu_lb.google_compute_target_http_proxy.lb_target_http_proxy",
            "module.iglu.module.iglu_lb.google_compute_target_https_proxy.lb_target_https_proxy",
            "module.iglu.module.iglu_lb.google_compute_url_map.lb_url_map",
            "module.iglu.module.iglu_server.data.google_compute_image.ubuntu_20_04",
            "module.iglu.module.iglu_server.google_compute_firewall.egress",
            "module.iglu.module.iglu_server.google_compute_firewall.ingress",
            "module.iglu.module.iglu_server.google_compute_firewall.ingress_ssh",
            "module.iglu.module.iglu_server.google_compute_health_check.hc",
            "module.iglu.module.iglu_server.google_compute_instance_template.tpl",
            "module.iglu.module.iglu_server.google_compute_region_instance_group_manager.grp",
            "module.iglu.module.iglu_server.google_project_iam_member.sa_cloud_sql_client",
            "module.iglu.module.iglu_server.google_project_iam_member.sa_logging_log_writer",
            "module.iglu.module.iglu_server.google_service_account.sa",
            "module.iglu.module.iglu_server.module.telemetry.random_id.auto_generated_id",
            "module.iglu.module.iglu_server.module.telemetry.snowplow_track_self_describing_event.telemetry",
            "module.network.google_compute_network.vpc_network",
            "module.network.google_compute_router.router",
            "module.network.google_compute_router_nat.nat",
            "module.network.google_compute_subnetwork.private",
            "module.network.google_compute_subnetwork.public",
            "module.pipeline.google_bigquery_dataset.bigquery_db",
            "module.pipeline.google_storage_bucket.bq_loader_dead_letter_bucket",
            "module.pipeline.module.bad_rows_topic.google_pubsub_topic.topic",
            "module.pipeline.module.bigquery_loader.data.google_compute_image.ubuntu_20_04",
            "module.pipeline.module.bigquery_loader.google_compute_instance_template.tpl",
            "module.pipeline.module.bigquery_loader.google_pubsub_subscription.failed_inserts",
            "module.pipeline.module.bigquery_loader.google_pubsub_subscription.input",
            "module.pipeline.module.bigquery_loader.google_pubsub_subscription.types",
            "module.pipeline.module.bigquery_loader.google_pubsub_topic.failed_inserts",
            "module.pipeline.module.bigquery_loader.google_pubsub_topic.types",
            "module.pipeline.module.bigquery_loader.google_service_account.sa",
            "module.pipeline.module.bigquery_loader.module.telemetry.random_id.auto_generated_id",
            "module.pipeline.module.bigquery_loader.module.telemetry.snowplow_track_self_describing_event.telemetry",
            "module.pipeline.module.enriched_topic.google_pubsub_topic.topic"
          ]
        }
      ]
    },
    {
      "module": "module.pipeline.module.bigquery_loader[0]",
      "mode": "managed",
      "type": "google_pubsub_subscription",
      "name": "failed_inserts",
      "provider": "provider[\"registry.terraform.io/hashicorp/google\"]",
      "instances": [
        {
          "schema_version": 0,
          "attributes": {
            "ack_deadline_seconds": 10,
            "dead_letter_policy": [],
            "enable_message_ordering": false,
            "expiration_policy": [
              {
                "ttl": ""
              }
            ],
            "filter": "",
            "id": "projects/spark-10-v5/subscriptions/sp-bq-loader-server-failed-inserts",
            "labels": {
              "app_name": "snowplow-bigquery-loader",
              "app_version": "1-5-2",
              "module_name": "bigquery-loader-pubsub-ce",
              "module_version": "0-1-0",
              "name": "sp-bq-loader-server"
            },
            "message_retention_duration": "604800s",
            "name": "sp-bq-loader-server-failed-inserts",
            "path": "projects/spark-10-v5/subscriptions/sp-bq-loader-server-failed-inserts",
            "project": "spark-10-v5",
            "push_config": [],
            "retain_acked_messages": false,
            "retry_policy": [],
            "timeouts": null,
            "topic": "projects/spark-10-v5/topics/sp-bq-loader-server-failed-inserts-topic"
          },
          "sensitive_attributes": [],
          "private": "eyJlMmJmYjczMC1lY2FhLTExZTYtOGY4OC0zNDM2M2JjN2M0YzAiOnsiY3JlYXRlIjozNjAwMDAwMDAwMDAsImRlbGV0ZSI6MjQwMDAwMDAwMDAwLCJ1cGRhdGUiOjM2MDAwMDAwMDAwMH19",
          "dependencies": [
            "module.iglu.module.iglu_db.google_sql_database.db",
            "module.iglu.module.iglu_db.google_sql_database_instance.instance",
            "module.iglu.module.iglu_db.google_sql_user.user",
            "module.iglu.module.iglu_db.random_id.db_name_suffix",
            "module.iglu.module.iglu_lb.google_compute_backend_service.lb_backend",
            "module.iglu.module.iglu_lb.google_compute_global_address.ip",
            "module.iglu.module.iglu_lb.google_compute_global_forwarding_rule.lb_http_forwarding_rule",
            "module.iglu.module.iglu_lb.google_compute_global_forwarding_rule.lb_https_forwarding_rule",
            "module.iglu.module.iglu_lb.google_compute_ssl_policy.lb_target_https_ssl_policy",
            "module.iglu.module.iglu_lb.google_compute_target_http_proxy.lb_target_http_proxy",
            "module.iglu.module.iglu_lb.google_compute_target_https_proxy.lb_target_https_proxy",
            "module.iglu.module.iglu_lb.google_compute_url_map.lb_url_map",
            "module.iglu.module.iglu_server.data.google_compute_image.ubuntu_20_04",
            "module.iglu.module.iglu_server.google_compute_firewall.egress",
            "module.iglu.module.iglu_server.google_compute_firewall.ingress",
            "module.iglu.module.iglu_server.google_compute_firewall.ingress_ssh",
            "module.iglu.module.iglu_server.google_compute_health_check.hc",
            "module.iglu.module.iglu_server.google_compute_instance_template.tpl",
            "module.iglu.module.iglu_server.google_compute_region_instance_group_manager.grp",
            "module.iglu.module.iglu_server.google_project_iam_member.sa_cloud_sql_client",
            "module.iglu.module.iglu_server.google_project_iam_member.sa_logging_log_writer",
            "module.iglu.module.iglu_server.google_service_account.sa",
            "module.iglu.module.iglu_server.module.telemetry.random_id.auto_generated_id",
            "module.iglu.module.iglu_server.module.telemetry.snowplow_track_self_describing_event.telemetry",
            "module.network.google_compute_network.vpc_network",
            "module.network.google_compute_router.router",
            "module.network.google_compute_router_nat.nat",
            "module.network.google_compute_subnetwork.private",
            "module.network.google_compute_subnetwork.public",
            "module.pipeline.module.bigquery_loader.google_pubsub_topic.failed_inserts"
          ],
          "create_before_destroy": true
        }
      ]
    },
    {
      "module": "module.pipeline.module.bigquery_loader[0]",
      "mode": "managed",
      "type": "google_pubsub_subscription",
      "name": "input",
      "provider": "provider[\"registry.terraform.io/hashicorp/google\"]",
      "instances": [
        {
          "schema_version": 0,
          "attributes": {
            "ack_deadline_seconds": 10,
            "dead_letter_policy": [],
            "enable_message_ordering": false,
            "expiration_policy": [
              {
                "ttl": ""
              }
            ],
            "filter": "",
            "id": "projects/spark-10-v5/subscriptions/sp-bq-loader-server-input",
            "labels": {
              "app_name": "snowplow-bigquery-loader",
              "app_version": "1-5-2",
              "module_name": "bigquery-loader-pubsub-ce",
              "module_version": "0-1-0",
              "name": "sp-bq-loader-server"
            },
            "message_retention_duration": "604800s",
            "name": "sp-bq-loader-server-input",
            "path": "projects/spark-10-v5/subscriptions/sp-bq-loader-server-input",
            "project": "spark-10-v5",
            "push_config": [],
            "retain_acked_messages": false,
            "retry_policy": [],
            "timeouts": null,
            "topic": "projects/spark-10-v5/topics/sp-enriched-topic"
          },
          "sensitive_attributes": [],
          "private": "eyJlMmJmYjczMC1lY2FhLTExZTYtOGY4OC0zNDM2M2JjN2M0YzAiOnsiY3JlYXRlIjozNjAwMDAwMDAwMDAsImRlbGV0ZSI6MjQwMDAwMDAwMDAwLCJ1cGRhdGUiOjM2MDAwMDAwMDAwMH19",
          "dependencies": [
            "module.iglu.module.iglu_db.google_sql_database.db",
            "module.iglu.module.iglu_db.google_sql_database_instance.instance",
            "module.iglu.module.iglu_db.google_sql_user.user",
            "module.iglu.module.iglu_db.random_id.db_name_suffix",
            "module.iglu.module.iglu_lb.google_compute_backend_service.lb_backend",
            "module.iglu.module.iglu_lb.google_compute_global_address.ip",
            "module.iglu.module.iglu_lb.google_compute_global_forwarding_rule.lb_http_forwarding_rule",
            "module.iglu.module.iglu_lb.google_compute_global_forwarding_rule.lb_https_forwarding_rule",
            "module.iglu.module.iglu_lb.google_compute_ssl_policy.lb_target_https_ssl_policy",
            "module.iglu.module.iglu_lb.google_compute_target_http_proxy.lb_target_http_proxy",
            "module.iglu.module.iglu_lb.google_compute_target_https_proxy.lb_target_https_proxy",
            "module.iglu.module.iglu_lb.google_compute_url_map.lb_url_map",
            "module.iglu.module.iglu_server.data.google_compute_image.ubuntu_20_04",
            "module.iglu.module.iglu_server.google_compute_firewall.egress",
            "module.iglu.module.iglu_server.google_compute_firewall.ingress",
            "module.iglu.module.iglu_server.google_compute_firewall.ingress_ssh",
            "module.iglu.module.iglu_server.google_compute_health_check.hc",
            "module.iglu.module.iglu_server.google_compute_instance_template.tpl",
            "module.iglu.module.iglu_server.google_compute_region_instance_group_manager.grp",
            "module.iglu.module.iglu_server.google_project_iam_member.sa_cloud_sql_client",
            "module.iglu.module.iglu_server.google_project_iam_member.sa_logging_log_writer",
            "module.iglu.module.iglu_server.google_service_account.sa",
            "module.iglu.module.iglu_server.module.telemetry.random_id.auto_generated_id",
            "module.iglu.module.iglu_server.module.telemetry.snowplow_track_self_describing_event.telemetry",
            "module.network.google_compute_network.vpc_network",
            "module.network.google_compute_router.router",
            "module.network.google_compute_router_nat.nat",
            "module.network.google_compute_subnetwork.private",
            "module.network.google_compute_subnetwork.public",
            "module.pipeline.module.enriched_topic.google_pubsub_topic.topic"
          ],
          "create_before_destroy": true
        }
      ]
    },
    {
      "module": "module.pipeline.module.bigquery_loader[0]",
      "mode": "managed",
      "type": "google_pubsub_subscription",
      "name": "types",
      "provider": "provider[\"registry.terraform.io/hashicorp/google\"]",
      "instances": [
        {
          "schema_version": 0,
          "attributes": {
            "ack_deadline_seconds": 10,
            "dead_letter_policy": [],
            "enable_message_ordering": false,
            "expiration_policy": [
              {
                "ttl": ""
              }
            ],
            "filter": "",
            "id": "projects/spark-10-v5/subscriptions/sp-bq-loader-server-types",
            "labels": {
              "app_name": "snowplow-bigquery-loader",
              "app_version": "1-5-2",
              "module_name": "bigquery-loader-pubsub-ce",
              "module_version": "0-1-0",
              "name": "sp-bq-loader-server"
            },
            "message_retention_duration": "604800s",
            "name": "sp-bq-loader-server-types",
            "path": "projects/spark-10-v5/subscriptions/sp-bq-loader-server-types",
            "project": "spark-10-v5",
            "push_config": [],
            "retain_acked_messages": false,
            "retry_policy": [],
            "timeouts": null,
            "topic": "projects/spark-10-v5/topics/sp-bq-loader-server-types-topic"
          },
          "sensitive_attributes": [],
          "private": "eyJlMmJmYjczMC1lY2FhLTExZTYtOGY4OC0zNDM2M2JjN2M0YzAiOnsiY3JlYXRlIjozNjAwMDAwMDAwMDAsImRlbGV0ZSI6MjQwMDAwMDAwMDAwLCJ1cGRhdGUiOjM2MDAwMDAwMDAwMH19",
          "dependencies": [
            "module.iglu.module.iglu_db.google_sql_database.db",
            "module.iglu.module.iglu_db.google_sql_database_instance.instance",
            "module.iglu.module.iglu_db.google_sql_user.user",
            "module.iglu.module.iglu_db.random_id.db_name_suffix",
            "module.iglu.module.iglu_lb.google_compute_backend_service.lb_backend",
            "module.iglu.module.iglu_lb.google_compute_global_address.ip",
            "module.iglu.module.iglu_lb.google_compute_global_forwarding_rule.lb_http_forwarding_rule",
            "module.iglu.module.iglu_lb.google_compute_global_forwarding_rule.lb_https_forwarding_rule",
            "module.iglu.module.iglu_lb.google_compute_ssl_policy.lb_target_https_ssl_policy",
            "module.iglu.module.iglu_lb.google_compute_target_http_proxy.lb_target_http_proxy",
            "module.iglu.module.iglu_lb.google_compute_target_https_proxy.lb_target_https_proxy",
            "module.iglu.module.iglu_lb.google_compute_url_map.lb_url_map",
            "module.iglu.module.iglu_server.data.google_compute_image.ubuntu_20_04",
            "module.iglu.module.iglu_server.google_compute_firewall.egress",
            "module.iglu.module.iglu_server.google_compute_firewall.ingress",
            "module.iglu.module.iglu_server.google_compute_firewall.ingress_ssh",
            "module.iglu.module.iglu_server.google_compute_health_check.hc",
            "module.iglu.module.iglu_server.google_compute_instance_template.tpl",
            "module.iglu.module.iglu_server.google_compute_region_instance_group_manager.grp",
            "module.iglu.module.iglu_server.google_project_iam_member.sa_cloud_sql_client",
            "module.iglu.module.iglu_server.google_project_iam_member.sa_logging_log_writer",
            "module.iglu.module.iglu_server.google_service_account.sa",
            "module.iglu.module.iglu_server.module.telemetry.random_id.auto_generated_id",
            "module.iglu.module.iglu_server.module.telemetry.snowplow_track_self_describing_event.telemetry",
            "module.network.google_compute_network.vpc_network",
            "module.network.google_compute_router.router",
            "module.network.google_compute_router_nat.nat",
            "module.network.google_compute_subnetwork.private",
            "module.network.google_compute_subnetwork.public",
            "module.pipeline.module.bigquery_loader.google_pubsub_topic.types"
          ],
          "create_before_destroy": true
        }
      ]
    },
    {
      "module": "module.pipeline.module.bigquery_loader[0]",
      "mode": "managed",
      "type": "google_pubsub_topic",
      "name": "failed_inserts",
      "provider": "provider[\"registry.terraform.io/hashicorp/google\"]",
      "instances": [
        {
          "schema_version": 0,
          "attributes": {
            "id": "projects/spark-10-v5/topics/sp-bq-loader-server-failed-inserts-topic",
            "kms_key_name": "",
            "labels": {
              "app_name": "snowplow-bigquery-loader",
              "app_version": "1-5-2",
              "module_name": "bigquery-loader-pubsub-ce",
              "module_version": "0-1-0",
              "name": "sp-bq-loader-server"
            },
            "message_storage_policy": [],
            "name": "sp-bq-loader-server-failed-inserts-topic",
            "project": "spark-10-v5",
            "schema_settings": [],
            "timeouts": null
          },
          "sensitive_attributes": [],
          "private": "eyJlMmJmYjczMC1lY2FhLTExZTYtOGY4OC0zNDM2M2JjN2M0YzAiOnsiY3JlYXRlIjozNjAwMDAwMDAwMDAsImRlbGV0ZSI6MjQwMDAwMDAwMDAwLCJ1cGRhdGUiOjM2MDAwMDAwMDAwMH19",
          "dependencies": [
            "module.iglu.module.iglu_db.google_sql_database.db",
            "module.iglu.module.iglu_db.google_sql_database_instance.instance",
            "module.iglu.module.iglu_db.google_sql_user.user",
            "module.iglu.module.iglu_db.random_id.db_name_suffix",
            "module.iglu.module.iglu_lb.google_compute_backend_service.lb_backend",
            "module.iglu.module.iglu_lb.google_compute_global_address.ip",
            "module.iglu.module.iglu_lb.google_compute_global_forwarding_rule.lb_http_forwarding_rule",
            "module.iglu.module.iglu_lb.google_compute_global_forwarding_rule.lb_https_forwarding_rule",
            "module.iglu.module.iglu_lb.google_compute_ssl_policy.lb_target_https_ssl_policy",
            "module.iglu.module.iglu_lb.google_compute_target_http_proxy.lb_target_http_proxy",
            "module.iglu.module.iglu_lb.google_compute_target_https_proxy.lb_target_https_proxy",
            "module.iglu.module.iglu_lb.google_compute_url_map.lb_url_map",
            "module.iglu.module.iglu_server.data.google_compute_image.ubuntu_20_04",
            "module.iglu.module.iglu_server.google_compute_firewall.egress",
            "module.iglu.module.iglu_server.google_compute_firewall.ingress",
            "module.iglu.module.iglu_server.google_compute_firewall.ingress_ssh",
            "module.iglu.module.iglu_server.google_compute_health_check.hc",
            "module.iglu.module.iglu_server.google_compute_instance_template.tpl",
            "module.iglu.module.iglu_server.google_compute_region_instance_group_manager.grp",
            "module.iglu.module.iglu_server.google_project_iam_member.sa_cloud_sql_client",
            "module.iglu.module.iglu_server.google_project_iam_member.sa_logging_log_writer",
            "module.iglu.module.iglu_server.google_service_account.sa",
            "module.iglu.module.iglu_server.module.telemetry.random_id.auto_generated_id",
            "module.iglu.module.iglu_server.module.telemetry.snowplow_track_self_describing_event.telemetry",
            "module.network.google_compute_network.vpc_network",
            "module.network.google_compute_router.router",
            "module.network.google_compute_router_nat.nat",
            "module.network.google_compute_subnetwork.private",
            "module.network.google_compute_subnetwork.public"
          ],
          "create_before_destroy": true
        }
      ]
    },
    {
      "module": "module.pipeline.module.bigquery_loader[0]",
      "mode": "managed",
      "type": "google_pubsub_topic",
      "name": "types",
      "provider": "provider[\"registry.terraform.io/hashicorp/google\"]",
      "instances": [
        {
          "schema_version": 0,
          "attributes": {
            "id": "projects/spark-10-v5/topics/sp-bq-loader-server-types-topic",
            "kms_key_name": "",
            "labels": {
              "app_name": "snowplow-bigquery-loader",
              "app_version": "1-5-2",
              "module_name": "bigquery-loader-pubsub-ce",
              "module_version": "0-1-0",
              "name": "sp-bq-loader-server"
            },
            "message_storage_policy": [],
            "name": "sp-bq-loader-server-types-topic",
            "project": "spark-10-v5",
            "schema_settings": [],
            "timeouts": null
          },
          "sensitive_attributes": [],
          "private": "eyJlMmJmYjczMC1lY2FhLTExZTYtOGY4OC0zNDM2M2JjN2M0YzAiOnsiY3JlYXRlIjozNjAwMDAwMDAwMDAsImRlbGV0ZSI6MjQwMDAwMDAwMDAwLCJ1cGRhdGUiOjM2MDAwMDAwMDAwMH19",
          "dependencies": [
            "module.iglu.module.iglu_db.google_sql_database.db",
            "module.iglu.module.iglu_db.google_sql_database_instance.instance",
            "module.iglu.module.iglu_db.google_sql_user.user",
            "module.iglu.module.iglu_db.random_id.db_name_suffix",
            "module.iglu.module.iglu_lb.google_compute_backend_service.lb_backend",
            "module.iglu.module.iglu_lb.google_compute_global_address.ip",
            "module.iglu.module.iglu_lb.google_compute_global_forwarding_rule.lb_http_forwarding_rule",
            "module.iglu.module.iglu_lb.google_compute_global_forwarding_rule.lb_https_forwarding_rule",
            "module.iglu.module.iglu_lb.google_compute_ssl_policy.lb_target_https_ssl_policy",
            "module.iglu.module.iglu_lb.google_compute_target_http_proxy.lb_target_http_proxy",
            "module.iglu.module.iglu_lb.google_compute_target_https_proxy.lb_target_https_proxy",
            "module.iglu.module.iglu_lb.google_compute_url_map.lb_url_map",
            "module.iglu.module.iglu_server.data.google_compute_image.ubuntu_20_04",
            "module.iglu.module.iglu_server.google_compute_firewall.egress",
            "module.iglu.module.iglu_server.google_compute_firewall.ingress",
            "module.iglu.module.iglu_server.google_compute_firewall.ingress_ssh",
            "module.iglu.module.iglu_server.google_compute_health_check.hc",
            "module.iglu.module.iglu_server.google_compute_instance_template.tpl",
            "module.iglu.module.iglu_server.google_compute_region_instance_group_manager.grp",
            "module.iglu.module.iglu_server.google_project_iam_member.sa_cloud_sql_client",
            "module.iglu.module.iglu_server.google_project_iam_member.sa_logging_log_writer",
            "module.iglu.module.iglu_server.google_service_account.sa",
            "module.iglu.module.iglu_server.module.telemetry.random_id.auto_generated_id",
            "module.iglu.module.iglu_server.module.telemetry.snowplow_track_self_describing_event.telemetry",
            "module.network.google_compute_network.vpc_network",
            "module.network.google_compute_router.router",
            "module.network.google_compute_router_nat.nat",
            "module.network.google_compute_subnetwork.private",
            "module.network.google_compute_subnetwork.public"
          ],
          "create_before_destroy": true
        }
      ]
    },
    {
      "module": "module.pipeline.module.bigquery_loader[0]",
      "mode": "managed",
      "type": "google_service_account",
      "name": "sa",
      "provider": "provider[\"registry.terraform.io/hashicorp/google\"]",
      "instances": [
        {
          "schema_version": 0,
          "attributes": {
            "account_id": "sp-bq-loader-server",
            "description": "",
            "disabled": false,
            "display_name": "Snowplow BQ Loader service account - sp-bq-loader-server",
            "email": "sp-bq-loader-server@spark-10-v5.iam.gserviceaccount.com",
            "id": "projects/spark-10-v5/serviceAccounts/sp-bq-loader-server@spark-10-v5.iam.gserviceaccount.com",
            "name": "projects/spark-10-v5/serviceAccounts/sp-bq-loader-server@spark-10-v5.iam.gserviceaccount.com",
            "project": "spark-10-v5",
            "timeouts": null,
            "unique_id": "103747948495447705685"
          },
          "sensitive_attributes": [],
          "private": "eyJlMmJmYjczMC1lY2FhLTExZTYtOGY4OC0zNDM2M2JjN2M0YzAiOnsiY3JlYXRlIjozMDAwMDAwMDAwMDB9fQ==",
          "dependencies": [
            "module.iglu.module.iglu_db.google_sql_database.db",
            "module.iglu.module.iglu_db.google_sql_database_instance.instance",
            "module.iglu.module.iglu_db.google_sql_user.user",
            "module.iglu.module.iglu_db.random_id.db_name_suffix",
            "module.iglu.module.iglu_lb.google_compute_backend_service.lb_backend",
            "module.iglu.module.iglu_lb.google_compute_global_address.ip",
            "module.iglu.module.iglu_lb.google_compute_global_forwarding_rule.lb_http_forwarding_rule",
            "module.iglu.module.iglu_lb.google_compute_global_forwarding_rule.lb_https_forwarding_rule",
            "module.iglu.module.iglu_lb.google_compute_ssl_policy.lb_target_https_ssl_policy",
            "module.iglu.module.iglu_lb.google_compute_target_http_proxy.lb_target_http_proxy",
            "module.iglu.module.iglu_lb.google_compute_target_https_proxy.lb_target_https_proxy",
            "module.iglu.module.iglu_lb.google_compute_url_map.lb_url_map",
            "module.iglu.module.iglu_server.data.google_compute_image.ubuntu_20_04",
            "module.iglu.module.iglu_server.google_compute_firewall.egress",
            "module.iglu.module.iglu_server.google_compute_firewall.ingress",
            "module.iglu.module.iglu_server.google_compute_firewall.ingress_ssh",
            "module.iglu.module.iglu_server.google_compute_health_check.hc",
            "module.iglu.module.iglu_server.google_compute_instance_template.tpl",
            "module.iglu.module.iglu_server.google_compute_region_instance_group_manager.grp",
            "module.iglu.module.iglu_server.google_project_iam_member.sa_cloud_sql_client",
            "module.iglu.module.iglu_server.google_project_iam_member.sa_logging_log_writer",
            "module.iglu.module.iglu_server.google_service_account.sa",
            "module.iglu.module.iglu_server.module.telemetry.random_id.auto_generated_id",
            "module.iglu.module.iglu_server.module.telemetry.snowplow_track_self_describing_event.telemetry",
            "module.network.google_compute_network.vpc_network",
            "module.network.google_compute_router.router",
            "module.network.google_compute_router_nat.nat",
            "module.network.google_compute_subnetwork.private",
            "module.network.google_compute_subnetwork.public"
          ],
          "create_before_destroy": true
        }
      ]
    },
    {
      "module": "module.pipeline.module.collector_lb",
      "mode": "managed",
      "type": "google_compute_backend_service",
      "name": "lb_backend",
      "provider": "provider[\"registry.terraform.io/hashicorp/google\"]",
      "instances": [
        {
          "schema_version": 1,
          "attributes": {
            "affinity_cookie_ttl_sec": 0,
            "backend": [
              {
                "balancing_mode": "UTILIZATION",
                "capacity_scaler": 1,
                "description": "",
                "group": "https://www.googleapis.com/compute/v1/projects/spark-10-v5/regions/europe-west3/instanceGroups/sp-collector-server-grp",
                "max_connections": 0,
                "max_connections_per_endpoint": 0,
                "max_connections_per_instance": 0,
                "max_rate": 0,
                "max_rate_per_endpoint": 0,
                "max_rate_per_instance": 0,
                "max_utilization": 0
              }
            ],
            "cdn_policy": [],
            "circuit_breakers": [],
            "connection_draining_timeout_sec": 300,
            "consistent_hash": [],
            "creation_timestamp": "2023-02-16T14:49:06.544-08:00",
            "custom_request_headers": [],
            "custom_response_headers": [],
            "description": "",
            "enable_cdn": false,
            "fingerprint": "P07nkpTKSjY=",
            "health_checks": [
              "https://www.googleapis.com/compute/v1/projects/spark-10-v5/global/healthChecks/sp-collector-server"
            ],
            "iap": [],
            "id": "projects/spark-10-v5/global/backendServices/sp-collector-lb",
            "load_balancing_scheme": "EXTERNAL",
            "locality_lb_policy": "",
            "log_config": [],
            "name": "sp-collector-lb",
            "outlier_detection": [],
            "port_name": "http",
            "project": "spark-10-v5",
            "protocol": "HTTP",
            "security_policy": "",
            "self_link": "https://www.googleapis.com/compute/v1/projects/spark-10-v5/global/backendServices/sp-collector-lb",
            "session_affinity": "NONE",
            "timeout_sec": 60,
            "timeouts": null
          },
          "sensitive_attributes": [],
          "private": "eyJlMmJmYjczMC1lY2FhLTExZTYtOGY4OC0zNDM2M2JjN2M0YzAiOnsiY3JlYXRlIjoyNDAwMDAwMDAwMDAsImRlbGV0ZSI6MjQwMDAwMDAwMDAwLCJ1cGRhdGUiOjI0MDAwMDAwMDAwMH0sInNjaGVtYV92ZXJzaW9uIjoiMSJ9",
          "dependencies": [
            "module.iglu.module.iglu_db.google_sql_database.db",
            "module.iglu.module.iglu_db.google_sql_database_instance.instance",
            "module.iglu.module.iglu_db.google_sql_user.user",
            "module.iglu.module.iglu_db.random_id.db_name_suffix",
            "module.iglu.module.iglu_lb.google_compute_backend_service.lb_backend",
            "module.iglu.module.iglu_lb.google_compute_global_address.ip",
            "module.iglu.module.iglu_lb.google_compute_global_forwarding_rule.lb_http_forwarding_rule",
            "module.iglu.module.iglu_lb.google_compute_global_forwarding_rule.lb_https_forwarding_rule",
            "module.iglu.module.iglu_lb.google_compute_ssl_policy.lb_target_https_ssl_policy",
            "module.iglu.module.iglu_lb.google_compute_target_http_proxy.lb_target_http_proxy",
            "module.iglu.module.iglu_lb.google_compute_target_https_proxy.lb_target_https_proxy",
            "module.iglu.module.iglu_lb.google_compute_url_map.lb_url_map",
            "module.iglu.module.iglu_server.data.google_compute_image.ubuntu_20_04",
            "module.iglu.module.iglu_server.google_compute_firewall.egress",
            "module.iglu.module.iglu_server.google_compute_firewall.ingress",
            "module.iglu.module.iglu_server.google_compute_firewall.ingress_ssh",
            "module.iglu.module.iglu_server.google_compute_health_check.hc",
            "module.iglu.module.iglu_server.google_compute_instance_template.tpl",
            "module.iglu.module.iglu_server.google_compute_region_instance_group_manager.grp",
            "module.iglu.module.iglu_server.google_project_iam_member.sa_cloud_sql_client",
            "module.iglu.module.iglu_server.google_project_iam_member.sa_logging_log_writer",
            "module.iglu.module.iglu_server.google_service_account.sa",
            "module.iglu.module.iglu_server.module.telemetry.random_id.auto_generated_id",
            "module.iglu.module.iglu_server.module.telemetry.snowplow_track_self_describing_event.telemetry",
            "module.network.google_compute_network.vpc_network",
            "module.network.google_compute_router.router",
            "module.network.google_compute_router_nat.nat",
            "module.network.google_compute_subnetwork.private",
            "module.network.google_compute_subnetwork.public",
            "module.pipeline.module.bad_1_topic.google_pubsub_topic.topic",
            "module.pipeline.module.collector_pubsub.data.google_compute_image.ubuntu_20_04",
            "module.pipeline.module.collector_pubsub.google_compute_firewall.ingress",
            "module.pipeline.module.collector_pubsub.google_compute_health_check.hc",
            "module.pipeline.module.collector_pubsub.google_compute_instance_template.tpl",
            "module.pipeline.module.collector_pubsub.google_compute_region_instance_group_manager.grp",
            "module.pipeline.module.collector_pubsub.google_service_account.sa",
            "module.pipeline.module.collector_pubsub.module.telemetry.random_id.auto_generated_id",
            "module.pipeline.module.collector_pubsub.module.telemetry.snowplow_track_self_describing_event.telemetry",
            "module.pipeline.module.raw_topic.google_pubsub_topic.topic"
          ]
        }
      ]
    },
    {
      "module": "module.pipeline.module.collector_lb",
      "mode": "managed",
      "type": "google_compute_global_address",
      "name": "ip",
      "provider": "provider[\"registry.terraform.io/hashicorp/google\"]",
      "instances": [
        {
          "schema_version": 0,
          "attributes": {
            "address": "34.111.58.56",
            "address_type": "EXTERNAL",
            "creation_timestamp": "2023-02-16T14:45:36.700-08:00",
            "description": "",
            "id": "projects/spark-10-v5/global/addresses/sp-collector-lb",
            "ip_version": "",
            "name": "sp-collector-lb",
            "network": "",
            "prefix_length": 0,
            "project": "spark-10-v5",
            "purpose": "",
            "self_link": "https://www.googleapis.com/compute/v1/projects/spark-10-v5/global/addresses/sp-collector-lb",
            "timeouts": null
          },
          "sensitive_attributes": [],
          "private": "eyJlMmJmYjczMC1lY2FhLTExZTYtOGY4OC0zNDM2M2JjN2M0YzAiOnsiY3JlYXRlIjoyNDAwMDAwMDAwMDAsImRlbGV0ZSI6MjQwMDAwMDAwMDAwfX0=",
          "dependencies": [
            "module.iglu.module.iglu_db.google_sql_database.db",
            "module.iglu.module.iglu_db.google_sql_database_instance.instance",
            "module.iglu.module.iglu_db.google_sql_user.user",
            "module.iglu.module.iglu_db.random_id.db_name_suffix",
            "module.iglu.module.iglu_lb.google_compute_backend_service.lb_backend",
            "module.iglu.module.iglu_lb.google_compute_global_address.ip",
            "module.iglu.module.iglu_lb.google_compute_global_forwarding_rule.lb_http_forwarding_rule",
            "module.iglu.module.iglu_lb.google_compute_global_forwarding_rule.lb_https_forwarding_rule",
            "module.iglu.module.iglu_lb.google_compute_ssl_policy.lb_target_https_ssl_policy",
            "module.iglu.module.iglu_lb.google_compute_target_http_proxy.lb_target_http_proxy",
            "module.iglu.module.iglu_lb.google_compute_target_https_proxy.lb_target_https_proxy",
            "module.iglu.module.iglu_lb.google_compute_url_map.lb_url_map",
            "module.iglu.module.iglu_server.data.google_compute_image.ubuntu_20_04",
            "module.iglu.module.iglu_server.google_compute_firewall.egress",
            "module.iglu.module.iglu_server.google_compute_firewall.ingress",
            "module.iglu.module.iglu_server.google_compute_firewall.ingress_ssh",
            "module.iglu.module.iglu_server.google_compute_health_check.hc",
            "module.iglu.module.iglu_server.google_compute_instance_template.tpl",
            "module.iglu.module.iglu_server.google_compute_region_instance_group_manager.grp",
            "module.iglu.module.iglu_server.google_project_iam_member.sa_cloud_sql_client",
            "module.iglu.module.iglu_server.google_project_iam_member.sa_logging_log_writer",
            "module.iglu.module.iglu_server.google_service_account.sa",
            "module.iglu.module.iglu_server.module.telemetry.random_id.auto_generated_id",
            "module.iglu.module.iglu_server.module.telemetry.snowplow_track_self_describing_event.telemetry",
            "module.network.google_compute_network.vpc_network",
            "module.network.google_compute_router.router",
            "module.network.google_compute_router_nat.nat",
            "module.network.google_compute_subnetwork.private",
            "module.network.google_compute_subnetwork.public"
          ]
        }
      ]
    },
    {
      "module": "module.pipeline.module.collector_lb",
      "mode": "managed",
      "type": "google_compute_global_forwarding_rule",
      "name": "lb_http_forwarding_rule",
      "provider": "provider[\"registry.terraform.io/hashicorp/google\"]",
      "instances": [
        {
          "schema_version": 0,
          "attributes": {
            "description": "",
            "id": "projects/spark-10-v5/global/forwardingRules/sp-collector-lb-http-frontend",
            "ip_address": "34.111.58.56",
            "ip_protocol": "TCP",
            "ip_version": "",
            "label_fingerprint": "42WmSpB8rSM=",
            "labels": {},
            "load_balancing_scheme": "EXTERNAL",
            "metadata_filters": [],
            "name": "sp-collector-lb-http-frontend",
            "network": "",
            "port_range": "80",
            "project": "spark-10-v5",
            "self_link": "https://www.googleapis.com/compute/v1/projects/spark-10-v5/global/forwardingRules/sp-collector-lb-http-frontend",
            "target": "https://www.googleapis.com/compute/v1/projects/spark-10-v5/global/targetHttpProxies/sp-collector-lb-http-proxy",
            "timeouts": null
          },
          "sensitive_attributes": [],
          "private": "eyJlMmJmYjczMC1lY2FhLTExZTYtOGY4OC0zNDM2M2JjN2M0YzAiOnsiY3JlYXRlIjo2MDAwMDAwMDAwMDAsImRlbGV0ZSI6NjAwMDAwMDAwMDAwLCJ1cGRhdGUiOjYwMDAwMDAwMDAwMH19",
          "dependencies": [
            "module.iglu.module.iglu_db.google_sql_database.db",
            "module.iglu.module.iglu_db.google_sql_database_instance.instance",
            "module.iglu.module.iglu_db.google_sql_user.user",
            "module.iglu.module.iglu_db.random_id.db_name_suffix",
            "module.iglu.module.iglu_lb.google_compute_backend_service.lb_backend",
            "module.iglu.module.iglu_lb.google_compute_global_address.ip",
            "module.iglu.module.iglu_lb.google_compute_global_forwarding_rule.lb_http_forwarding_rule",
            "module.iglu.module.iglu_lb.google_compute_global_forwarding_rule.lb_https_forwarding_rule",
            "module.iglu.module.iglu_lb.google_compute_ssl_policy.lb_target_https_ssl_policy",
            "module.iglu.module.iglu_lb.google_compute_target_http_proxy.lb_target_http_proxy",
            "module.iglu.module.iglu_lb.google_compute_target_https_proxy.lb_target_https_proxy",
            "module.iglu.module.iglu_lb.google_compute_url_map.lb_url_map",
            "module.iglu.module.iglu_server.data.google_compute_image.ubuntu_20_04",
            "module.iglu.module.iglu_server.google_compute_firewall.egress",
            "module.iglu.module.iglu_server.google_compute_firewall.ingress",
            "module.iglu.module.iglu_server.google_compute_firewall.ingress_ssh",
            "module.iglu.module.iglu_server.google_compute_health_check.hc",
            "module.iglu.module.iglu_server.google_compute_instance_template.tpl",
            "module.iglu.module.iglu_server.google_compute_region_instance_group_manager.grp",
            "module.iglu.module.iglu_server.google_project_iam_member.sa_cloud_sql_client",
            "module.iglu.module.iglu_server.google_project_iam_member.sa_logging_log_writer",
            "module.iglu.module.iglu_server.google_service_account.sa",
            "module.iglu.module.iglu_server.module.telemetry.random_id.auto_generated_id",
            "module.iglu.module.iglu_server.module.telemetry.snowplow_track_self_describing_event.telemetry",
            "module.network.google_compute_network.vpc_network",
            "module.network.google_compute_router.router",
            "module.network.google_compute_router_nat.nat",
            "module.network.google_compute_subnetwork.private",
            "module.network.google_compute_subnetwork.public",
            "module.pipeline.module.bad_1_topic.google_pubsub_topic.topic",
            "module.pipeline.module.collector_lb.google_compute_backend_service.lb_backend",
            "module.pipeline.module.collector_lb.google_compute_global_address.ip",
            "module.pipeline.module.collector_lb.google_compute_target_http_proxy.lb_target_http_proxy",
            "module.pipeline.module.collector_lb.google_compute_url_map.lb_url_map",
            "module.pipeline.module.collector_pubsub.data.google_compute_image.ubuntu_20_04",
            "module.pipeline.module.collector_pubsub.google_compute_firewall.ingress",
            "module.pipeline.module.collector_pubsub.google_compute_health_check.hc",
            "module.pipeline.module.collector_pubsub.google_compute_instance_template.tpl",
            "module.pipeline.module.collector_pubsub.google_compute_region_instance_group_manager.grp",
            "module.pipeline.module.collector_pubsub.google_service_account.sa",
            "module.pipeline.module.collector_pubsub.module.telemetry.random_id.auto_generated_id",
            "module.pipeline.module.collector_pubsub.module.telemetry.snowplow_track_self_describing_event.telemetry",
            "module.pipeline.module.raw_topic.google_pubsub_topic.topic"
          ]
        }
      ]
    },
    {
      "module": "module.pipeline.module.collector_lb",
      "mode": "managed",
      "type": "google_compute_target_http_proxy",
      "name": "lb_target_http_proxy",
      "provider": "provider[\"registry.terraform.io/hashicorp/google\"]",
      "instances": [
        {
          "schema_version": 0,
          "attributes": {
            "creation_timestamp": "2023-02-16T14:49:49.911-08:00",
            "description": "",
            "id": "projects/spark-10-v5/global/targetHttpProxies/sp-collector-lb-http-proxy",
            "name": "sp-collector-lb-http-proxy",
            "project": "spark-10-v5",
            "proxy_bind": false,
            "proxy_id": 3165670519878127074,
            "self_link": "https://www.googleapis.com/compute/v1/projects/spark-10-v5/global/targetHttpProxies/sp-collector-lb-http-proxy",
            "timeouts": null,
            "url_map": "https://www.googleapis.com/compute/v1/projects/spark-10-v5/global/urlMaps/sp-collector-lb"
          },
          "sensitive_attributes": [],
          "private": "eyJlMmJmYjczMC1lY2FhLTExZTYtOGY4OC0zNDM2M2JjN2M0YzAiOnsiY3JlYXRlIjoyNDAwMDAwMDAwMDAsImRlbGV0ZSI6MjQwMDAwMDAwMDAwLCJ1cGRhdGUiOjI0MDAwMDAwMDAwMH19",
          "dependencies": [
            "module.iglu.module.iglu_db.google_sql_database.db",
            "module.iglu.module.iglu_db.google_sql_database_instance.instance",
            "module.iglu.module.iglu_db.google_sql_user.user",
            "module.iglu.module.iglu_db.random_id.db_name_suffix",
            "module.iglu.module.iglu_lb.google_compute_backend_service.lb_backend",
            "module.iglu.module.iglu_lb.google_compute_global_address.ip",
            "module.iglu.module.iglu_lb.google_compute_global_forwarding_rule.lb_http_forwarding_rule",
            "module.iglu.module.iglu_lb.google_compute_global_forwarding_rule.lb_https_forwarding_rule",
            "module.iglu.module.iglu_lb.google_compute_ssl_policy.lb_target_https_ssl_policy",
            "module.iglu.module.iglu_lb.google_compute_target_http_proxy.lb_target_http_proxy",
            "module.iglu.module.iglu_lb.google_compute_target_https_proxy.lb_target_https_proxy",
            "module.iglu.module.iglu_lb.google_compute_url_map.lb_url_map",
            "module.iglu.module.iglu_server.data.google_compute_image.ubuntu_20_04",
            "module.iglu.module.iglu_server.google_compute_firewall.egress",
            "module.iglu.module.iglu_server.google_compute_firewall.ingress",
            "module.iglu.module.iglu_server.google_compute_firewall.ingress_ssh",
            "module.iglu.module.iglu_server.google_compute_health_check.hc",
            "module.iglu.module.iglu_server.google_compute_instance_template.tpl",
            "module.iglu.module.iglu_server.google_compute_region_instance_group_manager.grp",
            "module.iglu.module.iglu_server.google_project_iam_member.sa_cloud_sql_client",
            "module.iglu.module.iglu_server.google_project_iam_member.sa_logging_log_writer",
            "module.iglu.module.iglu_server.google_service_account.sa",
            "module.iglu.module.iglu_server.module.telemetry.random_id.auto_generated_id",
            "module.iglu.module.iglu_server.module.telemetry.snowplow_track_self_describing_event.telemetry",
            "module.network.google_compute_network.vpc_network",
            "module.network.google_compute_router.router",
            "module.network.google_compute_router_nat.nat",
            "module.network.google_compute_subnetwork.private",
            "module.network.google_compute_subnetwork.public",
            "module.pipeline.module.bad_1_topic.google_pubsub_topic.topic",
            "module.pipeline.module.collector_lb.google_compute_backend_service.lb_backend",
            "module.pipeline.module.collector_lb.google_compute_url_map.lb_url_map",
            "module.pipeline.module.collector_pubsub.data.google_compute_image.ubuntu_20_04",
            "module.pipeline.module.collector_pubsub.google_compute_firewall.ingress",
            "module.pipeline.module.collector_pubsub.google_compute_health_check.hc",
            "module.pipeline.module.collector_pubsub.google_compute_instance_template.tpl",
            "module.pipeline.module.collector_pubsub.google_compute_region_instance_group_manager.grp",
            "module.pipeline.module.collector_pubsub.google_service_account.sa",
            "module.pipeline.module.collector_pubsub.module.telemetry.random_id.auto_generated_id",
            "module.pipeline.module.collector_pubsub.module.telemetry.snowplow_track_self_describing_event.telemetry",
            "module.pipeline.module.raw_topic.google_pubsub_topic.topic"
          ]
        }
      ]
    },
    {
      "module": "module.pipeline.module.collector_lb",
      "mode": "managed",
      "type": "google_compute_url_map",
      "name": "lb_url_map",
      "provider": "provider[\"registry.terraform.io/hashicorp/google\"]",
      "instances": [
        {
          "schema_version": 0,
          "attributes": {
            "creation_timestamp": "2023-02-16T14:49:38.509-08:00",
            "default_route_action": [],
            "default_service": "https://www.googleapis.com/compute/v1/projects/spark-10-v5/global/backendServices/sp-collector-lb",
            "default_url_redirect": [],
            "description": "",
            "fingerprint": "ty56jwP60Rw=",
            "header_action": [],
            "host_rule": [],
            "id": "projects/spark-10-v5/global/urlMaps/sp-collector-lb",
            "map_id": 1955364631539289581,
            "name": "sp-collector-lb",
            "path_matcher": [],
            "project": "spark-10-v5",
            "self_link": "https://www.googleapis.com/compute/v1/projects/spark-10-v5/global/urlMaps/sp-collector-lb",
            "test": [],
            "timeouts": null
          },
          "sensitive_attributes": [],
          "private": "eyJlMmJmYjczMC1lY2FhLTExZTYtOGY4OC0zNDM2M2JjN2M0YzAiOnsiY3JlYXRlIjoyNDAwMDAwMDAwMDAsImRlbGV0ZSI6MjQwMDAwMDAwMDAwLCJ1cGRhdGUiOjI0MDAwMDAwMDAwMH19",
          "dependencies": [
            "module.iglu.module.iglu_db.google_sql_database.db",
            "module.iglu.module.iglu_db.google_sql_database_instance.instance",
            "module.iglu.module.iglu_db.google_sql_user.user",
            "module.iglu.module.iglu_db.random_id.db_name_suffix",
            "module.iglu.module.iglu_lb.google_compute_backend_service.lb_backend",
            "module.iglu.module.iglu_lb.google_compute_global_address.ip",
            "module.iglu.module.iglu_lb.google_compute_global_forwarding_rule.lb_http_forwarding_rule",
            "module.iglu.module.iglu_lb.google_compute_global_forwarding_rule.lb_https_forwarding_rule",
            "module.iglu.module.iglu_lb.google_compute_ssl_policy.lb_target_https_ssl_policy",
            "module.iglu.module.iglu_lb.google_compute_target_http_proxy.lb_target_http_proxy",
            "module.iglu.module.iglu_lb.google_compute_target_https_proxy.lb_target_https_proxy",
            "module.iglu.module.iglu_lb.google_compute_url_map.lb_url_map",
            "module.iglu.module.iglu_server.data.google_compute_image.ubuntu_20_04",
            "module.iglu.module.iglu_server.google_compute_firewall.egress",
            "module.iglu.module.iglu_server.google_compute_firewall.ingress",
            "module.iglu.module.iglu_server.google_compute_firewall.ingress_ssh",
            "module.iglu.module.iglu_server.google_compute_health_check.hc",
            "module.iglu.module.iglu_server.google_compute_instance_template.tpl",
            "module.iglu.module.iglu_server.google_compute_region_instance_group_manager.grp",
            "module.iglu.module.iglu_server.google_project_iam_member.sa_cloud_sql_client",
            "module.iglu.module.iglu_server.google_project_iam_member.sa_logging_log_writer",
            "module.iglu.module.iglu_server.google_service_account.sa",
            "module.iglu.module.iglu_server.module.telemetry.random_id.auto_generated_id",
            "module.iglu.module.iglu_server.module.telemetry.snowplow_track_self_describing_event.telemetry",
            "module.network.google_compute_network.vpc_network",
            "module.network.google_compute_router.router",
            "module.network.google_compute_router_nat.nat",
            "module.network.google_compute_subnetwork.private",
            "module.network.google_compute_subnetwork.public",
            "module.pipeline.module.bad_1_topic.google_pubsub_topic.topic",
            "module.pipeline.module.collector_lb.google_compute_backend_service.lb_backend",
            "module.pipeline.module.collector_pubsub.data.google_compute_image.ubuntu_20_04",
            "module.pipeline.module.collector_pubsub.google_compute_firewall.ingress",
            "module.pipeline.module.collector_pubsub.google_compute_health_check.hc",
            "module.pipeline.module.collector_pubsub.google_compute_instance_template.tpl",
            "module.pipeline.module.collector_pubsub.google_compute_region_instance_group_manager.grp",
            "module.pipeline.module.collector_pubsub.google_service_account.sa",
            "module.pipeline.module.collector_pubsub.module.telemetry.random_id.auto_generated_id",
            "module.pipeline.module.collector_pubsub.module.telemetry.snowplow_track_self_describing_event.telemetry",
            "module.pipeline.module.raw_topic.google_pubsub_topic.topic"
          ]
        }
      ]
    },
    {
      "module": "module.pipeline.module.collector_pubsub",
      "mode": "managed",
      "type": "google_compute_firewall",
      "name": "egress",
      "provider": "provider[\"registry.terraform.io/hashicorp/google\"]",
      "instances": [
        {
          "schema_version": 1,
          "attributes": {
            "allow": [
              {
                "ports": [
                  "123"
                ],
                "protocol": "udp"
              },
              {
                "ports": [
                  "80",
                  "443"
                ],
                "protocol": "tcp"
              }
            ],
            "creation_timestamp": "2023-02-16T14:45:42.001-08:00",
            "deny": [],
            "description": "",
            "destination_ranges": [
              "0.0.0.0/0"
            ],
            "direction": "EGRESS",
            "disabled": false,
            "enable_logging": null,
            "id": "projects/spark-10-v5/global/firewalls/sp-collector-server-traffic-out",
            "log_config": [],
            "name": "sp-collector-server-traffic-out",
            "network": "https://www.googleapis.com/compute/v1/projects/spark-10-v5/global/networks/terraform-network",
            "priority": 1000,
            "project": "spark-10-v5",
            "self_link": "https://www.googleapis.com/compute/v1/projects/spark-10-v5/global/firewalls/sp-collector-server-traffic-out",
            "source_ranges": [],
            "source_service_accounts": [],
            "source_tags": [],
            "target_service_accounts": [],
            "target_tags": [
              "sp-collector-server"
            ],
            "timeouts": null
          },
          "sensitive_attributes": [],
          "private": "eyJlMmJmYjczMC1lY2FhLTExZTYtOGY4OC0zNDM2M2JjN2M0YzAiOnsiY3JlYXRlIjoyNDAwMDAwMDAwMDAsImRlbGV0ZSI6MjQwMDAwMDAwMDAwLCJ1cGRhdGUiOjI0MDAwMDAwMDAwMH0sInNjaGVtYV92ZXJzaW9uIjoiMSJ9",
          "dependencies": [
            "module.iglu.module.iglu_db.google_sql_database.db",
            "module.iglu.module.iglu_db.google_sql_database_instance.instance",
            "module.iglu.module.iglu_db.google_sql_user.user",
            "module.iglu.module.iglu_db.random_id.db_name_suffix",
            "module.iglu.module.iglu_lb.google_compute_backend_service.lb_backend",
            "module.iglu.module.iglu_lb.google_compute_global_address.ip",
            "module.iglu.module.iglu_lb.google_compute_global_forwarding_rule.lb_http_forwarding_rule",
            "module.iglu.module.iglu_lb.google_compute_global_forwarding_rule.lb_https_forwarding_rule",
            "module.iglu.module.iglu_lb.google_compute_ssl_policy.lb_target_https_ssl_policy",
            "module.iglu.module.iglu_lb.google_compute_target_http_proxy.lb_target_http_proxy",
            "module.iglu.module.iglu_lb.google_compute_target_https_proxy.lb_target_https_proxy",
            "module.iglu.module.iglu_lb.google_compute_url_map.lb_url_map",
            "module.iglu.module.iglu_server.data.google_compute_image.ubuntu_20_04",
            "module.iglu.module.iglu_server.google_compute_firewall.egress",
            "module.iglu.module.iglu_server.google_compute_firewall.ingress",
            "module.iglu.module.iglu_server.google_compute_firewall.ingress_ssh",
            "module.iglu.module.iglu_server.google_compute_health_check.hc",
            "module.iglu.module.iglu_server.google_compute_instance_template.tpl",
            "module.iglu.module.iglu_server.google_compute_region_instance_group_manager.grp",
            "module.iglu.module.iglu_server.google_project_iam_member.sa_cloud_sql_client",
            "module.iglu.module.iglu_server.google_project_iam_member.sa_logging_log_writer",
            "module.iglu.module.iglu_server.google_service_account.sa",
            "module.iglu.module.iglu_server.module.telemetry.random_id.auto_generated_id",
            "module.iglu.module.iglu_server.module.telemetry.snowplow_track_self_describing_event.telemetry",
            "module.network.google_compute_network.vpc_network",
            "module.network.google_compute_router.router",
            "module.network.google_compute_router_nat.nat",
            "module.network.google_compute_subnetwork.private",
            "module.network.google_compute_subnetwork.public"
          ]
        }
      ]
    },
    {
      "module": "module.pipeline.module.collector_pubsub",
      "mode": "managed",
      "type": "google_compute_firewall",
      "name": "ingress",
      "provider": "provider[\"registry.terraform.io/hashicorp/google\"]",
      "instances": [
        {
          "schema_version": 1,
          "attributes": {
            "allow": [
              {
                "ports": [
                  "8080"
                ],
                "protocol": "tcp"
              }
            ],
            "creation_timestamp": "2023-02-16T14:45:41.519-08:00",
            "deny": [],
            "description": "",
            "destination_ranges": [],
            "direction": "INGRESS",
            "disabled": false,
            "enable_logging": null,
            "id": "projects/spark-10-v5/global/firewalls/sp-collector-server-traffic-in",
            "log_config": [],
            "name": "sp-collector-server-traffic-in",
            "network": "https://www.googleapis.com/compute/v1/projects/spark-10-v5/global/networks/terraform-network",
            "priority": 1000,
            "project": "spark-10-v5",
            "self_link": "https://www.googleapis.com/compute/v1/projects/spark-10-v5/global/firewalls/sp-collector-server-traffic-in",
            "source_ranges": [
              "130.211.0.0/22",
              "35.191.0.0/16"
            ],
            "source_service_accounts": [],
            "source_tags": [],
            "target_service_accounts": [],
            "target_tags": [
              "sp-collector-server"
            ],
            "timeouts": null
          },
          "sensitive_attributes": [],
          "private": "eyJlMmJmYjczMC1lY2FhLTExZTYtOGY4OC0zNDM2M2JjN2M0YzAiOnsiY3JlYXRlIjoyNDAwMDAwMDAwMDAsImRlbGV0ZSI6MjQwMDAwMDAwMDAwLCJ1cGRhdGUiOjI0MDAwMDAwMDAwMH0sInNjaGVtYV92ZXJzaW9uIjoiMSJ9",
          "dependencies": [
            "module.iglu.module.iglu_db.google_sql_database.db",
            "module.iglu.module.iglu_db.google_sql_database_instance.instance",
            "module.iglu.module.iglu_db.google_sql_user.user",
            "module.iglu.module.iglu_db.random_id.db_name_suffix",
            "module.iglu.module.iglu_lb.google_compute_backend_service.lb_backend",
            "module.iglu.module.iglu_lb.google_compute_global_address.ip",
            "module.iglu.module.iglu_lb.google_compute_global_forwarding_rule.lb_http_forwarding_rule",
            "module.iglu.module.iglu_lb.google_compute_global_forwarding_rule.lb_https_forwarding_rule",
            "module.iglu.module.iglu_lb.google_compute_ssl_policy.lb_target_https_ssl_policy",
            "module.iglu.module.iglu_lb.google_compute_target_http_proxy.lb_target_http_proxy",
            "module.iglu.module.iglu_lb.google_compute_target_https_proxy.lb_target_https_proxy",
            "module.iglu.module.iglu_lb.google_compute_url_map.lb_url_map",
            "module.iglu.module.iglu_server.data.google_compute_image.ubuntu_20_04",
            "module.iglu.module.iglu_server.google_compute_firewall.egress",
            "module.iglu.module.iglu_server.google_compute_firewall.ingress",
            "module.iglu.module.iglu_server.google_compute_firewall.ingress_ssh",
            "module.iglu.module.iglu_server.google_compute_health_check.hc",
            "module.iglu.module.iglu_server.google_compute_instance_template.tpl",
            "module.iglu.module.iglu_server.google_compute_region_instance_group_manager.grp",
            "module.iglu.module.iglu_server.google_project_iam_member.sa_cloud_sql_client",
            "module.iglu.module.iglu_server.google_project_iam_member.sa_logging_log_writer",
            "module.iglu.module.iglu_server.google_service_account.sa",
            "module.iglu.module.iglu_server.module.telemetry.random_id.auto_generated_id",
            "module.iglu.module.iglu_server.module.telemetry.snowplow_track_self_describing_event.telemetry",
            "module.network.google_compute_network.vpc_network",
            "module.network.google_compute_router.router",
            "module.network.google_compute_router_nat.nat",
            "module.network.google_compute_subnetwork.private",
            "module.network.google_compute_subnetwork.public"
          ]
        }
      ]
    },
    {
      "module": "module.pipeline.module.collector_pubsub",
      "mode": "managed",
      "type": "google_compute_firewall",
      "name": "ingress_ssh",
      "provider": "provider[\"registry.terraform.io/hashicorp/google\"]",
      "instances": [
        {
          "schema_version": 1,
          "attributes": {
            "allow": [
              {
                "ports": [
                  "22"
                ],
                "protocol": "tcp"
              }
            ],
            "creation_timestamp": "2023-02-16T14:45:41.722-08:00",
            "deny": [],
            "description": "",
            "destination_ranges": [],
            "direction": "INGRESS",
            "disabled": false,
            "enable_logging": null,
            "id": "projects/spark-10-v5/global/firewalls/sp-collector-server-ssh-in",
            "log_config": [],
            "name": "sp-collector-server-ssh-in",
            "network": "https://www.googleapis.com/compute/v1/projects/spark-10-v5/global/networks/terraform-network",
            "priority": 1000,
            "project": "spark-10-v5",
            "self_link": "https://www.googleapis.com/compute/v1/projects/spark-10-v5/global/firewalls/sp-collector-server-ssh-in",
            "source_ranges": [
              "165.225.241.67/32",
              "80.113.68.61/32"
            ],
            "source_service_accounts": [],
            "source_tags": [],
            "target_service_accounts": [],
            "target_tags": [
              "sp-collector-server"
            ],
            "timeouts": null
          },
          "sensitive_attributes": [],
          "private": "eyJlMmJmYjczMC1lY2FhLTExZTYtOGY4OC0zNDM2M2JjN2M0YzAiOnsiY3JlYXRlIjoyNDAwMDAwMDAwMDAsImRlbGV0ZSI6MjQwMDAwMDAwMDAwLCJ1cGRhdGUiOjI0MDAwMDAwMDAwMH0sInNjaGVtYV92ZXJzaW9uIjoiMSJ9",
          "dependencies": [
            "module.iglu.module.iglu_db.google_sql_database.db",
            "module.iglu.module.iglu_db.google_sql_database_instance.instance",
            "module.iglu.module.iglu_db.google_sql_user.user",
            "module.iglu.module.iglu_db.random_id.db_name_suffix",
            "module.iglu.module.iglu_lb.google_compute_backend_service.lb_backend",
            "module.iglu.module.iglu_lb.google_compute_global_address.ip",
            "module.iglu.module.iglu_lb.google_compute_global_forwarding_rule.lb_http_forwarding_rule",
            "module.iglu.module.iglu_lb.google_compute_global_forwarding_rule.lb_https_forwarding_rule",
            "module.iglu.module.iglu_lb.google_compute_ssl_policy.lb_target_https_ssl_policy",
            "module.iglu.module.iglu_lb.google_compute_target_http_proxy.lb_target_http_proxy",
            "module.iglu.module.iglu_lb.google_compute_target_https_proxy.lb_target_https_proxy",
            "module.iglu.module.iglu_lb.google_compute_url_map.lb_url_map",
            "module.iglu.module.iglu_server.data.google_compute_image.ubuntu_20_04",
            "module.iglu.module.iglu_server.google_compute_firewall.egress",
            "module.iglu.module.iglu_server.google_compute_firewall.ingress",
            "module.iglu.module.iglu_server.google_compute_firewall.ingress_ssh",
            "module.iglu.module.iglu_server.google_compute_health_check.hc",
            "module.iglu.module.iglu_server.google_compute_instance_template.tpl",
            "module.iglu.module.iglu_server.google_compute_region_instance_group_manager.grp",
            "module.iglu.module.iglu_server.google_project_iam_member.sa_cloud_sql_client",
            "module.iglu.module.iglu_server.google_project_iam_member.sa_logging_log_writer",
            "module.iglu.module.iglu_server.google_service_account.sa",
            "module.iglu.module.iglu_server.module.telemetry.random_id.auto_generated_id",
            "module.iglu.module.iglu_server.module.telemetry.snowplow_track_self_describing_event.telemetry",
            "module.network.google_compute_network.vpc_network",
            "module.network.google_compute_router.router",
            "module.network.google_compute_router_nat.nat",
            "module.network.google_compute_subnetwork.private",
            "module.network.google_compute_subnetwork.public"
          ]
        }
      ]
    },
    {
      "module": "module.pipeline.module.collector_pubsub",
      "mode": "managed",
      "type": "google_compute_health_check",
      "name": "hc",
      "provider": "provider[\"registry.terraform.io/hashicorp/google\"]",
      "instances": [
        {
          "schema_version": 0,
          "attributes": {
            "check_interval_sec": 5,
            "creation_timestamp": "2023-02-16T14:45:36.713-08:00",
            "description": "",
            "grpc_health_check": [],
            "healthy_threshold": 2,
            "http2_health_check": [],
            "http_health_check": [
              {
                "host": "",
                "port": 8080,
                "port_name": "",
                "port_specification": "",
                "proxy_header": "NONE",
                "request_path": "/health",
                "response": ""
              }
            ],
            "https_health_check": [],
            "id": "projects/spark-10-v5/global/healthChecks/sp-collector-server",
            "log_config": [
              {
                "enable": false
              }
            ],
            "name": "sp-collector-server",
            "project": "spark-10-v5",
            "self_link": "https://www.googleapis.com/compute/v1/projects/spark-10-v5/global/healthChecks/sp-collector-server",
            "ssl_health_check": [],
            "tcp_health_check": [],
            "timeout_sec": 5,
            "timeouts": null,
            "type": "HTTP",
            "unhealthy_threshold": 10
          },
          "sensitive_attributes": [],
          "private": "eyJlMmJmYjczMC1lY2FhLTExZTYtOGY4OC0zNDM2M2JjN2M0YzAiOnsiY3JlYXRlIjoyNDAwMDAwMDAwMDAsImRlbGV0ZSI6MjQwMDAwMDAwMDAwLCJ1cGRhdGUiOjI0MDAwMDAwMDAwMH19",
          "dependencies": [
            "module.iglu.module.iglu_db.google_sql_database.db",
            "module.iglu.module.iglu_db.google_sql_database_instance.instance",
            "module.iglu.module.iglu_db.google_sql_user.user",
            "module.iglu.module.iglu_db.random_id.db_name_suffix",
            "module.iglu.module.iglu_lb.google_compute_backend_service.lb_backend",
            "module.iglu.module.iglu_lb.google_compute_global_address.ip",
            "module.iglu.module.iglu_lb.google_compute_global_forwarding_rule.lb_http_forwarding_rule",
            "module.iglu.module.iglu_lb.google_compute_global_forwarding_rule.lb_https_forwarding_rule",
            "module.iglu.module.iglu_lb.google_compute_ssl_policy.lb_target_https_ssl_policy",
            "module.iglu.module.iglu_lb.google_compute_target_http_proxy.lb_target_http_proxy",
            "module.iglu.module.iglu_lb.google_compute_target_https_proxy.lb_target_https_proxy",
            "module.iglu.module.iglu_lb.google_compute_url_map.lb_url_map",
            "module.iglu.module.iglu_server.data.google_compute_image.ubuntu_20_04",
            "module.iglu.module.iglu_server.google_compute_firewall.egress",
            "module.iglu.module.iglu_server.google_compute_firewall.ingress",
            "module.iglu.module.iglu_server.google_compute_firewall.ingress_ssh",
            "module.iglu.module.iglu_server.google_compute_health_check.hc",
            "module.iglu.module.iglu_server.google_compute_instance_template.tpl",
            "module.iglu.module.iglu_server.google_compute_region_instance_group_manager.grp",
            "module.iglu.module.iglu_server.google_project_iam_member.sa_cloud_sql_client",
            "module.iglu.module.iglu_server.google_project_iam_member.sa_logging_log_writer",
            "module.iglu.module.iglu_server.google_service_account.sa",
            "module.iglu.module.iglu_server.module.telemetry.random_id.auto_generated_id",
            "module.iglu.module.iglu_server.module.telemetry.snowplow_track_self_describing_event.telemetry",
            "module.network.google_compute_network.vpc_network",
            "module.network.google_compute_router.router",
            "module.network.google_compute_router_nat.nat",
            "module.network.google_compute_subnetwork.private",
            "module.network.google_compute_subnetwork.public"
          ]
        }
      ]
    },
    {
      "module": "module.pipeline.module.collector_pubsub",
      "mode": "managed",
      "type": "google_compute_instance_template",
      "name": "tpl",
      "provider": "provider[\"registry.terraform.io/hashicorp/google\"]",
      "instances": [
        {
          "schema_version": 1,
          "attributes": {
            "advanced_machine_features": [],
            "can_ip_forward": false,
            "confidential_instance_config": [],
            "description": "This template is used to create Stream Collector instances",
            "disk": [
              {
                "auto_delete": true,
                "boot": true,
                "device_name": "persistent-disk-0",
                "disk_encryption_key": [],
                "disk_name": "",
                "disk_size_gb": 10,
                "disk_type": "pd-standard",
                "interface": "SCSI",
                "labels": {},
                "mode": "READ_WRITE",
                "resource_policies": [],
                "source": "",
                "source_image": "projects/ubuntu-os-cloud/global/images/ubuntu-2004-focal-v20230213",
                "type": "PERSISTENT"
              }
            ],
            "enable_display": null,
            "guest_accelerator": [],
            "id": "projects/spark-10-v5/global/instanceTemplates/sp-collector-server-20230216224604480700000002",
            "instance_description": "sp-collector-server",
            "labels": {
              "app_name": "stream-collector",
              "app_version": "2-4-5",
              "module_name": "collector-pubsub-ce",
              "module_version": "0-2-2",
              "name": "sp-collector-server"
            },
            "machine_type": "e2-small",
            "metadata": {
              "block-project-ssh-keys": "true",
              "ssh-keys": "    RGD4594QPT:ssh-rsa AAAAB3NzaC1yc2EAAAADAQABAAACAQC5+Uctxp2Q8xeUTztKpIW3XqMWnmTyHjFZkbmeoQcCTLKtZJ+CLROlutqZWEy19Z1Map2tfXbo3cIghVKDrr7rXV6zM9dgmCQBPvNZivu7H3BpN8qR4h/BSSi4YsSE04+QOApp+OT+D9ToNwtUUPdzisbdgSaeYtZTj8UISsoOCUyNSxrzaJB8ye6+DLkEP5GMsl+VnMxe3VXzMHPioqPl0HDSibRzok8hm0Y8jQOB6r5tkmM4Gs8Zr1hfSIZZFvCA2kP2iS+pyzBslneGNszEepsfIseT+Kybq4RvXBpPg/tZZ/dJhtYcFx+wqQWzP8RHVGmSrwRrcxzgmHaIBbr5Qeh7azhDkPEcRYERVC1b13TPSK77vc19VN+QFAfPG+7PoJ0IsWWQ3ez7CtFKA+sO0SHq9mz89gAq1G7WIm+lPSwDzsValv2osgDn1ehnX5SY4X1B7pjult0qDfpeHMOFfKPeMH6CqNS1awALheWV0qsN7Tn8+5uCmNpLGDIg15jdfV5dpZ0IGhH/lhn9De1sWI4wQcTNCaMmWzb+y7Z8b6tsyz8ZB0wB/2FJCHIyvUpMwFmGyoc4ziPWopb1JNchLem4GogbmFehHyLguc17P8dKKTFxLrIe4X5MYe+j2VjA7gZK6teVFWPqxjWT8xWUp3UkhvEmNV+rwkLp2rQY6w== angelo.rampersad@RGD4594QPT\n"
            },
            "metadata_fingerprint": "KkjZUvl33PA=",
            "metadata_startup_script": "#!/bin/bash\nset -e -x\n\n# -----------------------------------------------------------------------------\n#  BASE INSTALL\n# -----------------------------------------------------------------------------\n\nreadonly CONFIG_DIR=/opt/snowplow/config\n\nfunction install_base_packages() {\n  sudo apt install wget curl unzip -y\n}\n\nfunction install_docker_ce() {\n  sudo apt install docker.io -y\n  sudo systemctl enable --now docker\n}\n\nsudo apt update -y\n\ninstall_base_packages\ninstall_docker_ce\n\nsudo mkdir -p ${CONFIG_DIR}\nsudo cat \u003c\u003c EOF \u003e ${CONFIG_DIR}/collector.hocon\ncollector {\n  interface = \"0.0.0.0\"\n  port = 8080\n  ssl {\n    enable = false\n    redirect = false\n    port = 8443\n  }\n  paths {}\n  p3p {\n    policyRef = \"/w3c/p3p.xml\"\n    CP = \"NOI DSP COR NID PSA OUR IND COM NAV STA\"\n  }\n  crossDomain {\n    enabled = false\n    domains = [ \"*\" ]\n    secure = true\n  }\n  cookie {\n    enabled = true\n    expiration = \"365 days\"\n    name = sp\n    domains = []\n    fallbackDomain = \"\"\n    secure = true\n    httpOnly = false\n    sameSite = \"None\"\n  }\n  doNotTrackCookie {\n    enabled = false\n    name = \"\"\n    value = \"\"\n  }\n  cookieBounce {\n    enabled = false\n    name = \"n3pc\"\n    fallbackNetworkUserId = \"00000000-0000-4000-A000-000000000000\"\n    forwardedProtocolHeader = \"X-Forwarded-Proto\"\n  }\n  enableDefaultRedirect = false\n  redirectMacro {\n    enabled = false\n    placeholder = \"[TOKEN]\"\n  }\n  rootResponse {\n    enabled = false\n    statusCode = 302\n    headers = {}\n    body = \"302, redirecting\"\n  }\n  cors {\n    accessControlMaxAge = \"5 seconds\"\n  }\n  prometheusMetrics {\n    enabled = false\n  }\n  streams {\n    good = sp-raw-topic\n    bad = sp-bad-1-topic\n    useIpAddressAsPartitionKey = false\n    sink {\n      enabled = google-pub-sub\n      googleProjectId = \"spark-10-v5\"\n      backoffPolicy {\n        minBackoff = 1000\n        maxBackoff = 1000\n        totalBackoff = 10000\n        multiplier = 1\n      }\n    }\n    buffer {\n      byteLimit = 1000000\n      recordLimit = 500\n      timeLimit = 500\n    }\n  }\n  telemetry {\n    disable = true\n    url = \"\"\n    userProvidedId = \"\"\n    moduleName = \"collector-pubsub-ce\"\n    moduleVersion = \"0.2.2\"\n    autoGeneratedId = \"\"\n  }\n}\nakka {\n  loglevel = WARNING\n  loggers = [\"akka.event.slf4j.Slf4jLogger\"]\n  http.server {\n    remote-address-header = on\n    raw-request-uri-header = on\n    parsing {\n      max-uri-length = 32768\n      uri-parsing-mode = relaxed\n    }\n    max-connections = 2048\n  }\n}\nEOF\n\nsudo docker run \\\n  -d \\\n  --name collector \\\n  --restart always \\\n  --network host \\\n  --log-driver gcplogs \\\n  -v ${CONFIG_DIR}:/snowplow/config \\\n  -p 8080:8080 \\\n  -e 'JAVA_OPTS=-Dorg.slf4j.simpleLogger.defaultLogLevel=info' \\\n  snowplow/scala-stream-collector-pubsub:2.4.5 \\\n  --config /snowplow/config/collector.hocon\n\n\n",
            "min_cpu_platform": "",
            "name": "sp-collector-server-20230216224604480700000002",
            "name_prefix": "sp-collector-server-",
            "network_interface": [
              {
                "access_config": [],
                "alias_ip_range": [],
                "ipv6_access_config": [],
                "ipv6_access_type": "",
                "name": "nic0",
                "network": "https://www.googleapis.com/compute/v1/projects/spark-10-v5/global/networks/terraform-network",
                "network_ip": "",
                "nic_type": "",
                "stack_type": "",
                "subnetwork": "https://www.googleapis.com/compute/v1/projects/spark-10-v5/regions/europe-west3/subnetworks/terraform-private",
                "subnetwork_project": "spark-10-v5"
              }
            ],
            "project": "spark-10-v5",
            "region": "europe-west3",
            "reservation_affinity": [],
            "scheduling": [
              {
                "automatic_restart": true,
                "min_node_cpus": 0,
                "node_affinities": [],
                "on_host_maintenance": "MIGRATE",
                "preemptible": false
              }
            ],
            "self_link": "https://www.googleapis.com/compute/beta/projects/spark-10-v5/global/instanceTemplates/sp-collector-server-20230216224604480700000002",
            "service_account": [
              {
                "email": "sp-collector-server@spark-10-v5.iam.gserviceaccount.com",
                "scopes": [
                  "https://www.googleapis.com/auth/cloud-platform"
                ]
              }
            ],
            "shielded_instance_config": [],
            "tags": [
              "sp-collector-server"
            ],
            "tags_fingerprint": "",
            "timeouts": null
          },
          "sensitive_attributes": [],
          "private": "eyJlMmJmYjczMC1lY2FhLTExZTYtOGY4OC0zNDM2M2JjN2M0YzAiOnsiY3JlYXRlIjoyNDAwMDAwMDAwMDAsImRlbGV0ZSI6MjQwMDAwMDAwMDAwfSwic2NoZW1hX3ZlcnNpb24iOiIxIn0=",
          "dependencies": [
            "module.iglu.module.iglu_db.google_sql_database.db",
            "module.iglu.module.iglu_db.google_sql_database_instance.instance",
            "module.iglu.module.iglu_db.google_sql_user.user",
            "module.iglu.module.iglu_db.random_id.db_name_suffix",
            "module.iglu.module.iglu_lb.google_compute_backend_service.lb_backend",
            "module.iglu.module.iglu_lb.google_compute_global_address.ip",
            "module.iglu.module.iglu_lb.google_compute_global_forwarding_rule.lb_http_forwarding_rule",
            "module.iglu.module.iglu_lb.google_compute_global_forwarding_rule.lb_https_forwarding_rule",
            "module.iglu.module.iglu_lb.google_compute_ssl_policy.lb_target_https_ssl_policy",
            "module.iglu.module.iglu_lb.google_compute_target_http_proxy.lb_target_http_proxy",
            "module.iglu.module.iglu_lb.google_compute_target_https_proxy.lb_target_https_proxy",
            "module.iglu.module.iglu_lb.google_compute_url_map.lb_url_map",
            "module.iglu.module.iglu_server.data.google_compute_image.ubuntu_20_04",
            "module.iglu.module.iglu_server.google_compute_firewall.egress",
            "module.iglu.module.iglu_server.google_compute_firewall.ingress",
            "module.iglu.module.iglu_server.google_compute_firewall.ingress_ssh",
            "module.iglu.module.iglu_server.google_compute_health_check.hc",
            "module.iglu.module.iglu_server.google_compute_instance_template.tpl",
            "module.iglu.module.iglu_server.google_compute_region_instance_group_manager.grp",
            "module.iglu.module.iglu_server.google_project_iam_member.sa_cloud_sql_client",
            "module.iglu.module.iglu_server.google_project_iam_member.sa_logging_log_writer",
            "module.iglu.module.iglu_server.google_service_account.sa",
            "module.iglu.module.iglu_server.module.telemetry.random_id.auto_generated_id",
            "module.iglu.module.iglu_server.module.telemetry.snowplow_track_self_describing_event.telemetry",
            "module.network.google_compute_network.vpc_network",
            "module.network.google_compute_router.router",
            "module.network.google_compute_router_nat.nat",
            "module.network.google_compute_subnetwork.private",
            "module.network.google_compute_subnetwork.public",
            "module.pipeline.module.bad_1_topic.google_pubsub_topic.topic",
            "module.pipeline.module.collector_pubsub.data.google_compute_image.ubuntu_20_04",
            "module.pipeline.module.collector_pubsub.google_service_account.sa",
            "module.pipeline.module.collector_pubsub.module.telemetry.random_id.auto_generated_id",
            "module.pipeline.module.collector_pubsub.module.telemetry.snowplow_track_self_describing_event.telemetry",
            "module.pipeline.module.raw_topic.google_pubsub_topic.topic"
          ],
          "create_before_destroy": true
        }
      ]
    },
    {
      "module": "module.pipeline.module.collector_pubsub",
      "mode": "managed",
      "type": "google_compute_region_instance_group_manager",
      "name": "grp",
      "provider": "provider[\"registry.terraform.io/hashicorp/google\"]",
      "instances": [
        {
          "schema_version": 0,
          "attributes": {
            "auto_healing_policies": [
              {
                "health_check": "https://www.googleapis.com/compute/beta/projects/spark-10-v5/global/healthChecks/sp-collector-server",
                "initial_delay_sec": 300
              }
            ],
            "base_instance_name": "sp-collector-server",
            "description": "",
            "distribution_policy_target_shape": "EVEN",
            "distribution_policy_zones": [
              "europe-west3-a",
              "europe-west3-b",
              "europe-west3-c"
            ],
            "fingerprint": "pTMUsE_WYFA=",
            "id": "projects/spark-10-v5/regions/europe-west3/instanceGroupManagers/sp-collector-server-grp",
            "instance_group": "https://www.googleapis.com/compute/v1/projects/spark-10-v5/regions/europe-west3/instanceGroups/sp-collector-server-grp",
            "name": "sp-collector-server-grp",
            "named_port": [
              {
                "name": "http",
                "port": 8080
              }
            ],
            "project": "spark-10-v5",
            "region": "europe-west3",
            "self_link": "https://www.googleapis.com/compute/v1/projects/spark-10-v5/regions/europe-west3/instanceGroupManagers/sp-collector-server-grp",
            "stateful_disk": [],
            "status": [
              {
                "is_stable": true,
                "stateful": [
                  {
                    "has_stateful_config": false,
                    "per_instance_configs": [
                      {
                        "all_effective": true
                      }
                    ]
                  }
                ],
                "version_target": [
                  {
                    "is_reached": true
                  }
                ]
              }
            ],
            "target_pools": [],
            "target_size": 1,
            "timeouts": {
              "create": "20m",
              "delete": "30m",
              "update": "20m"
            },
            "update_policy": [
              {
                "instance_redistribution_type": "PROACTIVE",
                "max_surge_fixed": 0,
                "max_surge_percent": 0,
                "max_unavailable_fixed": 3,
                "max_unavailable_percent": 0,
                "min_ready_sec": 0,
                "minimal_action": "REPLACE",
                "replacement_method": "SUBSTITUTE",
                "type": "PROACTIVE"
              }
            ],
            "version": [
              {
                "instance_template": "https://www.googleapis.com/compute/v1/projects/spark-10-v5/global/instanceTemplates/sp-collector-server-20230216224604480700000002",
                "name": "stream-collector-2.4.5",
                "target_size": []
              }
            ],
            "wait_for_instances": true,
            "wait_for_instances_status": "STABLE"
          },
          "sensitive_attributes": [],
          "private": "eyJlMmJmYjczMC1lY2FhLTExZTYtOGY4OC0zNDM2M2JjN2M0YzAiOnsiY3JlYXRlIjoxMjAwMDAwMDAwMDAwLCJkZWxldGUiOjE4MDAwMDAwMDAwMDAsInVwZGF0ZSI6MTIwMDAwMDAwMDAwMH19",
          "dependencies": [
            "module.iglu.module.iglu_db.google_sql_database.db",
            "module.iglu.module.iglu_db.google_sql_database_instance.instance",
            "module.iglu.module.iglu_db.google_sql_user.user",
            "module.iglu.module.iglu_db.random_id.db_name_suffix",
            "module.iglu.module.iglu_lb.google_compute_backend_service.lb_backend",
            "module.iglu.module.iglu_lb.google_compute_global_address.ip",
            "module.iglu.module.iglu_lb.google_compute_global_forwarding_rule.lb_http_forwarding_rule",
            "module.iglu.module.iglu_lb.google_compute_global_forwarding_rule.lb_https_forwarding_rule",
            "module.iglu.module.iglu_lb.google_compute_ssl_policy.lb_target_https_ssl_policy",
            "module.iglu.module.iglu_lb.google_compute_target_http_proxy.lb_target_http_proxy",
            "module.iglu.module.iglu_lb.google_compute_target_https_proxy.lb_target_https_proxy",
            "module.iglu.module.iglu_lb.google_compute_url_map.lb_url_map",
            "module.iglu.module.iglu_server.data.google_compute_image.ubuntu_20_04",
            "module.iglu.module.iglu_server.google_compute_firewall.egress",
            "module.iglu.module.iglu_server.google_compute_firewall.ingress",
            "module.iglu.module.iglu_server.google_compute_firewall.ingress_ssh",
            "module.iglu.module.iglu_server.google_compute_health_check.hc",
            "module.iglu.module.iglu_server.google_compute_instance_template.tpl",
            "module.iglu.module.iglu_server.google_compute_region_instance_group_manager.grp",
            "module.iglu.module.iglu_server.google_project_iam_member.sa_cloud_sql_client",
            "module.iglu.module.iglu_server.google_project_iam_member.sa_logging_log_writer",
            "module.iglu.module.iglu_server.google_service_account.sa",
            "module.iglu.module.iglu_server.module.telemetry.random_id.auto_generated_id",
            "module.iglu.module.iglu_server.module.telemetry.snowplow_track_self_describing_event.telemetry",
            "module.network.google_compute_network.vpc_network",
            "module.network.google_compute_router.router",
            "module.network.google_compute_router_nat.nat",
            "module.network.google_compute_subnetwork.private",
            "module.network.google_compute_subnetwork.public",
            "module.pipeline.module.bad_1_topic.google_pubsub_topic.topic",
            "module.pipeline.module.collector_pubsub.data.google_compute_image.ubuntu_20_04",
            "module.pipeline.module.collector_pubsub.google_compute_firewall.ingress",
            "module.pipeline.module.collector_pubsub.google_compute_health_check.hc",
            "module.pipeline.module.collector_pubsub.google_compute_instance_template.tpl",
            "module.pipeline.module.collector_pubsub.google_service_account.sa",
            "module.pipeline.module.collector_pubsub.module.telemetry.random_id.auto_generated_id",
            "module.pipeline.module.collector_pubsub.module.telemetry.snowplow_track_self_describing_event.telemetry",
            "module.pipeline.module.raw_topic.google_pubsub_topic.topic"
          ]
        }
      ]
    },
    {
      "module": "module.pipeline.module.collector_pubsub",
      "mode": "managed",
      "type": "google_project_iam_member",
      "name": "sa_logging_log_writer",
      "provider": "provider[\"registry.terraform.io/hashicorp/google\"]",
      "instances": [
        {
          "schema_version": 0,
          "attributes": {
            "condition": [],
            "etag": "BwX02PZHNIo=",
            "id": "spark-10-v5/roles/logging.logWriter/serviceAccount:sp-collector-server@spark-10-v5.iam.gserviceaccount.com",
            "member": "serviceAccount:sp-collector-server@spark-10-v5.iam.gserviceaccount.com",
            "project": "spark-10-v5",
            "role": "roles/logging.logWriter"
          },
          "sensitive_attributes": [],
          "private": "bnVsbA==",
          "dependencies": [
            "module.iglu.module.iglu_db.google_sql_database.db",
            "module.iglu.module.iglu_db.google_sql_database_instance.instance",
            "module.iglu.module.iglu_db.google_sql_user.user",
            "module.iglu.module.iglu_db.random_id.db_name_suffix",
            "module.iglu.module.iglu_lb.google_compute_backend_service.lb_backend",
            "module.iglu.module.iglu_lb.google_compute_global_address.ip",
            "module.iglu.module.iglu_lb.google_compute_global_forwarding_rule.lb_http_forwarding_rule",
            "module.iglu.module.iglu_lb.google_compute_global_forwarding_rule.lb_https_forwarding_rule",
            "module.iglu.module.iglu_lb.google_compute_ssl_policy.lb_target_https_ssl_policy",
            "module.iglu.module.iglu_lb.google_compute_target_http_proxy.lb_target_http_proxy",
            "module.iglu.module.iglu_lb.google_compute_target_https_proxy.lb_target_https_proxy",
            "module.iglu.module.iglu_lb.google_compute_url_map.lb_url_map",
            "module.iglu.module.iglu_server.data.google_compute_image.ubuntu_20_04",
            "module.iglu.module.iglu_server.google_compute_firewall.egress",
            "module.iglu.module.iglu_server.google_compute_firewall.ingress",
            "module.iglu.module.iglu_server.google_compute_firewall.ingress_ssh",
            "module.iglu.module.iglu_server.google_compute_health_check.hc",
            "module.iglu.module.iglu_server.google_compute_instance_template.tpl",
            "module.iglu.module.iglu_server.google_compute_region_instance_group_manager.grp",
            "module.iglu.module.iglu_server.google_project_iam_member.sa_cloud_sql_client",
            "module.iglu.module.iglu_server.google_project_iam_member.sa_logging_log_writer",
            "module.iglu.module.iglu_server.google_service_account.sa",
            "module.iglu.module.iglu_server.module.telemetry.random_id.auto_generated_id",
            "module.iglu.module.iglu_server.module.telemetry.snowplow_track_self_describing_event.telemetry",
            "module.network.google_compute_network.vpc_network",
            "module.network.google_compute_router.router",
            "module.network.google_compute_router_nat.nat",
            "module.network.google_compute_subnetwork.private",
            "module.network.google_compute_subnetwork.public",
            "module.pipeline.module.collector_pubsub.google_service_account.sa"
          ]
        }
      ]
    },
    {
      "module": "module.pipeline.module.collector_pubsub",
      "mode": "managed",
      "type": "google_project_iam_member",
      "name": "sa_pubsub_publisher",
      "provider": "provider[\"registry.terraform.io/hashicorp/google\"]",
      "instances": [
        {
          "schema_version": 0,
          "attributes": {
            "condition": [],
            "etag": "BwX02PZHNIo=",
            "id": "spark-10-v5/roles/pubsub.publisher/serviceAccount:sp-collector-server@spark-10-v5.iam.gserviceaccount.com",
            "member": "serviceAccount:sp-collector-server@spark-10-v5.iam.gserviceaccount.com",
            "project": "spark-10-v5",
            "role": "roles/pubsub.publisher"
          },
          "sensitive_attributes": [],
          "private": "bnVsbA==",
          "dependencies": [
            "module.iglu.module.iglu_db.google_sql_database.db",
            "module.iglu.module.iglu_db.google_sql_database_instance.instance",
            "module.iglu.module.iglu_db.google_sql_user.user",
            "module.iglu.module.iglu_db.random_id.db_name_suffix",
            "module.iglu.module.iglu_lb.google_compute_backend_service.lb_backend",
            "module.iglu.module.iglu_lb.google_compute_global_address.ip",
            "module.iglu.module.iglu_lb.google_compute_global_forwarding_rule.lb_http_forwarding_rule",
            "module.iglu.module.iglu_lb.google_compute_global_forwarding_rule.lb_https_forwarding_rule",
            "module.iglu.module.iglu_lb.google_compute_ssl_policy.lb_target_https_ssl_policy",
            "module.iglu.module.iglu_lb.google_compute_target_http_proxy.lb_target_http_proxy",
            "module.iglu.module.iglu_lb.google_compute_target_https_proxy.lb_target_https_proxy",
            "module.iglu.module.iglu_lb.google_compute_url_map.lb_url_map",
            "module.iglu.module.iglu_server.data.google_compute_image.ubuntu_20_04",
            "module.iglu.module.iglu_server.google_compute_firewall.egress",
            "module.iglu.module.iglu_server.google_compute_firewall.ingress",
            "module.iglu.module.iglu_server.google_compute_firewall.ingress_ssh",
            "module.iglu.module.iglu_server.google_compute_health_check.hc",
            "module.iglu.module.iglu_server.google_compute_instance_template.tpl",
            "module.iglu.module.iglu_server.google_compute_region_instance_group_manager.grp",
            "module.iglu.module.iglu_server.google_project_iam_member.sa_cloud_sql_client",
            "module.iglu.module.iglu_server.google_project_iam_member.sa_logging_log_writer",
            "module.iglu.module.iglu_server.google_service_account.sa",
            "module.iglu.module.iglu_server.module.telemetry.random_id.auto_generated_id",
            "module.iglu.module.iglu_server.module.telemetry.snowplow_track_self_describing_event.telemetry",
            "module.network.google_compute_network.vpc_network",
            "module.network.google_compute_router.router",
            "module.network.google_compute_router_nat.nat",
            "module.network.google_compute_subnetwork.private",
            "module.network.google_compute_subnetwork.public",
            "module.pipeline.module.collector_pubsub.google_service_account.sa"
          ]
        }
      ]
    },
    {
      "module": "module.pipeline.module.collector_pubsub",
      "mode": "managed",
      "type": "google_project_iam_member",
      "name": "sa_pubsub_viewer",
      "provider": "provider[\"registry.terraform.io/hashicorp/google\"]",
      "instances": [
        {
          "schema_version": 0,
          "attributes": {
            "condition": [],
            "etag": "BwX02PZHNIo=",
            "id": "spark-10-v5/roles/pubsub.viewer/serviceAccount:sp-collector-server@spark-10-v5.iam.gserviceaccount.com",
            "member": "serviceAccount:sp-collector-server@spark-10-v5.iam.gserviceaccount.com",
            "project": "spark-10-v5",
            "role": "roles/pubsub.viewer"
          },
          "sensitive_attributes": [],
          "private": "bnVsbA==",
          "dependencies": [
            "module.iglu.module.iglu_db.google_sql_database.db",
            "module.iglu.module.iglu_db.google_sql_database_instance.instance",
            "module.iglu.module.iglu_db.google_sql_user.user",
            "module.iglu.module.iglu_db.random_id.db_name_suffix",
            "module.iglu.module.iglu_lb.google_compute_backend_service.lb_backend",
            "module.iglu.module.iglu_lb.google_compute_global_address.ip",
            "module.iglu.module.iglu_lb.google_compute_global_forwarding_rule.lb_http_forwarding_rule",
            "module.iglu.module.iglu_lb.google_compute_global_forwarding_rule.lb_https_forwarding_rule",
            "module.iglu.module.iglu_lb.google_compute_ssl_policy.lb_target_https_ssl_policy",
            "module.iglu.module.iglu_lb.google_compute_target_http_proxy.lb_target_http_proxy",
            "module.iglu.module.iglu_lb.google_compute_target_https_proxy.lb_target_https_proxy",
            "module.iglu.module.iglu_lb.google_compute_url_map.lb_url_map",
            "module.iglu.module.iglu_server.data.google_compute_image.ubuntu_20_04",
            "module.iglu.module.iglu_server.google_compute_firewall.egress",
            "module.iglu.module.iglu_server.google_compute_firewall.ingress",
            "module.iglu.module.iglu_server.google_compute_firewall.ingress_ssh",
            "module.iglu.module.iglu_server.google_compute_health_check.hc",
            "module.iglu.module.iglu_server.google_compute_instance_template.tpl",
            "module.iglu.module.iglu_server.google_compute_region_instance_group_manager.grp",
            "module.iglu.module.iglu_server.google_project_iam_member.sa_cloud_sql_client",
            "module.iglu.module.iglu_server.google_project_iam_member.sa_logging_log_writer",
            "module.iglu.module.iglu_server.google_service_account.sa",
            "module.iglu.module.iglu_server.module.telemetry.random_id.auto_generated_id",
            "module.iglu.module.iglu_server.module.telemetry.snowplow_track_self_describing_event.telemetry",
            "module.network.google_compute_network.vpc_network",
            "module.network.google_compute_router.router",
            "module.network.google_compute_router_nat.nat",
            "module.network.google_compute_subnetwork.private",
            "module.network.google_compute_subnetwork.public",
            "module.pipeline.module.collector_pubsub.google_service_account.sa"
          ]
        }
      ]
    },
    {
      "module": "module.pipeline.module.collector_pubsub",
      "mode": "managed",
      "type": "google_service_account",
      "name": "sa",
      "provider": "provider[\"registry.terraform.io/hashicorp/google\"]",
      "instances": [
        {
          "schema_version": 0,
          "attributes": {
            "account_id": "sp-collector-server",
            "description": "",
            "disabled": false,
            "display_name": "Snowplow Stream Collector service account - sp-collector-server",
            "email": "sp-collector-server@spark-10-v5.iam.gserviceaccount.com",
            "id": "projects/spark-10-v5/serviceAccounts/sp-collector-server@spark-10-v5.iam.gserviceaccount.com",
            "name": "projects/spark-10-v5/serviceAccounts/sp-collector-server@spark-10-v5.iam.gserviceaccount.com",
            "project": "spark-10-v5",
            "timeouts": null,
            "unique_id": "104074091061021036939"
          },
          "sensitive_attributes": [],
          "private": "eyJlMmJmYjczMC1lY2FhLTExZTYtOGY4OC0zNDM2M2JjN2M0YzAiOnsiY3JlYXRlIjozMDAwMDAwMDAwMDB9fQ==",
          "dependencies": [
            "module.iglu.module.iglu_db.google_sql_database.db",
            "module.iglu.module.iglu_db.google_sql_database_instance.instance",
            "module.iglu.module.iglu_db.google_sql_user.user",
            "module.iglu.module.iglu_db.random_id.db_name_suffix",
            "module.iglu.module.iglu_lb.google_compute_backend_service.lb_backend",
            "module.iglu.module.iglu_lb.google_compute_global_address.ip",
            "module.iglu.module.iglu_lb.google_compute_global_forwarding_rule.lb_http_forwarding_rule",
            "module.iglu.module.iglu_lb.google_compute_global_forwarding_rule.lb_https_forwarding_rule",
            "module.iglu.module.iglu_lb.google_compute_ssl_policy.lb_target_https_ssl_policy",
            "module.iglu.module.iglu_lb.google_compute_target_http_proxy.lb_target_http_proxy",
            "module.iglu.module.iglu_lb.google_compute_target_https_proxy.lb_target_https_proxy",
            "module.iglu.module.iglu_lb.google_compute_url_map.lb_url_map",
            "module.iglu.module.iglu_server.data.google_compute_image.ubuntu_20_04",
            "module.iglu.module.iglu_server.google_compute_firewall.egress",
            "module.iglu.module.iglu_server.google_compute_firewall.ingress",
            "module.iglu.module.iglu_server.google_compute_firewall.ingress_ssh",
            "module.iglu.module.iglu_server.google_compute_health_check.hc",
            "module.iglu.module.iglu_server.google_compute_instance_template.tpl",
            "module.iglu.module.iglu_server.google_compute_region_instance_group_manager.grp",
            "module.iglu.module.iglu_server.google_project_iam_member.sa_cloud_sql_client",
            "module.iglu.module.iglu_server.google_project_iam_member.sa_logging_log_writer",
            "module.iglu.module.iglu_server.google_service_account.sa",
            "module.iglu.module.iglu_server.module.telemetry.random_id.auto_generated_id",
            "module.iglu.module.iglu_server.module.telemetry.snowplow_track_self_describing_event.telemetry",
            "module.network.google_compute_network.vpc_network",
            "module.network.google_compute_router.router",
            "module.network.google_compute_router_nat.nat",
            "module.network.google_compute_subnetwork.private",
            "module.network.google_compute_subnetwork.public"
          ],
          "create_before_destroy": true
        }
      ]
    },
    {
      "module": "module.pipeline.module.enrich_pubsub",
      "mode": "managed",
      "type": "google_compute_firewall",
      "name": "egress",
      "provider": "provider[\"registry.terraform.io/hashicorp/google\"]",
      "instances": [
        {
          "schema_version": 1,
          "attributes": {
            "allow": [
              {
                "ports": [
                  "123"
                ],
                "protocol": "udp"
              },
              {
                "ports": [
                  "80",
                  "443"
                ],
                "protocol": "tcp"
              }
            ],
            "creation_timestamp": "2023-02-16T14:45:38.417-08:00",
            "deny": [],
            "description": "",
            "destination_ranges": [
              "0.0.0.0/0"
            ],
            "direction": "EGRESS",
            "disabled": false,
            "enable_logging": null,
            "id": "projects/spark-10-v5/global/firewalls/sp-enrich-server-traffic-out",
            "log_config": [],
            "name": "sp-enrich-server-traffic-out",
            "network": "https://www.googleapis.com/compute/v1/projects/spark-10-v5/global/networks/terraform-network",
            "priority": 1000,
            "project": "spark-10-v5",
            "self_link": "https://www.googleapis.com/compute/v1/projects/spark-10-v5/global/firewalls/sp-enrich-server-traffic-out",
            "source_ranges": [],
            "source_service_accounts": [],
            "source_tags": [],
            "target_service_accounts": [],
            "target_tags": [
              "sp-enrich-server"
            ],
            "timeouts": null
          },
          "sensitive_attributes": [],
          "private": "eyJlMmJmYjczMC1lY2FhLTExZTYtOGY4OC0zNDM2M2JjN2M0YzAiOnsiY3JlYXRlIjoyNDAwMDAwMDAwMDAsImRlbGV0ZSI6MjQwMDAwMDAwMDAwLCJ1cGRhdGUiOjI0MDAwMDAwMDAwMH0sInNjaGVtYV92ZXJzaW9uIjoiMSJ9",
          "dependencies": [
            "module.iglu.module.iglu_db.google_sql_database.db",
            "module.iglu.module.iglu_db.google_sql_database_instance.instance",
            "module.iglu.module.iglu_db.google_sql_user.user",
            "module.iglu.module.iglu_db.random_id.db_name_suffix",
            "module.iglu.module.iglu_lb.google_compute_backend_service.lb_backend",
            "module.iglu.module.iglu_lb.google_compute_global_address.ip",
            "module.iglu.module.iglu_lb.google_compute_global_forwarding_rule.lb_http_forwarding_rule",
            "module.iglu.module.iglu_lb.google_compute_global_forwarding_rule.lb_https_forwarding_rule",
            "module.iglu.module.iglu_lb.google_compute_ssl_policy.lb_target_https_ssl_policy",
            "module.iglu.module.iglu_lb.google_compute_target_http_proxy.lb_target_http_proxy",
            "module.iglu.module.iglu_lb.google_compute_target_https_proxy.lb_target_https_proxy",
            "module.iglu.module.iglu_lb.google_compute_url_map.lb_url_map",
            "module.iglu.module.iglu_server.data.google_compute_image.ubuntu_20_04",
            "module.iglu.module.iglu_server.google_compute_firewall.egress",
            "module.iglu.module.iglu_server.google_compute_firewall.ingress",
            "module.iglu.module.iglu_server.google_compute_firewall.ingress_ssh",
            "module.iglu.module.iglu_server.google_compute_health_check.hc",
            "module.iglu.module.iglu_server.google_compute_instance_template.tpl",
            "module.iglu.module.iglu_server.google_compute_region_instance_group_manager.grp",
            "module.iglu.module.iglu_server.google_project_iam_member.sa_cloud_sql_client",
            "module.iglu.module.iglu_server.google_project_iam_member.sa_logging_log_writer",
            "module.iglu.module.iglu_server.google_service_account.sa",
            "module.iglu.module.iglu_server.module.telemetry.random_id.auto_generated_id",
            "module.iglu.module.iglu_server.module.telemetry.snowplow_track_self_describing_event.telemetry",
            "module.network.google_compute_network.vpc_network",
            "module.network.google_compute_router.router",
            "module.network.google_compute_router_nat.nat",
            "module.network.google_compute_subnetwork.private",
            "module.network.google_compute_subnetwork.public"
          ]
        }
      ]
    },
    {
      "module": "module.pipeline.module.enrich_pubsub",
      "mode": "managed",
      "type": "google_compute_firewall",
      "name": "ingress_ssh",
      "provider": "provider[\"registry.terraform.io/hashicorp/google\"]",
      "instances": [
        {
          "schema_version": 1,
          "attributes": {
            "allow": [
              {
                "ports": [
                  "22"
                ],
                "protocol": "tcp"
              }
            ],
            "creation_timestamp": "2023-02-16T14:45:38.119-08:00",
            "deny": [],
            "description": "",
            "destination_ranges": [],
            "direction": "INGRESS",
            "disabled": false,
            "enable_logging": null,
            "id": "projects/spark-10-v5/global/firewalls/sp-enrich-server-ssh-in",
            "log_config": [],
            "name": "sp-enrich-server-ssh-in",
            "network": "https://www.googleapis.com/compute/v1/projects/spark-10-v5/global/networks/terraform-network",
            "priority": 1000,
            "project": "spark-10-v5",
            "self_link": "https://www.googleapis.com/compute/v1/projects/spark-10-v5/global/firewalls/sp-enrich-server-ssh-in",
            "source_ranges": [
              "165.225.241.67/32",
              "80.113.68.61/32"
            ],
            "source_service_accounts": [],
            "source_tags": [],
            "target_service_accounts": [],
            "target_tags": [
              "sp-enrich-server"
            ],
            "timeouts": null
          },
          "sensitive_attributes": [],
          "private": "eyJlMmJmYjczMC1lY2FhLTExZTYtOGY4OC0zNDM2M2JjN2M0YzAiOnsiY3JlYXRlIjoyNDAwMDAwMDAwMDAsImRlbGV0ZSI6MjQwMDAwMDAwMDAwLCJ1cGRhdGUiOjI0MDAwMDAwMDAwMH0sInNjaGVtYV92ZXJzaW9uIjoiMSJ9",
          "dependencies": [
            "module.iglu.module.iglu_db.google_sql_database.db",
            "module.iglu.module.iglu_db.google_sql_database_instance.instance",
            "module.iglu.module.iglu_db.google_sql_user.user",
            "module.iglu.module.iglu_db.random_id.db_name_suffix",
            "module.iglu.module.iglu_lb.google_compute_backend_service.lb_backend",
            "module.iglu.module.iglu_lb.google_compute_global_address.ip",
            "module.iglu.module.iglu_lb.google_compute_global_forwarding_rule.lb_http_forwarding_rule",
            "module.iglu.module.iglu_lb.google_compute_global_forwarding_rule.lb_https_forwarding_rule",
            "module.iglu.module.iglu_lb.google_compute_ssl_policy.lb_target_https_ssl_policy",
            "module.iglu.module.iglu_lb.google_compute_target_http_proxy.lb_target_http_proxy",
            "module.iglu.module.iglu_lb.google_compute_target_https_proxy.lb_target_https_proxy",
            "module.iglu.module.iglu_lb.google_compute_url_map.lb_url_map",
            "module.iglu.module.iglu_server.data.google_compute_image.ubuntu_20_04",
            "module.iglu.module.iglu_server.google_compute_firewall.egress",
            "module.iglu.module.iglu_server.google_compute_firewall.ingress",
            "module.iglu.module.iglu_server.google_compute_firewall.ingress_ssh",
            "module.iglu.module.iglu_server.google_compute_health_check.hc",
            "module.iglu.module.iglu_server.google_compute_instance_template.tpl",
            "module.iglu.module.iglu_server.google_compute_region_instance_group_manager.grp",
            "module.iglu.module.iglu_server.google_project_iam_member.sa_cloud_sql_client",
            "module.iglu.module.iglu_server.google_project_iam_member.sa_logging_log_writer",
            "module.iglu.module.iglu_server.google_service_account.sa",
            "module.iglu.module.iglu_server.module.telemetry.random_id.auto_generated_id",
            "module.iglu.module.iglu_server.module.telemetry.snowplow_track_self_describing_event.telemetry",
            "module.network.google_compute_network.vpc_network",
            "module.network.google_compute_router.router",
            "module.network.google_compute_router_nat.nat",
            "module.network.google_compute_subnetwork.private",
            "module.network.google_compute_subnetwork.public"
          ]
        }
      ]
    },
    {
      "module": "module.pipeline.module.enrich_pubsub",
      "mode": "managed",
      "type": "google_compute_instance_template",
      "name": "tpl",
      "provider": "provider[\"registry.terraform.io/hashicorp/google\"]",
      "instances": [
        {
          "schema_version": 1,
          "attributes": {
            "advanced_machine_features": [],
            "can_ip_forward": false,
            "confidential_instance_config": [],
            "description": "This template is used to create Enrich PubSub instances",
            "disk": [
              {
                "auto_delete": true,
                "boot": true,
                "device_name": "persistent-disk-0",
                "disk_encryption_key": [],
                "disk_name": "",
                "disk_size_gb": 10,
                "disk_type": "pd-standard",
                "interface": "SCSI",
                "labels": {},
                "mode": "READ_WRITE",
                "resource_policies": [],
                "source": "",
                "source_image": "projects/ubuntu-os-cloud/global/images/ubuntu-2004-focal-v20230213",
                "type": "PERSISTENT"
              }
            ],
            "enable_display": null,
            "guest_accelerator": [],
            "id": "projects/spark-10-v5/global/instanceTemplates/sp-enrich-server-20230216224610189900000003",
            "instance_description": "sp-enrich-server",
            "labels": {
              "app_name": "enrich-pubsub",
              "app_version": "2-0-5",
              "module_name": "enrich-pubsub-ce",
              "module_version": "0-1-2",
              "name": "sp-enrich-server"
            },
            "machine_type": "e2-small",
            "metadata": {
              "block-project-ssh-keys": "true",
              "ssh-keys": "    RGD4594QPT:ssh-rsa AAAAB3NzaC1yc2EAAAADAQABAAACAQC5+Uctxp2Q8xeUTztKpIW3XqMWnmTyHjFZkbmeoQcCTLKtZJ+CLROlutqZWEy19Z1Map2tfXbo3cIghVKDrr7rXV6zM9dgmCQBPvNZivu7H3BpN8qR4h/BSSi4YsSE04+QOApp+OT+D9ToNwtUUPdzisbdgSaeYtZTj8UISsoOCUyNSxrzaJB8ye6+DLkEP5GMsl+VnMxe3VXzMHPioqPl0HDSibRzok8hm0Y8jQOB6r5tkmM4Gs8Zr1hfSIZZFvCA2kP2iS+pyzBslneGNszEepsfIseT+Kybq4RvXBpPg/tZZ/dJhtYcFx+wqQWzP8RHVGmSrwRrcxzgmHaIBbr5Qeh7azhDkPEcRYERVC1b13TPSK77vc19VN+QFAfPG+7PoJ0IsWWQ3ez7CtFKA+sO0SHq9mz89gAq1G7WIm+lPSwDzsValv2osgDn1ehnX5SY4X1B7pjult0qDfpeHMOFfKPeMH6CqNS1awALheWV0qsN7Tn8+5uCmNpLGDIg15jdfV5dpZ0IGhH/lhn9De1sWI4wQcTNCaMmWzb+y7Z8b6tsyz8ZB0wB/2FJCHIyvUpMwFmGyoc4ziPWopb1JNchLem4GogbmFehHyLguc17P8dKKTFxLrIe4X5MYe+j2VjA7gZK6teVFWPqxjWT8xWUp3UkhvEmNV+rwkLp2rQY6w== angelo.rampersad@RGD4594QPT\n"
            },
            "metadata_fingerprint": "asI8Vd_249E=",
            "metadata_startup_script": "#!/bin/bash\nset -e -x\n\n# -----------------------------------------------------------------------------\n#  BASE INSTALL\n# -----------------------------------------------------------------------------\n\nfunction install_base_packages() {\n  sudo apt install wget curl unzip -y\n}\n\nfunction install_docker_ce() {\n  sudo apt install docker.io -y\n  sudo systemctl enable --now docker\n}\n\nsudo apt update -y\n\ninstall_base_packages\ninstall_docker_ce\n\nsudo docker run \\\n  -d \\\n  --name enrich \\\n  --restart always \\\n  --network host \\\n  --log-driver gcplogs \\\n  -e 'JAVA_OPTS=-Dorg.slf4j.simpleLogger.defaultLogLevel=info' \\\n  snowplow/snowplow-enrich-pubsub:2.0.5 \\\n  --config ewogICJhdXRoIjogewogICAgInR5cGUiOiAiR2NwIgogIH0KICAiaW5wdXQiOiB7CiAgICAidHlwZSI6ICJQdWJTdWIiCiAgICAic3Vic2NyaXB0aW9uIjogInByb2plY3RzL3NwYXJrLTEwLXY1L3N1YnNjcmlwdGlvbnMvc3AtZW5yaWNoLXNlcnZlciIKICB9CiAgImdvb2QiOiB7CiAgICAidHlwZSI6ICJQdWJTdWIiCiAgICAidG9waWMiOiAicHJvamVjdHMvc3BhcmstMTAtdjUvdG9waWNzL3NwLWVucmljaGVkLXRvcGljIgogICAgImF0dHJpYnV0ZXMiOiBbICJhcHBfaWQiLCAiZXZlbnRfbmFtZSIgXQogIH0KICAiYmFkIjogewogICAgInR5cGUiOiAiUHViU3ViIgogICAgInRvcGljIjogInByb2plY3RzL3NwYXJrLTEwLXY1L3RvcGljcy9zcC1iYWQtMS10b3BpYyIKICB9CiAgImFzc2V0c1VwZGF0ZVBlcmlvZCI6ICIxMDA4MCBtaW51dGVzIgp9Cg== \\\n  --iglu-config ewogICJzY2hlbWEiOiAiaWdsdTpjb20uc25vd3Bsb3dhbmFseXRpY3MuaWdsdS9yZXNvbHZlci1jb25maWcvanNvbnNjaGVtYS8xLTAtMiIsCiAgImRhdGEiOiB7CiAgICAiY2FjaGVTaXplIjogNTAwLAogICAgImNhY2hlVHRsIjogNjAwLAogICAgInJlcG9zaXRvcmllcyI6IFt7ImNvbm5lY3Rpb24iOnsiaHR0cCI6eyJ1cmkiOiJodHRwOi8vaWdsdWNlbnRyYWwuY29tIn19LCJuYW1lIjoiSWdsdSBDZW50cmFsIiwicHJpb3JpdHkiOjEwLCJ2ZW5kb3JQcmVmaXhlcyI6W119LHsiY29ubmVjdGlvbiI6eyJodHRwIjp7InVyaSI6Imh0dHA6Ly9taXJyb3IwMS5pZ2x1Y2VudHJhbC5jb20ifX0sIm5hbWUiOiJJZ2x1IENlbnRyYWwgLSBNaXJyb3IgMDEiLCJwcmlvcml0eSI6MjAsInZlbmRvclByZWZpeGVzIjpbXX0seyJjb25uZWN0aW9uIjp7Imh0dHAiOnsiYXBpa2V5IjoiNzlmMTliNmQtODhmMi00YTk0LThmNTgtN2UxZTBkNWNmNjViIiwidXJpIjoiaHR0cDovLzM0LjE0OS4xNzIuMjcvYXBpIn19LCJuYW1lIjoiSWdsdSBTZXJ2ZXIiLCJwcmlvcml0eSI6MCwidmVuZG9yUHJlZml4ZXMiOltdfV0KICB9Cn0K \\\n  --enrichments ewogICJzY2hlbWEiOiAiaWdsdTpjb20uc25vd3Bsb3dhbmFseXRpY3Muc25vd3Bsb3cvZW5yaWNobWVudHMvanNvbnNjaGVtYS8xLTAtMCIsCiAgImRhdGEiOiBbewogICJzY2hlbWEiOiAiaWdsdTpjb20uc25vd3Bsb3dhbmFseXRpY3Muc25vd3Bsb3cvY2FtcGFpZ25fYXR0cmlidXRpb24vanNvbnNjaGVtYS8xLTAtMSIsCiAgImRhdGEiOiB7CiAgICAibmFtZSI6ICJjYW1wYWlnbl9hdHRyaWJ1dGlvbiIsCiAgICAidmVuZG9yIjogImNvbS5zbm93cGxvd2FuYWx5dGljcy5zbm93cGxvdyIsCiAgICAiZW5hYmxlZCI6IHRydWUsCiAgICAicGFyYW1ldGVycyI6IHsKICAgICAgIm1hcHBpbmciOiAic3RhdGljIiwKICAgICAgImZpZWxkcyI6IHsKICAgICAgICAibWt0TWVkaXVtIjogWyJ1dG1fbWVkaXVtIiwgIm1lZGl1bSJdLAogICAgICAgICJta3RTb3VyY2UiOiBbInV0bV9zb3VyY2UiLCAic291cmNlIl0sCiAgICAgICAgIm1rdFRlcm0iOiBbInV0bV90ZXJtIiwgImxlZ2FjeV90ZXJtIl0sCiAgICAgICAgIm1rdENvbnRlbnQiOiBbInV0bV9jb250ZW50Il0sCiAgICAgICAgIm1rdENhbXBhaWduIjogWyJ1dG1fY2FtcGFpZ24iLCAiY2lkIiwgImxlZ2FjeV9jYW1wYWlnbiJdCiAgICAgIH0KICAgIH0KICB9Cn0KLHsKICAic2NoZW1hIjogImlnbHU6Y29tLnNub3dwbG93YW5hbHl0aWNzLnNub3dwbG93L2V2ZW50X2ZpbmdlcnByaW50X2NvbmZpZy9qc29uc2NoZW1hLzEtMC0xIiwKICAiZGF0YSI6IHsKICAgICJuYW1lIjogImV2ZW50X2ZpbmdlcnByaW50X2NvbmZpZyIsCiAgICAidmVuZG9yIjogImNvbS5zbm93cGxvd2FuYWx5dGljcy5zbm93cGxvdyIsCiAgICAiZW5hYmxlZCI6IHRydWUsCiAgICAicGFyYW1ldGVycyI6IHsKICAgICAgImV4Y2x1ZGVQYXJhbWV0ZXJzIjogWyJjdiIsICJlaWQiLCAibnVpZCIsICJzdG0iXSwKICAgICAgImhhc2hBbGdvcml0aG0iOiAiTUQ1IgogICAgfQogIH0KfQosewogICJzY2hlbWEiOiAiaWdsdTpjb20uc25vd3Bsb3dhbmFseXRpY3Muc25vd3Bsb3cvcmVmZXJlcl9wYXJzZXIvanNvbnNjaGVtYS8yLTAtMCIsCiAgImRhdGEiOiB7CiAgICAibmFtZSI6ICJyZWZlcmVyX3BhcnNlciIsCiAgICAidmVuZG9yIjogImNvbS5zbm93cGxvd2FuYWx5dGljcy5zbm93cGxvdyIsCiAgICAiZW5hYmxlZCI6IHRydWUsCiAgICAicGFyYW1ldGVycyI6IHsKICAgICAgImRhdGFiYXNlIjogInJlZmVyZXJzLWxhdGVzdC5qc29uIiwKICAgICAgInVyaSI6ICJodHRwczovL3Nub3dwbG93LWhvc3RlZC1hc3NldHMuczMuZXUtd2VzdC0xLmFtYXpvbmF3cy5jb20vdGhpcmQtcGFydHkvcmVmZXJlci1wYXJzZXIvIiwKICAgICAgImludGVybmFsRG9tYWlucyI6IFtdCiAgICB9CiAgfQp9Cix7CiAgInNjaGVtYSI6ICJpZ2x1OmNvbS5zbm93cGxvd2FuYWx5dGljcy5zbm93cGxvdy91YV9wYXJzZXJfY29uZmlnL2pzb25zY2hlbWEvMS0wLTEiLAogICJkYXRhIjogewogICAgIm5hbWUiOiAidWFfcGFyc2VyX2NvbmZpZyIsCiAgICAidmVuZG9yIjogImNvbS5zbm93cGxvd2FuYWx5dGljcy5zbm93cGxvdyIsCiAgICAiZW5hYmxlZCI6IHRydWUsCiAgICAicGFyYW1ldGVycyI6IHsKICAgICAgInVyaSI6ICJodHRwczovL3Nub3dwbG93LWhvc3RlZC1hc3NldHMuczMuZXUtd2VzdC0xLmFtYXpvbmF3cy5jb20vdGhpcmQtcGFydHkvdWEtcGFyc2VyIiwKICAgICAgImRhdGFiYXNlIjogInJlZ2V4ZXMtbGF0ZXN0LnlhbWwiCiAgICB9CiAgfQp9Cix7CiAgInNjaGVtYSI6ICJpZ2x1OmNvbS5zbm93cGxvd2FuYWx5dGljcy5zbm93cGxvdy5lbnJpY2htZW50cy95YXVhYV9lbnJpY2htZW50X2NvbmZpZy9qc29uc2NoZW1hLzEtMC0wIiwKICAiZGF0YSI6IHsKICAgICJlbmFibGVkIjogdHJ1ZSwKICAgICJ2ZW5kb3IiOiAiY29tLnNub3dwbG93YW5hbHl0aWNzLnNub3dwbG93LmVucmljaG1lbnRzIiwKICAgICJuYW1lIjogInlhdWFhX2VucmljaG1lbnRfY29uZmlnIgogIH0KfQpdCn0K\n\n\n",
            "min_cpu_platform": "",
            "name": "sp-enrich-server-20230216224610189900000003",
            "name_prefix": "sp-enrich-server-",
            "network_interface": [
              {
                "access_config": [],
                "alias_ip_range": [],
                "ipv6_access_config": [],
                "ipv6_access_type": "",
                "name": "nic0",
                "network": "https://www.googleapis.com/compute/v1/projects/spark-10-v5/global/networks/terraform-network",
                "network_ip": "",
                "nic_type": "",
                "stack_type": "",
                "subnetwork": "https://www.googleapis.com/compute/v1/projects/spark-10-v5/regions/europe-west3/subnetworks/terraform-private",
                "subnetwork_project": "spark-10-v5"
              }
            ],
            "project": "spark-10-v5",
            "region": "europe-west3",
            "reservation_affinity": [],
            "scheduling": [
              {
                "automatic_restart": true,
                "min_node_cpus": 0,
                "node_affinities": [],
                "on_host_maintenance": "MIGRATE",
                "preemptible": false
              }
            ],
            "self_link": "https://www.googleapis.com/compute/beta/projects/spark-10-v5/global/instanceTemplates/sp-enrich-server-20230216224610189900000003",
            "service_account": [
              {
                "email": "sp-enrich-server@spark-10-v5.iam.gserviceaccount.com",
                "scopes": [
                  "https://www.googleapis.com/auth/cloud-platform"
                ]
              }
            ],
            "shielded_instance_config": [],
            "tags": [
              "sp-enrich-server"
            ],
            "tags_fingerprint": "",
            "timeouts": null
          },
          "sensitive_attributes": [
            [
              {
                "type": "get_attr",
                "value": "metadata_startup_script"
              }
            ]
          ],
          "private": "eyJlMmJmYjczMC1lY2FhLTExZTYtOGY4OC0zNDM2M2JjN2M0YzAiOnsiY3JlYXRlIjoyNDAwMDAwMDAwMDAsImRlbGV0ZSI6MjQwMDAwMDAwMDAwfSwic2NoZW1hX3ZlcnNpb24iOiIxIn0=",
          "dependencies": [
            "module.iglu.module.iglu_db.google_sql_database.db",
            "module.iglu.module.iglu_db.google_sql_database_instance.instance",
            "module.iglu.module.iglu_db.google_sql_user.user",
            "module.iglu.module.iglu_db.random_id.db_name_suffix",
            "module.iglu.module.iglu_lb.google_compute_backend_service.lb_backend",
            "module.iglu.module.iglu_lb.google_compute_global_address.ip",
            "module.iglu.module.iglu_lb.google_compute_global_forwarding_rule.lb_http_forwarding_rule",
            "module.iglu.module.iglu_lb.google_compute_global_forwarding_rule.lb_https_forwarding_rule",
            "module.iglu.module.iglu_lb.google_compute_ssl_policy.lb_target_https_ssl_policy",
            "module.iglu.module.iglu_lb.google_compute_target_http_proxy.lb_target_http_proxy",
            "module.iglu.module.iglu_lb.google_compute_target_https_proxy.lb_target_https_proxy",
            "module.iglu.module.iglu_lb.google_compute_url_map.lb_url_map",
            "module.iglu.module.iglu_server.data.google_compute_image.ubuntu_20_04",
            "module.iglu.module.iglu_server.google_compute_firewall.egress",
            "module.iglu.module.iglu_server.google_compute_firewall.ingress",
            "module.iglu.module.iglu_server.google_compute_firewall.ingress_ssh",
            "module.iglu.module.iglu_server.google_compute_health_check.hc",
            "module.iglu.module.iglu_server.google_compute_instance_template.tpl",
            "module.iglu.module.iglu_server.google_compute_region_instance_group_manager.grp",
            "module.iglu.module.iglu_server.google_project_iam_member.sa_cloud_sql_client",
            "module.iglu.module.iglu_server.google_project_iam_member.sa_logging_log_writer",
            "module.iglu.module.iglu_server.google_service_account.sa",
            "module.iglu.module.iglu_server.module.telemetry.random_id.auto_generated_id",
            "module.iglu.module.iglu_server.module.telemetry.snowplow_track_self_describing_event.telemetry",
            "module.network.google_compute_network.vpc_network",
            "module.network.google_compute_router.router",
            "module.network.google_compute_router_nat.nat",
            "module.network.google_compute_subnetwork.private",
            "module.network.google_compute_subnetwork.public",
            "module.pipeline.module.bad_1_topic.google_pubsub_topic.topic",
            "module.pipeline.module.enrich_pubsub.data.google_compute_image.ubuntu_20_04",
            "module.pipeline.module.enrich_pubsub.google_pubsub_subscription.in",
            "module.pipeline.module.enrich_pubsub.google_service_account.sa",
            "module.pipeline.module.enrich_pubsub.module.telemetry.random_id.auto_generated_id",
            "module.pipeline.module.enrich_pubsub.module.telemetry.snowplow_track_self_describing_event.telemetry",
            "module.pipeline.module.enriched_topic.google_pubsub_topic.topic",
            "module.pipeline.module.raw_topic.google_pubsub_topic.topic"
          ],
          "create_before_destroy": true
        }
      ]
    },
    {
      "module": "module.pipeline.module.enrich_pubsub",
      "mode": "managed",
      "type": "google_compute_region_instance_group_manager",
      "name": "grp",
      "provider": "provider[\"registry.terraform.io/hashicorp/google\"]",
      "instances": [
        {
          "schema_version": 0,
          "attributes": {
            "auto_healing_policies": [],
            "base_instance_name": "sp-enrich-server",
            "description": "",
            "distribution_policy_target_shape": "EVEN",
            "distribution_policy_zones": [
              "europe-west3-a",
              "europe-west3-b",
              "europe-west3-c"
            ],
            "fingerprint": "u3FmYrdFmGE=",
            "id": "projects/spark-10-v5/regions/europe-west3/instanceGroupManagers/sp-enrich-server-grp",
            "instance_group": "https://www.googleapis.com/compute/v1/projects/spark-10-v5/regions/europe-west3/instanceGroups/sp-enrich-server-grp",
            "name": "sp-enrich-server-grp",
            "named_port": [],
            "project": "spark-10-v5",
            "region": "europe-west3",
            "self_link": "https://www.googleapis.com/compute/v1/projects/spark-10-v5/regions/europe-west3/instanceGroupManagers/sp-enrich-server-grp",
            "stateful_disk": [],
            "status": [
              {
                "is_stable": true,
                "stateful": [
                  {
                    "has_stateful_config": false,
                    "per_instance_configs": [
                      {
                        "all_effective": true
                      }
                    ]
                  }
                ],
                "version_target": [
                  {
                    "is_reached": true
                  }
                ]
              }
            ],
            "target_pools": [],
            "target_size": 1,
            "timeouts": {
              "create": "20m",
              "delete": "30m",
              "update": "20m"
            },
            "update_policy": [
              {
                "instance_redistribution_type": "PROACTIVE",
                "max_surge_fixed": 0,
                "max_surge_percent": 0,
                "max_unavailable_fixed": 3,
                "max_unavailable_percent": 0,
                "min_ready_sec": 0,
                "minimal_action": "REPLACE",
                "replacement_method": "SUBSTITUTE",
                "type": "PROACTIVE"
              }
            ],
            "version": [
              {
                "instance_template": "https://www.googleapis.com/compute/v1/projects/spark-10-v5/global/instanceTemplates/sp-enrich-server-20230216224610189900000003",
                "name": "enrich-pubsub-2.0.5",
                "target_size": []
              }
            ],
            "wait_for_instances": true,
            "wait_for_instances_status": "STABLE"
          },
          "sensitive_attributes": [],
          "private": "eyJlMmJmYjczMC1lY2FhLTExZTYtOGY4OC0zNDM2M2JjN2M0YzAiOnsiY3JlYXRlIjoxMjAwMDAwMDAwMDAwLCJkZWxldGUiOjE4MDAwMDAwMDAwMDAsInVwZGF0ZSI6MTIwMDAwMDAwMDAwMH19",
          "dependencies": [
            "module.iglu.module.iglu_db.google_sql_database.db",
            "module.iglu.module.iglu_db.google_sql_database_instance.instance",
            "module.iglu.module.iglu_db.google_sql_user.user",
            "module.iglu.module.iglu_db.random_id.db_name_suffix",
            "module.iglu.module.iglu_lb.google_compute_backend_service.lb_backend",
            "module.iglu.module.iglu_lb.google_compute_global_address.ip",
            "module.iglu.module.iglu_lb.google_compute_global_forwarding_rule.lb_http_forwarding_rule",
            "module.iglu.module.iglu_lb.google_compute_global_forwarding_rule.lb_https_forwarding_rule",
            "module.iglu.module.iglu_lb.google_compute_ssl_policy.lb_target_https_ssl_policy",
            "module.iglu.module.iglu_lb.google_compute_target_http_proxy.lb_target_http_proxy",
            "module.iglu.module.iglu_lb.google_compute_target_https_proxy.lb_target_https_proxy",
            "module.iglu.module.iglu_lb.google_compute_url_map.lb_url_map",
            "module.iglu.module.iglu_server.data.google_compute_image.ubuntu_20_04",
            "module.iglu.module.iglu_server.google_compute_firewall.egress",
            "module.iglu.module.iglu_server.google_compute_firewall.ingress",
            "module.iglu.module.iglu_server.google_compute_firewall.ingress_ssh",
            "module.iglu.module.iglu_server.google_compute_health_check.hc",
            "module.iglu.module.iglu_server.google_compute_instance_template.tpl",
            "module.iglu.module.iglu_server.google_compute_region_instance_group_manager.grp",
            "module.iglu.module.iglu_server.google_project_iam_member.sa_cloud_sql_client",
            "module.iglu.module.iglu_server.google_project_iam_member.sa_logging_log_writer",
            "module.iglu.module.iglu_server.google_service_account.sa",
            "module.iglu.module.iglu_server.module.telemetry.random_id.auto_generated_id",
            "module.iglu.module.iglu_server.module.telemetry.snowplow_track_self_describing_event.telemetry",
            "module.network.google_compute_network.vpc_network",
            "module.network.google_compute_router.router",
            "module.network.google_compute_router_nat.nat",
            "module.network.google_compute_subnetwork.private",
            "module.network.google_compute_subnetwork.public",
            "module.pipeline.module.bad_1_topic.google_pubsub_topic.topic",
            "module.pipeline.module.enrich_pubsub.data.google_compute_image.ubuntu_20_04",
            "module.pipeline.module.enrich_pubsub.google_compute_instance_template.tpl",
            "module.pipeline.module.enrich_pubsub.google_pubsub_subscription.in",
            "module.pipeline.module.enrich_pubsub.google_service_account.sa",
            "module.pipeline.module.enrich_pubsub.module.telemetry.random_id.auto_generated_id",
            "module.pipeline.module.enrich_pubsub.module.telemetry.snowplow_track_self_describing_event.telemetry",
            "module.pipeline.module.enriched_topic.google_pubsub_topic.topic",
            "module.pipeline.module.raw_topic.google_pubsub_topic.topic"
          ]
        }
      ]
    },
    {
      "module": "module.pipeline.module.enrich_pubsub",
      "mode": "managed",
      "type": "google_project_iam_member",
      "name": "sa_logging_log_writer",
      "provider": "provider[\"registry.terraform.io/hashicorp/google\"]",
      "instances": [
        {
          "schema_version": 0,
          "attributes": {
            "condition": [],
            "etag": "BwX02PZHNIo=",
            "id": "spark-10-v5/roles/logging.logWriter/serviceAccount:sp-enrich-server@spark-10-v5.iam.gserviceaccount.com",
            "member": "serviceAccount:sp-enrich-server@spark-10-v5.iam.gserviceaccount.com",
            "project": "spark-10-v5",
            "role": "roles/logging.logWriter"
          },
          "sensitive_attributes": [],
          "private": "bnVsbA==",
          "dependencies": [
            "module.iglu.module.iglu_db.google_sql_database.db",
            "module.iglu.module.iglu_db.google_sql_database_instance.instance",
            "module.iglu.module.iglu_db.google_sql_user.user",
            "module.iglu.module.iglu_db.random_id.db_name_suffix",
            "module.iglu.module.iglu_lb.google_compute_backend_service.lb_backend",
            "module.iglu.module.iglu_lb.google_compute_global_address.ip",
            "module.iglu.module.iglu_lb.google_compute_global_forwarding_rule.lb_http_forwarding_rule",
            "module.iglu.module.iglu_lb.google_compute_global_forwarding_rule.lb_https_forwarding_rule",
            "module.iglu.module.iglu_lb.google_compute_ssl_policy.lb_target_https_ssl_policy",
            "module.iglu.module.iglu_lb.google_compute_target_http_proxy.lb_target_http_proxy",
            "module.iglu.module.iglu_lb.google_compute_target_https_proxy.lb_target_https_proxy",
            "module.iglu.module.iglu_lb.google_compute_url_map.lb_url_map",
            "module.iglu.module.iglu_server.data.google_compute_image.ubuntu_20_04",
            "module.iglu.module.iglu_server.google_compute_firewall.egress",
            "module.iglu.module.iglu_server.google_compute_firewall.ingress",
            "module.iglu.module.iglu_server.google_compute_firewall.ingress_ssh",
            "module.iglu.module.iglu_server.google_compute_health_check.hc",
            "module.iglu.module.iglu_server.google_compute_instance_template.tpl",
            "module.iglu.module.iglu_server.google_compute_region_instance_group_manager.grp",
            "module.iglu.module.iglu_server.google_project_iam_member.sa_cloud_sql_client",
            "module.iglu.module.iglu_server.google_project_iam_member.sa_logging_log_writer",
            "module.iglu.module.iglu_server.google_service_account.sa",
            "module.iglu.module.iglu_server.module.telemetry.random_id.auto_generated_id",
            "module.iglu.module.iglu_server.module.telemetry.snowplow_track_self_describing_event.telemetry",
            "module.network.google_compute_network.vpc_network",
            "module.network.google_compute_router.router",
            "module.network.google_compute_router_nat.nat",
            "module.network.google_compute_subnetwork.private",
            "module.network.google_compute_subnetwork.public",
            "module.pipeline.module.enrich_pubsub.google_service_account.sa"
          ]
        }
      ]
    },
    {
      "module": "module.pipeline.module.enrich_pubsub",
      "mode": "managed",
      "type": "google_project_iam_member",
      "name": "sa_pubsub_publisher",
      "provider": "provider[\"registry.terraform.io/hashicorp/google\"]",
      "instances": [
        {
          "schema_version": 0,
          "attributes": {
            "condition": [],
            "etag": "BwX02PZHNIo=",
            "id": "spark-10-v5/roles/pubsub.publisher/serviceAccount:sp-enrich-server@spark-10-v5.iam.gserviceaccount.com",
            "member": "serviceAccount:sp-enrich-server@spark-10-v5.iam.gserviceaccount.com",
            "project": "spark-10-v5",
            "role": "roles/pubsub.publisher"
          },
          "sensitive_attributes": [],
          "private": "bnVsbA==",
          "dependencies": [
            "module.iglu.module.iglu_db.google_sql_database.db",
            "module.iglu.module.iglu_db.google_sql_database_instance.instance",
            "module.iglu.module.iglu_db.google_sql_user.user",
            "module.iglu.module.iglu_db.random_id.db_name_suffix",
            "module.iglu.module.iglu_lb.google_compute_backend_service.lb_backend",
            "module.iglu.module.iglu_lb.google_compute_global_address.ip",
            "module.iglu.module.iglu_lb.google_compute_global_forwarding_rule.lb_http_forwarding_rule",
            "module.iglu.module.iglu_lb.google_compute_global_forwarding_rule.lb_https_forwarding_rule",
            "module.iglu.module.iglu_lb.google_compute_ssl_policy.lb_target_https_ssl_policy",
            "module.iglu.module.iglu_lb.google_compute_target_http_proxy.lb_target_http_proxy",
            "module.iglu.module.iglu_lb.google_compute_target_https_proxy.lb_target_https_proxy",
            "module.iglu.module.iglu_lb.google_compute_url_map.lb_url_map",
            "module.iglu.module.iglu_server.data.google_compute_image.ubuntu_20_04",
            "module.iglu.module.iglu_server.google_compute_firewall.egress",
            "module.iglu.module.iglu_server.google_compute_firewall.ingress",
            "module.iglu.module.iglu_server.google_compute_firewall.ingress_ssh",
            "module.iglu.module.iglu_server.google_compute_health_check.hc",
            "module.iglu.module.iglu_server.google_compute_instance_template.tpl",
            "module.iglu.module.iglu_server.google_compute_region_instance_group_manager.grp",
            "module.iglu.module.iglu_server.google_project_iam_member.sa_cloud_sql_client",
            "module.iglu.module.iglu_server.google_project_iam_member.sa_logging_log_writer",
            "module.iglu.module.iglu_server.google_service_account.sa",
            "module.iglu.module.iglu_server.module.telemetry.random_id.auto_generated_id",
            "module.iglu.module.iglu_server.module.telemetry.snowplow_track_self_describing_event.telemetry",
            "module.network.google_compute_network.vpc_network",
            "module.network.google_compute_router.router",
            "module.network.google_compute_router_nat.nat",
            "module.network.google_compute_subnetwork.private",
            "module.network.google_compute_subnetwork.public",
            "module.pipeline.module.enrich_pubsub.google_service_account.sa"
          ]
        }
      ]
    },
    {
      "module": "module.pipeline.module.enrich_pubsub",
      "mode": "managed",
      "type": "google_project_iam_member",
      "name": "sa_pubsub_subscriber",
      "provider": "provider[\"registry.terraform.io/hashicorp/google\"]",
      "instances": [
        {
          "schema_version": 0,
          "attributes": {
            "condition": [],
            "etag": "BwX02PZHNIo=",
            "id": "spark-10-v5/roles/pubsub.subscriber/serviceAccount:sp-enrich-server@spark-10-v5.iam.gserviceaccount.com",
            "member": "serviceAccount:sp-enrich-server@spark-10-v5.iam.gserviceaccount.com",
            "project": "spark-10-v5",
            "role": "roles/pubsub.subscriber"
          },
          "sensitive_attributes": [],
          "private": "bnVsbA==",
          "dependencies": [
            "module.iglu.module.iglu_db.google_sql_database.db",
            "module.iglu.module.iglu_db.google_sql_database_instance.instance",
            "module.iglu.module.iglu_db.google_sql_user.user",
            "module.iglu.module.iglu_db.random_id.db_name_suffix",
            "module.iglu.module.iglu_lb.google_compute_backend_service.lb_backend",
            "module.iglu.module.iglu_lb.google_compute_global_address.ip",
            "module.iglu.module.iglu_lb.google_compute_global_forwarding_rule.lb_http_forwarding_rule",
            "module.iglu.module.iglu_lb.google_compute_global_forwarding_rule.lb_https_forwarding_rule",
            "module.iglu.module.iglu_lb.google_compute_ssl_policy.lb_target_https_ssl_policy",
            "module.iglu.module.iglu_lb.google_compute_target_http_proxy.lb_target_http_proxy",
            "module.iglu.module.iglu_lb.google_compute_target_https_proxy.lb_target_https_proxy",
            "module.iglu.module.iglu_lb.google_compute_url_map.lb_url_map",
            "module.iglu.module.iglu_server.data.google_compute_image.ubuntu_20_04",
            "module.iglu.module.iglu_server.google_compute_firewall.egress",
            "module.iglu.module.iglu_server.google_compute_firewall.ingress",
            "module.iglu.module.iglu_server.google_compute_firewall.ingress_ssh",
            "module.iglu.module.iglu_server.google_compute_health_check.hc",
            "module.iglu.module.iglu_server.google_compute_instance_template.tpl",
            "module.iglu.module.iglu_server.google_compute_region_instance_group_manager.grp",
            "module.iglu.module.iglu_server.google_project_iam_member.sa_cloud_sql_client",
            "module.iglu.module.iglu_server.google_project_iam_member.sa_logging_log_writer",
            "module.iglu.module.iglu_server.google_service_account.sa",
            "module.iglu.module.iglu_server.module.telemetry.random_id.auto_generated_id",
            "module.iglu.module.iglu_server.module.telemetry.snowplow_track_self_describing_event.telemetry",
            "module.network.google_compute_network.vpc_network",
            "module.network.google_compute_router.router",
            "module.network.google_compute_router_nat.nat",
            "module.network.google_compute_subnetwork.private",
            "module.network.google_compute_subnetwork.public",
            "module.pipeline.module.enrich_pubsub.google_service_account.sa"
          ]
        }
      ]
    },
    {
      "module": "module.pipeline.module.enrich_pubsub",
      "mode": "managed",
      "type": "google_project_iam_member",
      "name": "sa_pubsub_viewer",
      "provider": "provider[\"registry.terraform.io/hashicorp/google\"]",
      "instances": [
        {
          "schema_version": 0,
          "attributes": {
            "condition": [],
            "etag": "BwX02PZHNIo=",
            "id": "spark-10-v5/roles/pubsub.viewer/serviceAccount:sp-enrich-server@spark-10-v5.iam.gserviceaccount.com",
            "member": "serviceAccount:sp-enrich-server@spark-10-v5.iam.gserviceaccount.com",
            "project": "spark-10-v5",
            "role": "roles/pubsub.viewer"
          },
          "sensitive_attributes": [],
          "private": "bnVsbA==",
          "dependencies": [
            "module.iglu.module.iglu_db.google_sql_database.db",
            "module.iglu.module.iglu_db.google_sql_database_instance.instance",
            "module.iglu.module.iglu_db.google_sql_user.user",
            "module.iglu.module.iglu_db.random_id.db_name_suffix",
            "module.iglu.module.iglu_lb.google_compute_backend_service.lb_backend",
            "module.iglu.module.iglu_lb.google_compute_global_address.ip",
            "module.iglu.module.iglu_lb.google_compute_global_forwarding_rule.lb_http_forwarding_rule",
            "module.iglu.module.iglu_lb.google_compute_global_forwarding_rule.lb_https_forwarding_rule",
            "module.iglu.module.iglu_lb.google_compute_ssl_policy.lb_target_https_ssl_policy",
            "module.iglu.module.iglu_lb.google_compute_target_http_proxy.lb_target_http_proxy",
            "module.iglu.module.iglu_lb.google_compute_target_https_proxy.lb_target_https_proxy",
            "module.iglu.module.iglu_lb.google_compute_url_map.lb_url_map",
            "module.iglu.module.iglu_server.data.google_compute_image.ubuntu_20_04",
            "module.iglu.module.iglu_server.google_compute_firewall.egress",
            "module.iglu.module.iglu_server.google_compute_firewall.ingress",
            "module.iglu.module.iglu_server.google_compute_firewall.ingress_ssh",
            "module.iglu.module.iglu_server.google_compute_health_check.hc",
            "module.iglu.module.iglu_server.google_compute_instance_template.tpl",
            "module.iglu.module.iglu_server.google_compute_region_instance_group_manager.grp",
            "module.iglu.module.iglu_server.google_project_iam_member.sa_cloud_sql_client",
            "module.iglu.module.iglu_server.google_project_iam_member.sa_logging_log_writer",
            "module.iglu.module.iglu_server.google_service_account.sa",
            "module.iglu.module.iglu_server.module.telemetry.random_id.auto_generated_id",
            "module.iglu.module.iglu_server.module.telemetry.snowplow_track_self_describing_event.telemetry",
            "module.network.google_compute_network.vpc_network",
            "module.network.google_compute_router.router",
            "module.network.google_compute_router_nat.nat",
            "module.network.google_compute_subnetwork.private",
            "module.network.google_compute_subnetwork.public",
            "module.pipeline.module.enrich_pubsub.google_service_account.sa"
          ]
        }
      ]
    },
    {
      "module": "module.pipeline.module.enrich_pubsub",
      "mode": "managed",
      "type": "google_project_iam_member",
      "name": "sa_storage_object_viewer",
      "provider": "provider[\"registry.terraform.io/hashicorp/google\"]",
      "instances": [
        {
          "schema_version": 0,
          "attributes": {
            "condition": [],
            "etag": "BwX02PZHNIo=",
            "id": "spark-10-v5/roles/storage.objectViewer/serviceAccount:sp-enrich-server@spark-10-v5.iam.gserviceaccount.com",
            "member": "serviceAccount:sp-enrich-server@spark-10-v5.iam.gserviceaccount.com",
            "project": "spark-10-v5",
            "role": "roles/storage.objectViewer"
          },
          "sensitive_attributes": [],
          "private": "bnVsbA==",
          "dependencies": [
            "module.iglu.module.iglu_db.google_sql_database.db",
            "module.iglu.module.iglu_db.google_sql_database_instance.instance",
            "module.iglu.module.iglu_db.google_sql_user.user",
            "module.iglu.module.iglu_db.random_id.db_name_suffix",
            "module.iglu.module.iglu_lb.google_compute_backend_service.lb_backend",
            "module.iglu.module.iglu_lb.google_compute_global_address.ip",
            "module.iglu.module.iglu_lb.google_compute_global_forwarding_rule.lb_http_forwarding_rule",
            "module.iglu.module.iglu_lb.google_compute_global_forwarding_rule.lb_https_forwarding_rule",
            "module.iglu.module.iglu_lb.google_compute_ssl_policy.lb_target_https_ssl_policy",
            "module.iglu.module.iglu_lb.google_compute_target_http_proxy.lb_target_http_proxy",
            "module.iglu.module.iglu_lb.google_compute_target_https_proxy.lb_target_https_proxy",
            "module.iglu.module.iglu_lb.google_compute_url_map.lb_url_map",
            "module.iglu.module.iglu_server.data.google_compute_image.ubuntu_20_04",
            "module.iglu.module.iglu_server.google_compute_firewall.egress",
            "module.iglu.module.iglu_server.google_compute_firewall.ingress",
            "module.iglu.module.iglu_server.google_compute_firewall.ingress_ssh",
            "module.iglu.module.iglu_server.google_compute_health_check.hc",
            "module.iglu.module.iglu_server.google_compute_instance_template.tpl",
            "module.iglu.module.iglu_server.google_compute_region_instance_group_manager.grp",
            "module.iglu.module.iglu_server.google_project_iam_member.sa_cloud_sql_client",
            "module.iglu.module.iglu_server.google_project_iam_member.sa_logging_log_writer",
            "module.iglu.module.iglu_server.google_service_account.sa",
            "module.iglu.module.iglu_server.module.telemetry.random_id.auto_generated_id",
            "module.iglu.module.iglu_server.module.telemetry.snowplow_track_self_describing_event.telemetry",
            "module.network.google_compute_network.vpc_network",
            "module.network.google_compute_router.router",
            "module.network.google_compute_router_nat.nat",
            "module.network.google_compute_subnetwork.private",
            "module.network.google_compute_subnetwork.public",
            "module.pipeline.module.enrich_pubsub.google_service_account.sa"
          ]
        }
      ]
    },
    {
      "module": "module.pipeline.module.enrich_pubsub",
      "mode": "managed",
      "type": "google_pubsub_subscription",
      "name": "in",
      "provider": "provider[\"registry.terraform.io/hashicorp/google\"]",
      "instances": [
        {
          "schema_version": 0,
          "attributes": {
            "ack_deadline_seconds": 10,
            "dead_letter_policy": [],
            "enable_message_ordering": false,
            "expiration_policy": [
              {
                "ttl": ""
              }
            ],
            "filter": "",
            "id": "projects/spark-10-v5/subscriptions/sp-enrich-server",
            "labels": {
              "app_name": "enrich-pubsub",
              "app_version": "2-0-5",
              "module_name": "enrich-pubsub-ce",
              "module_version": "0-1-2",
              "name": "sp-enrich-server"
            },
            "message_retention_duration": "604800s",
            "name": "sp-enrich-server",
            "path": "projects/spark-10-v5/subscriptions/sp-enrich-server",
            "project": "spark-10-v5",
            "push_config": [],
            "retain_acked_messages": false,
            "retry_policy": [],
            "timeouts": null,
            "topic": "projects/spark-10-v5/topics/sp-raw-topic"
          },
          "sensitive_attributes": [],
          "private": "eyJlMmJmYjczMC1lY2FhLTExZTYtOGY4OC0zNDM2M2JjN2M0YzAiOnsiY3JlYXRlIjozNjAwMDAwMDAwMDAsImRlbGV0ZSI6MjQwMDAwMDAwMDAwLCJ1cGRhdGUiOjM2MDAwMDAwMDAwMH19",
          "dependencies": [
            "module.iglu.module.iglu_db.google_sql_database.db",
            "module.iglu.module.iglu_db.google_sql_database_instance.instance",
            "module.iglu.module.iglu_db.google_sql_user.user",
            "module.iglu.module.iglu_db.random_id.db_name_suffix",
            "module.iglu.module.iglu_lb.google_compute_backend_service.lb_backend",
            "module.iglu.module.iglu_lb.google_compute_global_address.ip",
            "module.iglu.module.iglu_lb.google_compute_global_forwarding_rule.lb_http_forwarding_rule",
            "module.iglu.module.iglu_lb.google_compute_global_forwarding_rule.lb_https_forwarding_rule",
            "module.iglu.module.iglu_lb.google_compute_ssl_policy.lb_target_https_ssl_policy",
            "module.iglu.module.iglu_lb.google_compute_target_http_proxy.lb_target_http_proxy",
            "module.iglu.module.iglu_lb.google_compute_target_https_proxy.lb_target_https_proxy",
            "module.iglu.module.iglu_lb.google_compute_url_map.lb_url_map",
            "module.iglu.module.iglu_server.data.google_compute_image.ubuntu_20_04",
            "module.iglu.module.iglu_server.google_compute_firewall.egress",
            "module.iglu.module.iglu_server.google_compute_firewall.ingress",
            "module.iglu.module.iglu_server.google_compute_firewall.ingress_ssh",
            "module.iglu.module.iglu_server.google_compute_health_check.hc",
            "module.iglu.module.iglu_server.google_compute_instance_template.tpl",
            "module.iglu.module.iglu_server.google_compute_region_instance_group_manager.grp",
            "module.iglu.module.iglu_server.google_project_iam_member.sa_cloud_sql_client",
            "module.iglu.module.iglu_server.google_project_iam_member.sa_logging_log_writer",
            "module.iglu.module.iglu_server.google_service_account.sa",
            "module.iglu.module.iglu_server.module.telemetry.random_id.auto_generated_id",
            "module.iglu.module.iglu_server.module.telemetry.snowplow_track_self_describing_event.telemetry",
            "module.network.google_compute_network.vpc_network",
            "module.network.google_compute_router.router",
            "module.network.google_compute_router_nat.nat",
            "module.network.google_compute_subnetwork.private",
            "module.network.google_compute_subnetwork.public",
            "module.pipeline.module.raw_topic.google_pubsub_topic.topic"
          ],
          "create_before_destroy": true
        }
      ]
    },
    {
      "module": "module.pipeline.module.enrich_pubsub",
      "mode": "managed",
      "type": "google_service_account",
      "name": "sa",
      "provider": "provider[\"registry.terraform.io/hashicorp/google\"]",
      "instances": [
        {
          "schema_version": 0,
          "attributes": {
            "account_id": "sp-enrich-server",
            "description": "",
            "disabled": false,
            "display_name": "Snowplow Enrich PubSub service account - sp-enrich-server",
            "email": "sp-enrich-server@spark-10-v5.iam.gserviceaccount.com",
            "id": "projects/spark-10-v5/serviceAccounts/sp-enrich-server@spark-10-v5.iam.gserviceaccount.com",
            "name": "projects/spark-10-v5/serviceAccounts/sp-enrich-server@spark-10-v5.iam.gserviceaccount.com",
            "project": "spark-10-v5",
            "timeouts": null,
            "unique_id": "103806182045951348970"
          },
          "sensitive_attributes": [],
          "private": "eyJlMmJmYjczMC1lY2FhLTExZTYtOGY4OC0zNDM2M2JjN2M0YzAiOnsiY3JlYXRlIjozMDAwMDAwMDAwMDB9fQ==",
          "dependencies": [
            "module.iglu.module.iglu_db.google_sql_database.db",
            "module.iglu.module.iglu_db.google_sql_database_instance.instance",
            "module.iglu.module.iglu_db.google_sql_user.user",
            "module.iglu.module.iglu_db.random_id.db_name_suffix",
            "module.iglu.module.iglu_lb.google_compute_backend_service.lb_backend",
            "module.iglu.module.iglu_lb.google_compute_global_address.ip",
            "module.iglu.module.iglu_lb.google_compute_global_forwarding_rule.lb_http_forwarding_rule",
            "module.iglu.module.iglu_lb.google_compute_global_forwarding_rule.lb_https_forwarding_rule",
            "module.iglu.module.iglu_lb.google_compute_ssl_policy.lb_target_https_ssl_policy",
            "module.iglu.module.iglu_lb.google_compute_target_http_proxy.lb_target_http_proxy",
            "module.iglu.module.iglu_lb.google_compute_target_https_proxy.lb_target_https_proxy",
            "module.iglu.module.iglu_lb.google_compute_url_map.lb_url_map",
            "module.iglu.module.iglu_server.data.google_compute_image.ubuntu_20_04",
            "module.iglu.module.iglu_server.google_compute_firewall.egress",
            "module.iglu.module.iglu_server.google_compute_firewall.ingress",
            "module.iglu.module.iglu_server.google_compute_firewall.ingress_ssh",
            "module.iglu.module.iglu_server.google_compute_health_check.hc",
            "module.iglu.module.iglu_server.google_compute_instance_template.tpl",
            "module.iglu.module.iglu_server.google_compute_region_instance_group_manager.grp",
            "module.iglu.module.iglu_server.google_project_iam_member.sa_cloud_sql_client",
            "module.iglu.module.iglu_server.google_project_iam_member.sa_logging_log_writer",
            "module.iglu.module.iglu_server.google_service_account.sa",
            "module.iglu.module.iglu_server.module.telemetry.random_id.auto_generated_id",
            "module.iglu.module.iglu_server.module.telemetry.snowplow_track_self_describing_event.telemetry",
            "module.network.google_compute_network.vpc_network",
            "module.network.google_compute_router.router",
            "module.network.google_compute_router_nat.nat",
            "module.network.google_compute_subnetwork.private",
            "module.network.google_compute_subnetwork.public"
          ],
          "create_before_destroy": true
        }
      ]
    },
    {
      "module": "module.pipeline.module.enriched_topic",
      "mode": "managed",
      "type": "google_pubsub_topic",
      "name": "topic",
      "provider": "provider[\"registry.terraform.io/hashicorp/google\"]",
      "instances": [
        {
          "schema_version": 0,
          "attributes": {
            "id": "projects/spark-10-v5/topics/sp-enriched-topic",
            "kms_key_name": "",
            "labels": {},
            "message_storage_policy": [],
            "name": "sp-enriched-topic",
            "project": "spark-10-v5",
            "schema_settings": [],
            "timeouts": null
          },
          "sensitive_attributes": [],
          "private": "eyJlMmJmYjczMC1lY2FhLTExZTYtOGY4OC0zNDM2M2JjN2M0YzAiOnsiY3JlYXRlIjozNjAwMDAwMDAwMDAsImRlbGV0ZSI6MjQwMDAwMDAwMDAwLCJ1cGRhdGUiOjM2MDAwMDAwMDAwMH19",
          "dependencies": [
            "module.iglu.module.iglu_db.google_sql_database.db",
            "module.iglu.module.iglu_db.google_sql_database_instance.instance",
            "module.iglu.module.iglu_db.google_sql_user.user",
            "module.iglu.module.iglu_db.random_id.db_name_suffix",
            "module.iglu.module.iglu_lb.google_compute_backend_service.lb_backend",
            "module.iglu.module.iglu_lb.google_compute_global_address.ip",
            "module.iglu.module.iglu_lb.google_compute_global_forwarding_rule.lb_http_forwarding_rule",
            "module.iglu.module.iglu_lb.google_compute_global_forwarding_rule.lb_https_forwarding_rule",
            "module.iglu.module.iglu_lb.google_compute_ssl_policy.lb_target_https_ssl_policy",
            "module.iglu.module.iglu_lb.google_compute_target_http_proxy.lb_target_http_proxy",
            "module.iglu.module.iglu_lb.google_compute_target_https_proxy.lb_target_https_proxy",
            "module.iglu.module.iglu_lb.google_compute_url_map.lb_url_map",
            "module.iglu.module.iglu_server.data.google_compute_image.ubuntu_20_04",
            "module.iglu.module.iglu_server.google_compute_firewall.egress",
            "module.iglu.module.iglu_server.google_compute_firewall.ingress",
            "module.iglu.module.iglu_server.google_compute_firewall.ingress_ssh",
            "module.iglu.module.iglu_server.google_compute_health_check.hc",
            "module.iglu.module.iglu_server.google_compute_instance_template.tpl",
            "module.iglu.module.iglu_server.google_compute_region_instance_group_manager.grp",
            "module.iglu.module.iglu_server.google_project_iam_member.sa_cloud_sql_client",
            "module.iglu.module.iglu_server.google_project_iam_member.sa_logging_log_writer",
            "module.iglu.module.iglu_server.google_service_account.sa",
            "module.iglu.module.iglu_server.module.telemetry.random_id.auto_generated_id",
            "module.iglu.module.iglu_server.module.telemetry.snowplow_track_self_describing_event.telemetry",
            "module.network.google_compute_network.vpc_network",
            "module.network.google_compute_router.router",
            "module.network.google_compute_router_nat.nat",
            "module.network.google_compute_subnetwork.private",
            "module.network.google_compute_subnetwork.public"
          ],
          "create_before_destroy": true
        }
      ]
    },
    {
      "module": "module.pipeline.module.raw_topic",
      "mode": "managed",
      "type": "google_pubsub_topic",
      "name": "topic",
      "provider": "provider[\"registry.terraform.io/hashicorp/google\"]",
      "instances": [
        {
          "schema_version": 0,
          "attributes": {
            "id": "projects/spark-10-v5/topics/sp-raw-topic",
            "kms_key_name": "",
            "labels": {},
            "message_storage_policy": [],
            "name": "sp-raw-topic",
            "project": "spark-10-v5",
            "schema_settings": [],
            "timeouts": null
          },
          "sensitive_attributes": [],
          "private": "eyJlMmJmYjczMC1lY2FhLTExZTYtOGY4OC0zNDM2M2JjN2M0YzAiOnsiY3JlYXRlIjozNjAwMDAwMDAwMDAsImRlbGV0ZSI6MjQwMDAwMDAwMDAwLCJ1cGRhdGUiOjM2MDAwMDAwMDAwMH19",
          "dependencies": [
            "module.iglu.module.iglu_db.google_sql_database.db",
            "module.iglu.module.iglu_db.google_sql_database_instance.instance",
            "module.iglu.module.iglu_db.google_sql_user.user",
            "module.iglu.module.iglu_db.random_id.db_name_suffix",
            "module.iglu.module.iglu_lb.google_compute_backend_service.lb_backend",
            "module.iglu.module.iglu_lb.google_compute_global_address.ip",
            "module.iglu.module.iglu_lb.google_compute_global_forwarding_rule.lb_http_forwarding_rule",
            "module.iglu.module.iglu_lb.google_compute_global_forwarding_rule.lb_https_forwarding_rule",
            "module.iglu.module.iglu_lb.google_compute_ssl_policy.lb_target_https_ssl_policy",
            "module.iglu.module.iglu_lb.google_compute_target_http_proxy.lb_target_http_proxy",
            "module.iglu.module.iglu_lb.google_compute_target_https_proxy.lb_target_https_proxy",
            "module.iglu.module.iglu_lb.google_compute_url_map.lb_url_map",
            "module.iglu.module.iglu_server.data.google_compute_image.ubuntu_20_04",
            "module.iglu.module.iglu_server.google_compute_firewall.egress",
            "module.iglu.module.iglu_server.google_compute_firewall.ingress",
            "module.iglu.module.iglu_server.google_compute_firewall.ingress_ssh",
            "module.iglu.module.iglu_server.google_compute_health_check.hc",
            "module.iglu.module.iglu_server.google_compute_instance_template.tpl",
            "module.iglu.module.iglu_server.google_compute_region_instance_group_manager.grp",
            "module.iglu.module.iglu_server.google_project_iam_member.sa_cloud_sql_client",
            "module.iglu.module.iglu_server.google_project_iam_member.sa_logging_log_writer",
            "module.iglu.module.iglu_server.google_service_account.sa",
            "module.iglu.module.iglu_server.module.telemetry.random_id.auto_generated_id",
            "module.iglu.module.iglu_server.module.telemetry.snowplow_track_self_describing_event.telemetry",
            "module.network.google_compute_network.vpc_network",
            "module.network.google_compute_router.router",
            "module.network.google_compute_router_nat.nat",
            "module.network.google_compute_subnetwork.private",
            "module.network.google_compute_subnetwork.public"
          ],
          "create_before_destroy": true
        }
      ]
    }
  ],
  "check_results": null
}
